PODS:
  - Alamofire (5.4.0)
  - DBDebugToolkit (0.6.0)
  - Firebase/Auth (7.0.0):
    - Firebase/CoreOnly
    - FirebaseAuth (~> 7.0.0)
  - Firebase/CoreOnly (7.0.0):
    - FirebaseCore (= 7.0.0)
  - Firebase/Functions (7.0.0):
    - Firebase/CoreOnly
    - FirebaseFunctions (~> 7.0.0)
  - Firebase/Messaging (7.0.0):
    - Firebase/CoreOnly
    - FirebaseMessaging (~> 7.0.0)
  - Firebase/RemoteConfig (7.0.0):
    - Firebase/CoreOnly
    - FirebaseRemoteConfig (~> 7.0.0)
  - FirebaseABTesting (7.0.0):
    - FirebaseCore (~> 7.0)
  - FirebaseAuth (7.0.0):
    - FirebaseCore (~> 7.0)
    - GoogleUtilities/AppDelegateSwizzler (~> 7.0)
    - GoogleUtilities/Environment (~> 7.0)
    - GTMSessionFetcher/Core (~> 1.4)
  - FirebaseCore (7.0.0):
    - FirebaseCoreDiagnostics (~> 7.0)
    - GoogleUtilities/Environment (~> 7.0)
    - GoogleUtilities/Logger (~> 7.0)
  - FirebaseCoreDiagnostics (7.0.0):
    - GoogleDataTransport (~> 8.0)
    - GoogleUtilities/Environment (~> 7.0)
    - GoogleUtilities/Logger (~> 7.0)
    - nanopb (~> 2.30906.0)
  - FirebaseFunctions (7.0.0):
    - FirebaseCore (~> 7.0)
    - GTMSessionFetcher/Core (~> 1.4)
  - FirebaseInstallations (7.0.0):
    - FirebaseCore (~> 7.0)
    - GoogleUtilities/Environment (~> 7.0)
    - GoogleUtilities/UserDefaults (~> 7.0)
    - PromisesObjC (~> 1.2)
  - FirebaseInstanceID (7.0.0):
    - FirebaseCore (~> 7.0)
    - FirebaseInstallations (~> 7.0)
    - GoogleUtilities/Environment (~> 7.0)
    - GoogleUtilities/UserDefaults (~> 7.0)
  - FirebaseMessaging (7.0.0):
    - FirebaseCore (~> 7.0)
    - FirebaseInstanceID (~> 7.0)
    - GoogleUtilities/AppDelegateSwizzler (~> 7.0)
    - GoogleUtilities/Environment (~> 7.0)
    - GoogleUtilities/Reachability (~> 7.0)
    - GoogleUtilities/UserDefaults (~> 7.0)
  - FirebaseRemoteConfig (7.0.0):
    - FirebaseABTesting (~> 7.0)
    - FirebaseCore (~> 7.0)
    - FirebaseInstallations (~> 7.0)
    - GoogleUtilities/Environment (~> 7.0)
    - "GoogleUtilities/NSData+zlib (~> 7.0)"
  - GoogleDataTransport (8.0.0):
    - nanopb (~> 2.30906.0)
  - GoogleUtilities/AppDelegateSwizzler (7.0.0):
    - GoogleUtilities/Environment
    - GoogleUtilities/Logger
    - GoogleUtilities/Network
  - GoogleUtilities/Environment (7.0.0):
    - PromisesObjC (~> 1.2)
  - GoogleUtilities/Logger (7.0.0):
    - GoogleUtilities/Environment
  - GoogleUtilities/Network (7.0.0):
    - GoogleUtilities/Logger
    - "GoogleUtilities/NSData+zlib"
    - GoogleUtilities/Reachability
  - "GoogleUtilities/NSData+zlib (7.0.0)"
  - GoogleUtilities/Reachability (7.0.0):
    - GoogleUtilities/Logger
  - GoogleUtilities/UserDefaults (7.0.0):
    - GoogleUtilities/Logger
  - GTMSessionFetcher/Core (1.5.0)
  - KeychainAccess (4.2.1)
  - Moya (14.0.0):
    - Moya/Core (= 14.0.0)
  - Moya/Core (14.0.0):
    - Alamofire (~> 5.0)
  - nanopb (2.30906.0):
    - nanopb/decode (= 2.30906.0)
    - nanopb/encode (= 2.30906.0)
  - nanopb/decode (2.30906.0)
  - nanopb/encode (2.30906.0)
  - PromiseKit (6.13.1):
    - PromiseKit/CorePromise (= 6.13.1)
    - PromiseKit/Foundation (= 6.13.1)
    - PromiseKit/UIKit (= 6.13.1)
  - PromiseKit/CorePromise (6.13.1)
  - PromiseKit/Foundation (6.13.1):
    - PromiseKit/CorePromise
  - PromiseKit/UIKit (6.13.1):
    - PromiseKit/CorePromise
  - PromisesObjC (1.2.11)
  - Realm (5.0.3):
    - Realm/Headers (= 5.0.3)
  - Realm/Headers (5.0.3)
  - RealmSwift (5.0.3):
    - Realm (= 5.0.3)
  - Siren (5.4.5)
  - SnapKit (5.0.1)
  - TrustKit (1.6.5)
  - ZIPFoundation (0.9.11)

DEPENDENCIES:
  - DBDebugToolkit
  - Firebase/Auth
  - Firebase/Functions
  - Firebase/Messaging
  - Firebase/RemoteConfig
  - KeychainAccess (~> 4.2.0)
  - Moya (~> 14.0)
  - PromiseKit (~> 6.8)
  - RealmSwift (~> 5.0.0)
  - Siren (~> 5.4.0)
  - SnapKit (= 5.0.1)
  - TrustKit (~> 1.6.5)
  - ZIPFoundation (~> 0.9)

SPEC REPOS:
  trunk:
    - Alamofire
    - DBDebugToolkit
    - Firebase
    - FirebaseABTesting
    - FirebaseAuth
    - FirebaseCore
    - FirebaseCoreDiagnostics
    - FirebaseFunctions
    - FirebaseInstallations
    - FirebaseInstanceID
    - FirebaseMessaging
    - FirebaseRemoteConfig
    - GoogleDataTransport
    - GoogleUtilities
    - GTMSessionFetcher
    - KeychainAccess
    - Moya
    - nanopb
    - PromiseKit
    - PromisesObjC
    - Realm
    - RealmSwift
    - Siren
    - SnapKit
    - TrustKit
    - ZIPFoundation

SPEC CHECKSUMS:
  Alamofire: 3b6a534a3df22db367e4dedeeca73d1ddfcf0e2f
  DBDebugToolkit: 03eb3483da4daf03b853b83ade5a8da9c8b7aff4
  Firebase: 50be68416f50eb4eb2ecb0e78acab9a051ef95df
  FirebaseABTesting: b78ae653b7658b8f1c076eaa21029c936d58f758
  FirebaseAuth: 228dd0faa5b5263eaa8c63518b16faef438289a3
  FirebaseCore: cf3122185fce1cf71cedbbc498ea84d2b3e7cb69
  FirebaseCoreDiagnostics: 5f4aa04fdb04923693cc704c7ef9158bdf41a48b
  FirebaseFunctions: 571aee227a021debe3e1092aa079f751623e233a
  FirebaseInstallations: c28d4bcbb5c6884d1a39afbc0bd7fc590e31e9b7
  FirebaseInstanceID: c03b49743725092f7eb9d4b96ff40efadd830426
  FirebaseMessaging: ecf9e04716b7ff1f1d92debab4d6f0e6bdb490aa
  FirebaseRemoteConfig: ff8d3542cbd919c9d3851fd544690b8848fc0402
  GoogleDataTransport: 6ce8004a961db1b905740d7be106c61ba7e89c21
  GoogleUtilities: ffb2f4159f2c897c6e8992bd7fbcdef8a300589c
  GTMSessionFetcher: b3503b20a988c4e20cc189aa798fd18220133f52
  KeychainAccess: 9b07f665298d13c3a85881bd3171f6f49b8151c1
  Moya: 5b45dacb75adb009f97fde91c204c1e565d31916
  nanopb: 1bf24dd71191072e120b83dd02d08f3da0d65e53
  PromiseKit: 28fda91c973cc377875d8c0ea4f973013c05b6db
  PromisesObjC: 8c196f5a328c2cba3e74624585467a557dcb482f
  Realm: bfca1699b61b0b17c3a69ae0e648314eae91fbdb
  RealmSwift: 493c9f089cd3893b3959007973c0e4f640906ba0
  Siren: 4c6f4863ea5b7f2d0e58b576663fefd8f6ef417f
  SnapKit: 97b92857e3df3a0c71833cce143274bf6ef8e5eb
  TrustKit: 073855e3adecd317417bda4ac9e9ac54a2e3b9f2
  ZIPFoundation: b1f0de4eed33e74a676f76e12559ab6b75990197

PODFILE CHECKSUM: a6a1ed03c5c3b533396e7e750375e4e80d12b86d

COCOAPODS: 1.9.3
