// !$*UTF8*$!
{
	archiveVersion = 1;
	classes = {
	};
	objectVersion = 51;
	objects = {

/* Begin PBXBuildFile section */
		209D6B1DF074EC45C4D9D724 /* Pods_safesafe_Dev.framework in Frameworks */ = {isa = PBXBuildFile; fileRef = 5E5CDA5BE528850841C6C038 /* Pods_safesafe_Dev.framework */; };
		6A3F929EE8F256BE3AA8CBB9 /* (null) in Frameworks */ = {isa = PBXBuildFile; };
		824DCE1A24483FF800C1EADC /* URLConstants.swift in Sources */ = {isa = PBXBuildFile; fileRef = D5B207CA244838EA0083FCEC /* URLConstants.swift */; };
		824DCE1B2448400B00C1EADC /* JSBridge.swift in Sources */ = {isa = PBXBuildFile; fileRef = D5B207C4244822280083FCEC /* JSBridge.swift */; };
		82ED892F2448431500305D4B /* NotificationManager.swift in Sources */ = {isa = PBXBuildFile; fileRef = 82ED892E2448431500305D4B /* NotificationManager.swift */; };
		82ED89302448431500305D4B /* NotificationManager.swift in Sources */ = {isa = PBXBuildFile; fileRef = 82ED892E2448431500305D4B /* NotificationManager.swift */; };
		8AB0358181DDE47E58657DF3 /* Pods_safesafe_Live.framework in Frameworks */ = {isa = PBXBuildFile; fileRef = C575CBBE4321563CBB7712E1 /* Pods_safesafe_Live.framework */; };
		9DD136552452193900A9AC2F /* BluetraceManager+CurrentState.swift in Sources */ = {isa = PBXBuildFile; fileRef = 9DD136542452193900A9AC2F /* BluetraceManager+CurrentState.swift */; };
		9DD13656245219A100A9AC2F /* BluetraceManager+CurrentState.swift in Sources */ = {isa = PBXBuildFile; fileRef = 9DD136542452193900A9AC2F /* BluetraceManager+CurrentState.swift */; };
		9DD13657245219AA00A9AC2F /* BluetraceManager+CurrentState.swift in Sources */ = {isa = PBXBuildFile; fileRef = 9DD136542452193900A9AC2F /* BluetraceManager+CurrentState.swift */; };
		C58678B6ADE10D3C41590CEB /* Pods_safesafe_Stage.framework in Frameworks */ = {isa = PBXBuildFile; fileRef = 79F13885626319B40E92CBCF /* Pods_safesafe_Stage.framework */; };
		D5308638243EF86E00FCA5DD /* AppDelegate.swift in Sources */ = {isa = PBXBuildFile; fileRef = D5308637243EF86E00FCA5DD /* AppDelegate.swift */; };
		D530863A243EF86E00FCA5DD /* SceneDelegate.swift in Sources */ = {isa = PBXBuildFile; fileRef = D5308639243EF86E00FCA5DD /* SceneDelegate.swift */; };
		D5308644243EF87000FCA5DD /* LaunchScreen.storyboard in Resources */ = {isa = PBXBuildFile; fileRef = D5308642243EF87000FCA5DD /* LaunchScreen.storyboard */; };
		D530864D243EF8B600FCA5DD /* PollCoordinator.swift in Sources */ = {isa = PBXBuildFile; fileRef = D530864C243EF8B600FCA5DD /* PollCoordinator.swift */; };
		D530864F243EF8BF00FCA5DD /* PollViewController.swift in Sources */ = {isa = PBXBuildFile; fileRef = D530864E243EF8BF00FCA5DD /* PollViewController.swift */; };
		D5308651243EF8C900FCA5DD /* PollViewModel.swift in Sources */ = {isa = PBXBuildFile; fileRef = D5308650243EF8C900FCA5DD /* PollViewModel.swift */; };
		D5308655243EF92D00FCA5DD /* ViewModelType.swift in Sources */ = {isa = PBXBuildFile; fileRef = D5308654243EF92D00FCA5DD /* ViewModelType.swift */; };
		D5308657243EF94C00FCA5DD /* ViewControllerType.swift in Sources */ = {isa = PBXBuildFile; fileRef = D5308656243EF94C00FCA5DD /* ViewControllerType.swift */; };
		D5308659243EF99500FCA5DD /* CoordinatorType.swift in Sources */ = {isa = PBXBuildFile; fileRef = D5308658243EF99500FCA5DD /* CoordinatorType.swift */; };
		D530865C243EFB3200FCA5DD /* ViewController.swift in Sources */ = {isa = PBXBuildFile; fileRef = D530865B243EFB3200FCA5DD /* ViewController.swift */; };
		D5308661243F00F300FCA5DD /* AppCoordinator.swift in Sources */ = {isa = PBXBuildFile; fileRef = D5308660243F00F300FCA5DD /* AppCoordinator.swift */; };
		D5308664243F03DF00FCA5DD /* AppManager.swift in Sources */ = {isa = PBXBuildFile; fileRef = D5308663243F03DF00FCA5DD /* AppManager.swift */; };
		D5308666243F048C00FCA5DD /* StoredDefaults.swift in Sources */ = {isa = PBXBuildFile; fileRef = D5308665243F048C00FCA5DD /* StoredDefaults.swift */; };
		D530866A243F0FB600FCA5DD /* PWAViewController.swift in Sources */ = {isa = PBXBuildFile; fileRef = D5308669243F0FB600FCA5DD /* PWAViewController.swift */; };
		D530866C243F0FBF00FCA5DD /* PWAViewModel.swift in Sources */ = {isa = PBXBuildFile; fileRef = D530866B243F0FBF00FCA5DD /* PWAViewModel.swift */; };
		D534838C2451DEDB0019C577 /* OpentraceToggleResponse.swift in Sources */ = {isa = PBXBuildFile; fileRef = D534838B2451DEDB0019C577 /* OpentraceToggleResponse.swift */; };
		D534838D2451DEDB0019C577 /* OpentraceToggleResponse.swift in Sources */ = {isa = PBXBuildFile; fileRef = D534838B2451DEDB0019C577 /* OpentraceToggleResponse.swift */; };
		D534838E2451DEDB0019C577 /* OpentraceToggleResponse.swift in Sources */ = {isa = PBXBuildFile; fileRef = D534838B2451DEDB0019C577 /* OpentraceToggleResponse.swift */; };
		D53483902451DF250019C577 /* String+json.swift in Sources */ = {isa = PBXBuildFile; fileRef = D534838F2451DF250019C577 /* String+json.swift */; };
		D53483912451DF250019C577 /* String+json.swift in Sources */ = {isa = PBXBuildFile; fileRef = D534838F2451DF250019C577 /* String+json.swift */; };
		D53483922451DF250019C577 /* String+json.swift in Sources */ = {isa = PBXBuildFile; fileRef = D534838F2451DF250019C577 /* String+json.swift */; };
		D53483952451E37C0019C577 /* AppStatusManager.swift in Sources */ = {isa = PBXBuildFile; fileRef = D53483932451E37C0019C577 /* AppStatusManager.swift */; };
		D53483962451E37C0019C577 /* AppStatusManager.swift in Sources */ = {isa = PBXBuildFile; fileRef = D53483932451E37C0019C577 /* AppStatusManager.swift */; };
		D53483972451E37C0019C577 /* AppStatusManager.swift in Sources */ = {isa = PBXBuildFile; fileRef = D53483932451E37C0019C577 /* AppStatusManager.swift */; };
		D53483982451E37C0019C577 /* AppStatus.swift in Sources */ = {isa = PBXBuildFile; fileRef = D53483942451E37C0019C577 /* AppStatus.swift */; };
		D53483992451E37C0019C577 /* AppStatus.swift in Sources */ = {isa = PBXBuildFile; fileRef = D53483942451E37C0019C577 /* AppStatus.swift */; };
		D534839A2451E37C0019C577 /* AppStatus.swift in Sources */ = {isa = PBXBuildFile; fileRef = D53483942451E37C0019C577 /* AppStatus.swift */; };
		D534839D2451E3D70019C577 /* InternalError.swift in Sources */ = {isa = PBXBuildFile; fileRef = D534839C2451E3D70019C577 /* InternalError.swift */; };
		D534839E2451E3D70019C577 /* InternalError.swift in Sources */ = {isa = PBXBuildFile; fileRef = D534839C2451E3D70019C577 /* InternalError.swift */; };
		D534839F2451E3D70019C577 /* InternalError.swift in Sources */ = {isa = PBXBuildFile; fileRef = D534839C2451E3D70019C577 /* InternalError.swift */; };
		D54971502451C6D1009F0AF1 /* PushNotificationConstants.swift in Sources */ = {isa = PBXBuildFile; fileRef = D549714F2451C6D1009F0AF1 /* PushNotificationConstants.swift */; };
		D54971512451C6D1009F0AF1 /* PushNotificationConstants.swift in Sources */ = {isa = PBXBuildFile; fileRef = D549714F2451C6D1009F0AF1 /* PushNotificationConstants.swift */; };
		D54971522451C6D1009F0AF1 /* PushNotificationConstants.swift in Sources */ = {isa = PBXBuildFile; fileRef = D549714F2451C6D1009F0AF1 /* PushNotificationConstants.swift */; };
		D54971562451C6F1009F0AF1 /* PlistHelper.swift in Sources */ = {isa = PBXBuildFile; fileRef = D54971532451C6F1009F0AF1 /* PlistHelper.swift */; };
		D54971572451C6F1009F0AF1 /* PlistHelper.swift in Sources */ = {isa = PBXBuildFile; fileRef = D54971532451C6F1009F0AF1 /* PlistHelper.swift */; };
		D54971582451C6F1009F0AF1 /* PlistHelper.swift in Sources */ = {isa = PBXBuildFile; fileRef = D54971532451C6F1009F0AF1 /* PlistHelper.swift */; };
		D54971592451C6F1009F0AF1 /* FirebaseAPIs.swift in Sources */ = {isa = PBXBuildFile; fileRef = D54971542451C6F1009F0AF1 /* FirebaseAPIs.swift */; };
		D549715A2451C6F1009F0AF1 /* FirebaseAPIs.swift in Sources */ = {isa = PBXBuildFile; fileRef = D54971542451C6F1009F0AF1 /* FirebaseAPIs.swift */; };
		D549715B2451C6F1009F0AF1 /* FirebaseAPIs.swift in Sources */ = {isa = PBXBuildFile; fileRef = D54971542451C6F1009F0AF1 /* FirebaseAPIs.swift */; };
		D54971672451C705009F0AF1 /* CentralController.swift in Sources */ = {isa = PBXBuildFile; fileRef = D549715F2451C705009F0AF1 /* CentralController.swift */; };
		D54971682451C705009F0AF1 /* CentralController.swift in Sources */ = {isa = PBXBuildFile; fileRef = D549715F2451C705009F0AF1 /* CentralController.swift */; };
		D54971692451C705009F0AF1 /* CentralController.swift in Sources */ = {isa = PBXBuildFile; fileRef = D549715F2451C705009F0AF1 /* CentralController.swift */; };
		D549716A2451C705009F0AF1 /* BlueTraceLocalNotifications.swift in Sources */ = {isa = PBXBuildFile; fileRef = D54971602451C705009F0AF1 /* BlueTraceLocalNotifications.swift */; };
		D549716B2451C705009F0AF1 /* BlueTraceLocalNotifications.swift in Sources */ = {isa = PBXBuildFile; fileRef = D54971602451C705009F0AF1 /* BlueTraceLocalNotifications.swift */; };
		D549716C2451C705009F0AF1 /* BlueTraceLocalNotifications.swift in Sources */ = {isa = PBXBuildFile; fileRef = D54971602451C705009F0AF1 /* BlueTraceLocalNotifications.swift */; };
		D549716D2451C705009F0AF1 /* BluetraceManager.swift in Sources */ = {isa = PBXBuildFile; fileRef = D54971612451C705009F0AF1 /* BluetraceManager.swift */; };
		D549716E2451C705009F0AF1 /* BluetraceManager.swift in Sources */ = {isa = PBXBuildFile; fileRef = D54971612451C705009F0AF1 /* BluetraceManager.swift */; };
		D549716F2451C705009F0AF1 /* BluetraceManager.swift in Sources */ = {isa = PBXBuildFile; fileRef = D54971612451C705009F0AF1 /* BluetraceManager.swift */; };
		D54971702451C705009F0AF1 /* PeripheralController.swift in Sources */ = {isa = PBXBuildFile; fileRef = D54971622451C705009F0AF1 /* PeripheralController.swift */; };
		D54971712451C705009F0AF1 /* PeripheralController.swift in Sources */ = {isa = PBXBuildFile; fileRef = D54971622451C705009F0AF1 /* PeripheralController.swift */; };
		D54971722451C705009F0AF1 /* PeripheralController.swift in Sources */ = {isa = PBXBuildFile; fileRef = D54971622451C705009F0AF1 /* PeripheralController.swift */; };
		D54971732451C705009F0AF1 /* BluetraceUtils.swift in Sources */ = {isa = PBXBuildFile; fileRef = D54971632451C705009F0AF1 /* BluetraceUtils.swift */; };
		D54971742451C705009F0AF1 /* BluetraceUtils.swift in Sources */ = {isa = PBXBuildFile; fileRef = D54971632451C705009F0AF1 /* BluetraceUtils.swift */; };
		D54971752451C705009F0AF1 /* BluetraceUtils.swift in Sources */ = {isa = PBXBuildFile; fileRef = D54971632451C705009F0AF1 /* BluetraceUtils.swift */; };
		D54971762451C705009F0AF1 /* DeviceInfo.swift in Sources */ = {isa = PBXBuildFile; fileRef = D54971642451C705009F0AF1 /* DeviceInfo.swift */; };
		D54971772451C705009F0AF1 /* DeviceInfo.swift in Sources */ = {isa = PBXBuildFile; fileRef = D54971642451C705009F0AF1 /* DeviceInfo.swift */; };
		D54971782451C705009F0AF1 /* DeviceInfo.swift in Sources */ = {isa = PBXBuildFile; fileRef = D54971642451C705009F0AF1 /* DeviceInfo.swift */; };
		D54971792451C705009F0AF1 /* BluetraceConfig.swift in Sources */ = {isa = PBXBuildFile; fileRef = D54971652451C705009F0AF1 /* BluetraceConfig.swift */; };
		D549717A2451C705009F0AF1 /* BluetraceConfig.swift in Sources */ = {isa = PBXBuildFile; fileRef = D54971652451C705009F0AF1 /* BluetraceConfig.swift */; };
		D549717B2451C705009F0AF1 /* BluetraceConfig.swift in Sources */ = {isa = PBXBuildFile; fileRef = D54971652451C705009F0AF1 /* BluetraceConfig.swift */; };
		D549717C2451C705009F0AF1 /* EncounterMessageManager.swift in Sources */ = {isa = PBXBuildFile; fileRef = D54971662451C705009F0AF1 /* EncounterMessageManager.swift */; };
		D549717D2451C705009F0AF1 /* EncounterMessageManager.swift in Sources */ = {isa = PBXBuildFile; fileRef = D54971662451C705009F0AF1 /* EncounterMessageManager.swift */; };
		D549717E2451C705009F0AF1 /* EncounterMessageManager.swift in Sources */ = {isa = PBXBuildFile; fileRef = D54971662451C705009F0AF1 /* EncounterMessageManager.swift */; };
		D54971872451C727009F0AF1 /* tracer.xcdatamodeld in Sources */ = {isa = PBXBuildFile; fileRef = D54971822451C727009F0AF1 /* tracer.xcdatamodeld */; };
		D54971882451C727009F0AF1 /* tracer.xcdatamodeld in Sources */ = {isa = PBXBuildFile; fileRef = D54971822451C727009F0AF1 /* tracer.xcdatamodeld */; };
		D54971892451C727009F0AF1 /* tracer.xcdatamodeld in Sources */ = {isa = PBXBuildFile; fileRef = D54971822451C727009F0AF1 /* tracer.xcdatamodeld */; };
		D549718A2451C727009F0AF1 /* Encounter+CoreDataClass.swift in Sources */ = {isa = PBXBuildFile; fileRef = D54971842451C727009F0AF1 /* Encounter+CoreDataClass.swift */; };
		D549718B2451C727009F0AF1 /* Encounter+CoreDataClass.swift in Sources */ = {isa = PBXBuildFile; fileRef = D54971842451C727009F0AF1 /* Encounter+CoreDataClass.swift */; };
		D549718C2451C727009F0AF1 /* Encounter+CoreDataClass.swift in Sources */ = {isa = PBXBuildFile; fileRef = D54971842451C727009F0AF1 /* Encounter+CoreDataClass.swift */; };
		D549718D2451C727009F0AF1 /* Encounter+Event.swift in Sources */ = {isa = PBXBuildFile; fileRef = D54971852451C727009F0AF1 /* Encounter+Event.swift */; };
		D549718E2451C727009F0AF1 /* Encounter+Event.swift in Sources */ = {isa = PBXBuildFile; fileRef = D54971852451C727009F0AF1 /* Encounter+Event.swift */; };
		D549718F2451C727009F0AF1 /* Encounter+Event.swift in Sources */ = {isa = PBXBuildFile; fileRef = D54971852451C727009F0AF1 /* Encounter+Event.swift */; };
		D54971902451C727009F0AF1 /* Encounter+CoreDataProperties.swift in Sources */ = {isa = PBXBuildFile; fileRef = D54971862451C727009F0AF1 /* Encounter+CoreDataProperties.swift */; };
		D54971912451C727009F0AF1 /* Encounter+CoreDataProperties.swift in Sources */ = {isa = PBXBuildFile; fileRef = D54971862451C727009F0AF1 /* Encounter+CoreDataProperties.swift */; };
		D54971922451C727009F0AF1 /* Encounter+CoreDataProperties.swift in Sources */ = {isa = PBXBuildFile; fileRef = D54971862451C727009F0AF1 /* Encounter+CoreDataProperties.swift */; };
		D54971942451C736009F0AF1 /* BluetraceV2.swift in Sources */ = {isa = PBXBuildFile; fileRef = D54971932451C736009F0AF1 /* BluetraceV2.swift */; };
		D54971952451C736009F0AF1 /* BluetraceV2.swift in Sources */ = {isa = PBXBuildFile; fileRef = D54971932451C736009F0AF1 /* BluetraceV2.swift */; };
		D54971962451C736009F0AF1 /* BluetraceV2.swift in Sources */ = {isa = PBXBuildFile; fileRef = D54971932451C736009F0AF1 /* BluetraceV2.swift */; };
		D54971992451C73D009F0AF1 /* Bluetrace.swift in Sources */ = {isa = PBXBuildFile; fileRef = D54971972451C73D009F0AF1 /* Bluetrace.swift */; };
		D549719A2451C73D009F0AF1 /* Bluetrace.swift in Sources */ = {isa = PBXBuildFile; fileRef = D54971972451C73D009F0AF1 /* Bluetrace.swift */; };
		D549719B2451C73D009F0AF1 /* Bluetrace.swift in Sources */ = {isa = PBXBuildFile; fileRef = D54971972451C73D009F0AF1 /* Bluetrace.swift */; };
		D549719C2451C73D009F0AF1 /* BluetraceProtocol.swift in Sources */ = {isa = PBXBuildFile; fileRef = D54971982451C73D009F0AF1 /* BluetraceProtocol.swift */; };
		D549719D2451C73D009F0AF1 /* BluetraceProtocol.swift in Sources */ = {isa = PBXBuildFile; fileRef = D54971982451C73D009F0AF1 /* BluetraceProtocol.swift */; };
		D549719E2451C73D009F0AF1 /* BluetraceProtocol.swift in Sources */ = {isa = PBXBuildFile; fileRef = D54971982451C73D009F0AF1 /* BluetraceProtocol.swift */; };
		D54971A12451C755009F0AF1 /* Encounter+EncounterRecord.swift in Sources */ = {isa = PBXBuildFile; fileRef = D549719F2451C754009F0AF1 /* Encounter+EncounterRecord.swift */; };
		D54971A22451C755009F0AF1 /* Encounter+EncounterRecord.swift in Sources */ = {isa = PBXBuildFile; fileRef = D549719F2451C754009F0AF1 /* Encounter+EncounterRecord.swift */; };
		D54971A32451C755009F0AF1 /* Encounter+EncounterRecord.swift in Sources */ = {isa = PBXBuildFile; fileRef = D549719F2451C754009F0AF1 /* Encounter+EncounterRecord.swift */; };
		D54971A42451C755009F0AF1 /* EncounterRecord.swift in Sources */ = {isa = PBXBuildFile; fileRef = D54971A02451C755009F0AF1 /* EncounterRecord.swift */; };
		D54971A52451C755009F0AF1 /* EncounterRecord.swift in Sources */ = {isa = PBXBuildFile; fileRef = D54971A02451C755009F0AF1 /* EncounterRecord.swift */; };
		D54971A62451C755009F0AF1 /* EncounterRecord.swift in Sources */ = {isa = PBXBuildFile; fileRef = D54971A02451C755009F0AF1 /* EncounterRecord.swift */; };
		D54971A92451C75F009F0AF1 /* PogoManager.swift in Sources */ = {isa = PBXBuildFile; fileRef = D54971A72451C75F009F0AF1 /* PogoManager.swift */; };
		D54971AA2451C75F009F0AF1 /* PogoManager.swift in Sources */ = {isa = PBXBuildFile; fileRef = D54971A72451C75F009F0AF1 /* PogoManager.swift */; };
		D54971AB2451C75F009F0AF1 /* PogoManager.swift in Sources */ = {isa = PBXBuildFile; fileRef = D54971A72451C75F009F0AF1 /* PogoManager.swift */; };
		D54971AC2451C75F009F0AF1 /* PogoInstructionsViewController.swift in Sources */ = {isa = PBXBuildFile; fileRef = D54971A82451C75F009F0AF1 /* PogoInstructionsViewController.swift */; };
		D54971AD2451C75F009F0AF1 /* PogoInstructionsViewController.swift in Sources */ = {isa = PBXBuildFile; fileRef = D54971A82451C75F009F0AF1 /* PogoInstructionsViewController.swift */; };
		D54971AE2451C75F009F0AF1 /* PogoInstructionsViewController.swift in Sources */ = {isa = PBXBuildFile; fileRef = D54971A82451C75F009F0AF1 /* PogoInstructionsViewController.swift */; };
		D54971B22451CD23009F0AF1 /* SurveyFinishedResponse.swift in Sources */ = {isa = PBXBuildFile; fileRef = D54971B12451CD23009F0AF1 /* SurveyFinishedResponse.swift */; };
		D54971B32451CD23009F0AF1 /* SurveyFinishedResponse.swift in Sources */ = {isa = PBXBuildFile; fileRef = D54971B12451CD23009F0AF1 /* SurveyFinishedResponse.swift */; };
		D54971B42451CD23009F0AF1 /* SurveyFinishedResponse.swift in Sources */ = {isa = PBXBuildFile; fileRef = D54971B12451CD23009F0AF1 /* SurveyFinishedResponse.swift */; };
		D568B4482450416E00F8E864 /* URL+utils.swift in Sources */ = {isa = PBXBuildFile; fileRef = D568B4472450416E00F8E864 /* URL+utils.swift */; };
		D568B4492450416E00F8E864 /* URL+utils.swift in Sources */ = {isa = PBXBuildFile; fileRef = D568B4472450416E00F8E864 /* URL+utils.swift */; };
		D5791CE6244DB826000039C5 /* URLAction.swift in Sources */ = {isa = PBXBuildFile; fileRef = D5791CE5244DB826000039C5 /* URLAction.swift */; };
		D5791CE7244DB826000039C5 /* URLAction.swift in Sources */ = {isa = PBXBuildFile; fileRef = D5791CE5244DB826000039C5 /* URLAction.swift */; };
		D5A3805C24519A7E005E5E72 /* AppCoordinator.swift in Sources */ = {isa = PBXBuildFile; fileRef = D5308660243F00F300FCA5DD /* AppCoordinator.swift */; };
		D5A3805D24519A7E005E5E72 /* AppDelegate.swift in Sources */ = {isa = PBXBuildFile; fileRef = D5308637243EF86E00FCA5DD /* AppDelegate.swift */; };
		D5A3805E24519A7E005E5E72 /* SceneDelegate.swift in Sources */ = {isa = PBXBuildFile; fileRef = D5308639243EF86E00FCA5DD /* SceneDelegate.swift */; };
		D5A3805F24519A7E005E5E72 /* PollCoordinator.swift in Sources */ = {isa = PBXBuildFile; fileRef = D530864C243EF8B600FCA5DD /* PollCoordinator.swift */; };
		D5A3806024519A7E005E5E72 /* ViewController.swift in Sources */ = {isa = PBXBuildFile; fileRef = D530865B243EFB3200FCA5DD /* ViewController.swift */; };
		D5A3806124519A7E005E5E72 /* ViewControllerType.swift in Sources */ = {isa = PBXBuildFile; fileRef = D5308656243EF94C00FCA5DD /* ViewControllerType.swift */; };
		D5A3806224519A7E005E5E72 /* PWAViewController.swift in Sources */ = {isa = PBXBuildFile; fileRef = D5308669243F0FB600FCA5DD /* PWAViewController.swift */; };
		D5A3806324519A7E005E5E72 /* JSBridge.swift in Sources */ = {isa = PBXBuildFile; fileRef = D5B207C4244822280083FCEC /* JSBridge.swift */; };
		D5A3806424519A7E005E5E72 /* PollViewController.swift in Sources */ = {isa = PBXBuildFile; fileRef = D530864E243EF8BF00FCA5DD /* PollViewController.swift */; };
		D5A3806524519A7E005E5E72 /* UINavigationController+statusBar.swift in Sources */ = {isa = PBXBuildFile; fileRef = D5FA09C5244F03560042A702 /* UINavigationController+statusBar.swift */; };
		D5A3806624519A7E005E5E72 /* AppManager.swift in Sources */ = {isa = PBXBuildFile; fileRef = D5308663243F03DF00FCA5DD /* AppManager.swift */; };
		D5A3806724519A7E005E5E72 /* StoredDefaults.swift in Sources */ = {isa = PBXBuildFile; fileRef = D5308665243F048C00FCA5DD /* StoredDefaults.swift */; };
		D5A3806824519A7E005E5E72 /* URLAction.swift in Sources */ = {isa = PBXBuildFile; fileRef = D5791CE5244DB826000039C5 /* URLAction.swift */; };
		D5A3806924519A7E005E5E72 /* URL+utils.swift in Sources */ = {isa = PBXBuildFile; fileRef = D568B4472450416E00F8E864 /* URL+utils.swift */; };
		D5A3806A24519A7E005E5E72 /* Logger.swift in Sources */ = {isa = PBXBuildFile; fileRef = D5B207C6244822890083FCEC /* Logger.swift */; };
		D5A3806B24519A7E005E5E72 /* NotificationManager.swift in Sources */ = {isa = PBXBuildFile; fileRef = 82ED892E2448431500305D4B /* NotificationManager.swift */; };
		D5A3806C24519A7E005E5E72 /* PollViewModel.swift in Sources */ = {isa = PBXBuildFile; fileRef = D5308650243EF8C900FCA5DD /* PollViewModel.swift */; };
		D5A3806D24519A7E005E5E72 /* PWAViewModel.swift in Sources */ = {isa = PBXBuildFile; fileRef = D530866B243F0FBF00FCA5DD /* PWAViewModel.swift */; };
		D5A3806E24519A7E005E5E72 /* URLConstants.swift in Sources */ = {isa = PBXBuildFile; fileRef = D5B207CA244838EA0083FCEC /* URLConstants.swift */; };
		D5A3806F24519A7E005E5E72 /* CoordinatorType.swift in Sources */ = {isa = PBXBuildFile; fileRef = D5308658243EF99500FCA5DD /* CoordinatorType.swift */; };
		D5A3807024519A7E005E5E72 /* NavigationController.swift in Sources */ = {isa = PBXBuildFile; fileRef = D5FA09BF244EFE4B0042A702 /* NavigationController.swift */; };
		D5A3807124519A7E005E5E72 /* ViewModelType.swift in Sources */ = {isa = PBXBuildFile; fileRef = D5308654243EF92D00FCA5DD /* ViewModelType.swift */; };
		D5A3807524519A7E005E5E72 /* multipleSimulatorsStartup.sh in Resources */ = {isa = PBXBuildFile; fileRef = D5FA09BB244EF8FB0042A702 /* multipleSimulatorsStartup.sh */; };
		D5A3807624519A7E005E5E72 /* LaunchScreen.storyboard in Resources */ = {isa = PBXBuildFile; fileRef = D5308642243EF87000FCA5DD /* LaunchScreen.storyboard */; };
		D5A3807924519A7E005E5E72 /* SimulatorsList.txt in Resources */ = {isa = PBXBuildFile; fileRef = D5FA09B8244EF82D0042A702 /* SimulatorsList.txt */; };
		D5A3808224519F29005E5E72 /* GoogleService-Info.plist in Resources */ = {isa = PBXBuildFile; fileRef = D5A3808124519F29005E5E72 /* GoogleService-Info.plist */; };
		D5A380842451A1C0005E5E72 /* Assets.xcassets in Resources */ = {isa = PBXBuildFile; fileRef = D5308640243EF87000FCA5DD /* Assets.xcassets */; };
		D5A380852451A1CA005E5E72 /* Assets.xcassets in Resources */ = {isa = PBXBuildFile; fileRef = D5308640243EF87000FCA5DD /* Assets.xcassets */; };
		D5A380862451A1CA005E5E72 /* Assets.xcassets in Resources */ = {isa = PBXBuildFile; fileRef = D5308640243EF87000FCA5DD /* Assets.xcassets */; };
		D5B207AB24471AA90083FCEC /* AppCoordinator.swift in Sources */ = {isa = PBXBuildFile; fileRef = D5308660243F00F300FCA5DD /* AppCoordinator.swift */; };
		D5B207AC24471AA90083FCEC /* AppDelegate.swift in Sources */ = {isa = PBXBuildFile; fileRef = D5308637243EF86E00FCA5DD /* AppDelegate.swift */; };
		D5B207AD24471AA90083FCEC /* SceneDelegate.swift in Sources */ = {isa = PBXBuildFile; fileRef = D5308639243EF86E00FCA5DD /* SceneDelegate.swift */; };
		D5B207AE24471AA90083FCEC /* PollCoordinator.swift in Sources */ = {isa = PBXBuildFile; fileRef = D530864C243EF8B600FCA5DD /* PollCoordinator.swift */; };
		D5B207AF24471AA90083FCEC /* ViewController.swift in Sources */ = {isa = PBXBuildFile; fileRef = D530865B243EFB3200FCA5DD /* ViewController.swift */; };
		D5B207B024471AA90083FCEC /* ViewControllerType.swift in Sources */ = {isa = PBXBuildFile; fileRef = D5308656243EF94C00FCA5DD /* ViewControllerType.swift */; };
		D5B207B124471AA90083FCEC /* PWAViewController.swift in Sources */ = {isa = PBXBuildFile; fileRef = D5308669243F0FB600FCA5DD /* PWAViewController.swift */; };
		D5B207B224471AA90083FCEC /* PollViewController.swift in Sources */ = {isa = PBXBuildFile; fileRef = D530864E243EF8BF00FCA5DD /* PollViewController.swift */; };
		D5B207B324471AA90083FCEC /* AppManager.swift in Sources */ = {isa = PBXBuildFile; fileRef = D5308663243F03DF00FCA5DD /* AppManager.swift */; };
		D5B207B424471AA90083FCEC /* StoredDefaults.swift in Sources */ = {isa = PBXBuildFile; fileRef = D5308665243F048C00FCA5DD /* StoredDefaults.swift */; };
		D5B207B524471AA90083FCEC /* PollViewModel.swift in Sources */ = {isa = PBXBuildFile; fileRef = D5308650243EF8C900FCA5DD /* PollViewModel.swift */; };
		D5B207B624471AA90083FCEC /* PWAViewModel.swift in Sources */ = {isa = PBXBuildFile; fileRef = D530866B243F0FBF00FCA5DD /* PWAViewModel.swift */; };
		D5B207B724471AA90083FCEC /* CoordinatorType.swift in Sources */ = {isa = PBXBuildFile; fileRef = D5308658243EF99500FCA5DD /* CoordinatorType.swift */; };
		D5B207B824471AA90083FCEC /* ViewModelType.swift in Sources */ = {isa = PBXBuildFile; fileRef = D5308654243EF92D00FCA5DD /* ViewModelType.swift */; };
		D5B207BC24471AA90083FCEC /* LaunchScreen.storyboard in Resources */ = {isa = PBXBuildFile; fileRef = D5308642243EF87000FCA5DD /* LaunchScreen.storyboard */; };
		D5B207C5244822280083FCEC /* JSBridge.swift in Sources */ = {isa = PBXBuildFile; fileRef = D5B207C4244822280083FCEC /* JSBridge.swift */; };
		D5B207C7244822890083FCEC /* Logger.swift in Sources */ = {isa = PBXBuildFile; fileRef = D5B207C6244822890083FCEC /* Logger.swift */; };
		D5B207C8244822890083FCEC /* Logger.swift in Sources */ = {isa = PBXBuildFile; fileRef = D5B207C6244822890083FCEC /* Logger.swift */; };
		D5B207CB244838EA0083FCEC /* URLConstants.swift in Sources */ = {isa = PBXBuildFile; fileRef = D5B207CA244838EA0083FCEC /* URLConstants.swift */; };
		D5B207FB24499A830083FCEC /* GoogleService-Info.plist in Resources */ = {isa = PBXBuildFile; fileRef = D5B207F824499A830083FCEC /* GoogleService-Info.plist */; };
		D5B207FE24499A830083FCEC /* GoogleService-Info.plist in Resources */ = {isa = PBXBuildFile; fileRef = D5B207FA24499A830083FCEC /* GoogleService-Info.plist */; };
		D5FA09B9244EF82E0042A702 /* SimulatorsList.txt in Resources */ = {isa = PBXBuildFile; fileRef = D5FA09B8244EF82D0042A702 /* SimulatorsList.txt */; };
		D5FA09BA244EF82E0042A702 /* SimulatorsList.txt in Resources */ = {isa = PBXBuildFile; fileRef = D5FA09B8244EF82D0042A702 /* SimulatorsList.txt */; };
		D5FA09BC244EF8FB0042A702 /* multipleSimulatorsStartup.sh in Resources */ = {isa = PBXBuildFile; fileRef = D5FA09BB244EF8FB0042A702 /* multipleSimulatorsStartup.sh */; };
		D5FA09BD244EF8FB0042A702 /* multipleSimulatorsStartup.sh in Resources */ = {isa = PBXBuildFile; fileRef = D5FA09BB244EF8FB0042A702 /* multipleSimulatorsStartup.sh */; };
		D5FA09C0244EFE4B0042A702 /* NavigationController.swift in Sources */ = {isa = PBXBuildFile; fileRef = D5FA09BF244EFE4B0042A702 /* NavigationController.swift */; };
		D5FA09C1244EFE4B0042A702 /* NavigationController.swift in Sources */ = {isa = PBXBuildFile; fileRef = D5FA09BF244EFE4B0042A702 /* NavigationController.swift */; };
		D5FA09C6244F03570042A702 /* UINavigationController+statusBar.swift in Sources */ = {isa = PBXBuildFile; fileRef = D5FA09C5244F03560042A702 /* UINavigationController+statusBar.swift */; };
		D5FA09C7244F03570042A702 /* UINavigationController+statusBar.swift in Sources */ = {isa = PBXBuildFile; fileRef = D5FA09C5244F03560042A702 /* UINavigationController+statusBar.swift */; };
/* End PBXBuildFile section */

/* Begin PBXCopyFilesBuildPhase section */
		D5B207E224486E5C0083FCEC /* Embed App Extensions */ = {
			isa = PBXCopyFilesBuildPhase;
			buildActionMask = 2147483647;
			dstPath = "";
			dstSubfolderSpec = 13;
			files = (
			);
			name = "Embed App Extensions";
			runOnlyForDeploymentPostprocessing = 0;
		};
/* End PBXCopyFilesBuildPhase section */

/* Begin PBXFileReference section */
		02EE6C6CFBEC3BACD392443E /* Pods-safesafe Dev.release.xcconfig */ = {isa = PBXFileReference; includeInIndex = 1; lastKnownFileType = text.xcconfig; name = "Pods-safesafe Dev.release.xcconfig"; path = "Target Support Files/Pods-safesafe Dev/Pods-safesafe Dev.release.xcconfig"; sourceTree = "<group>"; };
		110EBE6E50AFC7C0FB224836 /* Pods-safesafe Live.debug.xcconfig */ = {isa = PBXFileReference; includeInIndex = 1; lastKnownFileType = text.xcconfig; name = "Pods-safesafe Live.debug.xcconfig"; path = "Target Support Files/Pods-safesafe Live/Pods-safesafe Live.debug.xcconfig"; sourceTree = "<group>"; };
		2077862E72E6D28EA0BD5C8B /* Pods-safesafe Dev.debug.xcconfig */ = {isa = PBXFileReference; includeInIndex = 1; lastKnownFileType = text.xcconfig; name = "Pods-safesafe Dev.debug.xcconfig"; path = "Target Support Files/Pods-safesafe Dev/Pods-safesafe Dev.debug.xcconfig"; sourceTree = "<group>"; };
		30280387A8852BC6F543C1A8 /* Pods-safesafe Stage.release.xcconfig */ = {isa = PBXFileReference; includeInIndex = 1; lastKnownFileType = text.xcconfig; name = "Pods-safesafe Stage.release.xcconfig"; path = "Target Support Files/Pods-safesafe Stage/Pods-safesafe Stage.release.xcconfig"; sourceTree = "<group>"; };
		5E5CDA5BE528850841C6C038 /* Pods_safesafe_Dev.framework */ = {isa = PBXFileReference; explicitFileType = wrapper.framework; includeInIndex = 0; path = Pods_safesafe_Dev.framework; sourceTree = BUILT_PRODUCTS_DIR; };
		6F42163875A2A303FD6F3C11 /* Pods-safesafe Stage.debug.xcconfig */ = {isa = PBXFileReference; includeInIndex = 1; lastKnownFileType = text.xcconfig; name = "Pods-safesafe Stage.debug.xcconfig"; path = "Target Support Files/Pods-safesafe Stage/Pods-safesafe Stage.debug.xcconfig"; sourceTree = "<group>"; };
		79F13885626319B40E92CBCF /* Pods_safesafe_Stage.framework */ = {isa = PBXFileReference; explicitFileType = wrapper.framework; includeInIndex = 0; path = Pods_safesafe_Stage.framework; sourceTree = BUILT_PRODUCTS_DIR; };
		82ED892E2448431500305D4B /* NotificationManager.swift */ = {isa = PBXFileReference; fileEncoding = 4; lastKnownFileType = sourcecode.swift; path = NotificationManager.swift; sourceTree = "<group>"; };
		82ED89312448431C00305D4B /* safesafe Dev.entitlements */ = {isa = PBXFileReference; lastKnownFileType = text.plist.entitlements; path = "safesafe Dev.entitlements"; sourceTree = "<group>"; };
		82ED89322448432200305D4B /* safesafe Live.entitlements */ = {isa = PBXFileReference; lastKnownFileType = text.plist.entitlements; path = "safesafe Live.entitlements"; sourceTree = "<group>"; };
		9DD136542452193900A9AC2F /* BluetraceManager+CurrentState.swift */ = {isa = PBXFileReference; lastKnownFileType = sourcecode.swift; path = "BluetraceManager+CurrentState.swift"; sourceTree = "<group>"; };
		C575CBBE4321563CBB7712E1 /* Pods_safesafe_Live.framework */ = {isa = PBXFileReference; explicitFileType = wrapper.framework; includeInIndex = 0; path = Pods_safesafe_Live.framework; sourceTree = BUILT_PRODUCTS_DIR; };
		D5308634243EF86E00FCA5DD /* safesafe Live.app */ = {isa = PBXFileReference; explicitFileType = wrapper.application; includeInIndex = 0; path = "safesafe Live.app"; sourceTree = BUILT_PRODUCTS_DIR; };
		D5308637243EF86E00FCA5DD /* AppDelegate.swift */ = {isa = PBXFileReference; lastKnownFileType = sourcecode.swift; path = AppDelegate.swift; sourceTree = "<group>"; };
		D5308639243EF86E00FCA5DD /* SceneDelegate.swift */ = {isa = PBXFileReference; lastKnownFileType = sourcecode.swift; path = SceneDelegate.swift; sourceTree = "<group>"; };
		D5308640243EF87000FCA5DD /* Assets.xcassets */ = {isa = PBXFileReference; lastKnownFileType = folder.assetcatalog; path = Assets.xcassets; sourceTree = "<group>"; };
		D5308643243EF87000FCA5DD /* Base */ = {isa = PBXFileReference; lastKnownFileType = file.storyboard; name = Base; path = Base.lproj/LaunchScreen.storyboard; sourceTree = "<group>"; };
		D5308645243EF87000FCA5DD /* Info-live.plist */ = {isa = PBXFileReference; lastKnownFileType = text.plist.xml; path = "Info-live.plist"; sourceTree = "<group>"; };
		D530864C243EF8B600FCA5DD /* PollCoordinator.swift */ = {isa = PBXFileReference; lastKnownFileType = sourcecode.swift; path = PollCoordinator.swift; sourceTree = "<group>"; };
		D530864E243EF8BF00FCA5DD /* PollViewController.swift */ = {isa = PBXFileReference; lastKnownFileType = sourcecode.swift; path = PollViewController.swift; sourceTree = "<group>"; };
		D5308650243EF8C900FCA5DD /* PollViewModel.swift */ = {isa = PBXFileReference; lastKnownFileType = sourcecode.swift; path = PollViewModel.swift; sourceTree = "<group>"; };
		D5308654243EF92D00FCA5DD /* ViewModelType.swift */ = {isa = PBXFileReference; lastKnownFileType = sourcecode.swift; path = ViewModelType.swift; sourceTree = "<group>"; };
		D5308656243EF94C00FCA5DD /* ViewControllerType.swift */ = {isa = PBXFileReference; lastKnownFileType = sourcecode.swift; path = ViewControllerType.swift; sourceTree = "<group>"; };
		D5308658243EF99500FCA5DD /* CoordinatorType.swift */ = {isa = PBXFileReference; lastKnownFileType = sourcecode.swift; path = CoordinatorType.swift; sourceTree = "<group>"; };
		D530865B243EFB3200FCA5DD /* ViewController.swift */ = {isa = PBXFileReference; lastKnownFileType = sourcecode.swift; path = ViewController.swift; sourceTree = "<group>"; };
		D5308660243F00F300FCA5DD /* AppCoordinator.swift */ = {isa = PBXFileReference; lastKnownFileType = sourcecode.swift; path = AppCoordinator.swift; sourceTree = "<group>"; };
		D5308663243F03DF00FCA5DD /* AppManager.swift */ = {isa = PBXFileReference; lastKnownFileType = sourcecode.swift; path = AppManager.swift; sourceTree = "<group>"; };
		D5308665243F048C00FCA5DD /* StoredDefaults.swift */ = {isa = PBXFileReference; lastKnownFileType = sourcecode.swift; path = StoredDefaults.swift; sourceTree = "<group>"; };
		D5308669243F0FB600FCA5DD /* PWAViewController.swift */ = {isa = PBXFileReference; lastKnownFileType = sourcecode.swift; path = PWAViewController.swift; sourceTree = "<group>"; };
		D530866B243F0FBF00FCA5DD /* PWAViewModel.swift */ = {isa = PBXFileReference; lastKnownFileType = sourcecode.swift; path = PWAViewModel.swift; sourceTree = "<group>"; };
		D534838B2451DEDB0019C577 /* OpentraceToggleResponse.swift */ = {isa = PBXFileReference; lastKnownFileType = sourcecode.swift; path = OpentraceToggleResponse.swift; sourceTree = "<group>"; };
		D534838F2451DF250019C577 /* String+json.swift */ = {isa = PBXFileReference; lastKnownFileType = sourcecode.swift; path = "String+json.swift"; sourceTree = "<group>"; };
		D53483932451E37C0019C577 /* AppStatusManager.swift */ = {isa = PBXFileReference; fileEncoding = 4; lastKnownFileType = sourcecode.swift; path = AppStatusManager.swift; sourceTree = "<group>"; };
		D53483942451E37C0019C577 /* AppStatus.swift */ = {isa = PBXFileReference; fileEncoding = 4; lastKnownFileType = sourcecode.swift; path = AppStatus.swift; sourceTree = "<group>"; };
		D534839C2451E3D70019C577 /* InternalError.swift */ = {isa = PBXFileReference; fileEncoding = 4; lastKnownFileType = sourcecode.swift; path = InternalError.swift; sourceTree = "<group>"; };
		D549714F2451C6D1009F0AF1 /* PushNotificationConstants.swift */ = {isa = PBXFileReference; fileEncoding = 4; lastKnownFileType = sourcecode.swift; path = PushNotificationConstants.swift; sourceTree = "<group>"; };
		D54971532451C6F1009F0AF1 /* PlistHelper.swift */ = {isa = PBXFileReference; fileEncoding = 4; lastKnownFileType = sourcecode.swift; path = PlistHelper.swift; sourceTree = "<group>"; };
		D54971542451C6F1009F0AF1 /* FirebaseAPIs.swift */ = {isa = PBXFileReference; fileEncoding = 4; lastKnownFileType = sourcecode.swift; path = FirebaseAPIs.swift; sourceTree = "<group>"; };
		D549715F2451C705009F0AF1 /* CentralController.swift */ = {isa = PBXFileReference; fileEncoding = 4; lastKnownFileType = sourcecode.swift; path = CentralController.swift; sourceTree = "<group>"; };
		D54971602451C705009F0AF1 /* BlueTraceLocalNotifications.swift */ = {isa = PBXFileReference; fileEncoding = 4; lastKnownFileType = sourcecode.swift; path = BlueTraceLocalNotifications.swift; sourceTree = "<group>"; };
		D54971612451C705009F0AF1 /* BluetraceManager.swift */ = {isa = PBXFileReference; fileEncoding = 4; lastKnownFileType = sourcecode.swift; path = BluetraceManager.swift; sourceTree = "<group>"; };
		D54971622451C705009F0AF1 /* PeripheralController.swift */ = {isa = PBXFileReference; fileEncoding = 4; lastKnownFileType = sourcecode.swift; path = PeripheralController.swift; sourceTree = "<group>"; };
		D54971632451C705009F0AF1 /* BluetraceUtils.swift */ = {isa = PBXFileReference; fileEncoding = 4; lastKnownFileType = sourcecode.swift; path = BluetraceUtils.swift; sourceTree = "<group>"; };
		D54971642451C705009F0AF1 /* DeviceInfo.swift */ = {isa = PBXFileReference; fileEncoding = 4; lastKnownFileType = sourcecode.swift; path = DeviceInfo.swift; sourceTree = "<group>"; };
		D54971652451C705009F0AF1 /* BluetraceConfig.swift */ = {isa = PBXFileReference; fileEncoding = 4; lastKnownFileType = sourcecode.swift; path = BluetraceConfig.swift; sourceTree = "<group>"; };
		D54971662451C705009F0AF1 /* EncounterMessageManager.swift */ = {isa = PBXFileReference; fileEncoding = 4; lastKnownFileType = sourcecode.swift; path = EncounterMessageManager.swift; sourceTree = "<group>"; };
		D54971832451C727009F0AF1 /* Model.xcdatamodel */ = {isa = PBXFileReference; lastKnownFileType = wrapper.xcdatamodel; path = Model.xcdatamodel; sourceTree = "<group>"; };
		D54971842451C727009F0AF1 /* Encounter+CoreDataClass.swift */ = {isa = PBXFileReference; fileEncoding = 4; lastKnownFileType = sourcecode.swift; path = "Encounter+CoreDataClass.swift"; sourceTree = "<group>"; };
		D54971852451C727009F0AF1 /* Encounter+Event.swift */ = {isa = PBXFileReference; fileEncoding = 4; lastKnownFileType = sourcecode.swift; path = "Encounter+Event.swift"; sourceTree = "<group>"; };
		D54971862451C727009F0AF1 /* Encounter+CoreDataProperties.swift */ = {isa = PBXFileReference; fileEncoding = 4; lastKnownFileType = sourcecode.swift; path = "Encounter+CoreDataProperties.swift"; sourceTree = "<group>"; };
		D54971932451C736009F0AF1 /* BluetraceV2.swift */ = {isa = PBXFileReference; fileEncoding = 4; lastKnownFileType = sourcecode.swift; path = BluetraceV2.swift; sourceTree = "<group>"; };
		D54971972451C73D009F0AF1 /* Bluetrace.swift */ = {isa = PBXFileReference; fileEncoding = 4; lastKnownFileType = sourcecode.swift; path = Bluetrace.swift; sourceTree = "<group>"; };
		D54971982451C73D009F0AF1 /* BluetraceProtocol.swift */ = {isa = PBXFileReference; fileEncoding = 4; lastKnownFileType = sourcecode.swift; path = BluetraceProtocol.swift; sourceTree = "<group>"; };
		D549719F2451C754009F0AF1 /* Encounter+EncounterRecord.swift */ = {isa = PBXFileReference; fileEncoding = 4; lastKnownFileType = sourcecode.swift; path = "Encounter+EncounterRecord.swift"; sourceTree = "<group>"; };
		D54971A02451C755009F0AF1 /* EncounterRecord.swift */ = {isa = PBXFileReference; fileEncoding = 4; lastKnownFileType = sourcecode.swift; path = EncounterRecord.swift; sourceTree = "<group>"; };
		D54971A72451C75F009F0AF1 /* PogoManager.swift */ = {isa = PBXFileReference; fileEncoding = 4; lastKnownFileType = sourcecode.swift; path = PogoManager.swift; sourceTree = "<group>"; };
		D54971A82451C75F009F0AF1 /* PogoInstructionsViewController.swift */ = {isa = PBXFileReference; fileEncoding = 4; lastKnownFileType = sourcecode.swift; path = PogoInstructionsViewController.swift; sourceTree = "<group>"; };
		D54971B12451CD23009F0AF1 /* SurveyFinishedResponse.swift */ = {isa = PBXFileReference; lastKnownFileType = sourcecode.swift; path = SurveyFinishedResponse.swift; sourceTree = "<group>"; };
		D568B4472450416E00F8E864 /* URL+utils.swift */ = {isa = PBXFileReference; lastKnownFileType = sourcecode.swift; path = "URL+utils.swift"; sourceTree = "<group>"; };
		D5791CE5244DB826000039C5 /* URLAction.swift */ = {isa = PBXFileReference; lastKnownFileType = sourcecode.swift; path = URLAction.swift; sourceTree = "<group>"; };
		D5A3807E24519A7E005E5E72 /* safesafe Stage.app */ = {isa = PBXFileReference; explicitFileType = wrapper.application; includeInIndex = 0; path = "safesafe Stage.app"; sourceTree = BUILT_PRODUCTS_DIR; };
		D5A3807F24519A7E005E5E72 /* Info-stage.plist */ = {isa = PBXFileReference; lastKnownFileType = text.plist.xml; name = "Info-stage.plist"; path = "/Users/lukaszszyszkowski/Documents/@projekty_ios/safesafe/safesafe/Info-stage.plist"; sourceTree = "<absolute>"; };
		D5A3808124519F29005E5E72 /* GoogleService-Info.plist */ = {isa = PBXFileReference; fileEncoding = 4; lastKnownFileType = text.plist.xml; path = "GoogleService-Info.plist"; sourceTree = "<group>"; };
		D5B207C224471AA90083FCEC /* safesafe Dev.app */ = {isa = PBXFileReference; explicitFileType = wrapper.application; includeInIndex = 0; path = "safesafe Dev.app"; sourceTree = BUILT_PRODUCTS_DIR; };
		D5B207C324471AAA0083FCEC /* Info-dev.plist */ = {isa = PBXFileReference; lastKnownFileType = text.plist.xml; name = "Info-dev.plist"; path = "../../safesafe-ios/safesafe/Info-dev.plist"; sourceTree = "<group>"; };
		D5B207C4244822280083FCEC /* JSBridge.swift */ = {isa = PBXFileReference; lastKnownFileType = sourcecode.swift; path = JSBridge.swift; sourceTree = "<group>"; };
		D5B207C6244822890083FCEC /* Logger.swift */ = {isa = PBXFileReference; lastKnownFileType = sourcecode.swift; path = Logger.swift; sourceTree = "<group>"; };
		D5B207CA244838EA0083FCEC /* URLConstants.swift */ = {isa = PBXFileReference; lastKnownFileType = sourcecode.swift; path = URLConstants.swift; sourceTree = "<group>"; };
		D5B207D124486E5C0083FCEC /* UserNotifications.framework */ = {isa = PBXFileReference; lastKnownFileType = wrapper.framework; name = UserNotifications.framework; path = System/Library/Frameworks/UserNotifications.framework; sourceTree = SDKROOT; };
		D5B207D324486E5C0083FCEC /* UserNotificationsUI.framework */ = {isa = PBXFileReference; lastKnownFileType = wrapper.framework; name = UserNotificationsUI.framework; path = System/Library/Frameworks/UserNotificationsUI.framework; sourceTree = SDKROOT; };
		D5B207F824499A830083FCEC /* GoogleService-Info.plist */ = {isa = PBXFileReference; fileEncoding = 4; lastKnownFileType = text.plist.xml; path = "GoogleService-Info.plist"; sourceTree = "<group>"; };
		D5B207FA24499A830083FCEC /* GoogleService-Info.plist */ = {isa = PBXFileReference; fileEncoding = 4; lastKnownFileType = text.plist.xml; path = "GoogleService-Info.plist"; sourceTree = "<group>"; };
		D5FA09B8244EF82D0042A702 /* SimulatorsList.txt */ = {isa = PBXFileReference; fileEncoding = 4; lastKnownFileType = text; path = SimulatorsList.txt; sourceTree = "<group>"; };
		D5FA09BB244EF8FB0042A702 /* multipleSimulatorsStartup.sh */ = {isa = PBXFileReference; fileEncoding = 4; lastKnownFileType = text.script.sh; path = multipleSimulatorsStartup.sh; sourceTree = "<group>"; };
		D5FA09BF244EFE4B0042A702 /* NavigationController.swift */ = {isa = PBXFileReference; lastKnownFileType = sourcecode.swift; path = NavigationController.swift; sourceTree = "<group>"; };
		D5FA09C5244F03560042A702 /* UINavigationController+statusBar.swift */ = {isa = PBXFileReference; fileEncoding = 4; lastKnownFileType = sourcecode.swift; path = "UINavigationController+statusBar.swift"; sourceTree = "<group>"; };
		E8510F6BEFC1627FDD12E1D5 /* Pods-safesafe Live.release.xcconfig */ = {isa = PBXFileReference; includeInIndex = 1; lastKnownFileType = text.xcconfig; name = "Pods-safesafe Live.release.xcconfig"; path = "Target Support Files/Pods-safesafe Live/Pods-safesafe Live.release.xcconfig"; sourceTree = "<group>"; };
/* End PBXFileReference section */

/* Begin PBXFrameworksBuildPhase section */
		D5308631243EF86E00FCA5DD /* Frameworks */ = {
			isa = PBXFrameworksBuildPhase;
			buildActionMask = 2147483647;
			files = (
				8AB0358181DDE47E58657DF3 /* Pods_safesafe_Live.framework in Frameworks */,
			);
			runOnlyForDeploymentPostprocessing = 0;
		};
		D5A3807224519A7E005E5E72 /* Frameworks */ = {
			isa = PBXFrameworksBuildPhase;
			buildActionMask = 2147483647;
			files = (
				C58678B6ADE10D3C41590CEB /* Pods_safesafe_Stage.framework in Frameworks */,
			);
			runOnlyForDeploymentPostprocessing = 0;
		};
		D5B207B924471AA90083FCEC /* Frameworks */ = {
			isa = PBXFrameworksBuildPhase;
			buildActionMask = 2147483647;
			files = (
				6A3F929EE8F256BE3AA8CBB9 /* (null) in Frameworks */,
				209D6B1DF074EC45C4D9D724 /* Pods_safesafe_Dev.framework in Frameworks */,
			);
			runOnlyForDeploymentPostprocessing = 0;
		};
/* End PBXFrameworksBuildPhase section */

/* Begin PBXGroup section */
		1F9D03ABF3CC00097B7831B1 /* Frameworks */ = {
			isa = PBXGroup;
			children = (
				D5B207D124486E5C0083FCEC /* UserNotifications.framework */,
				D5B207D324486E5C0083FCEC /* UserNotificationsUI.framework */,
				5E5CDA5BE528850841C6C038 /* Pods_safesafe_Dev.framework */,
				C575CBBE4321563CBB7712E1 /* Pods_safesafe_Live.framework */,
				79F13885626319B40E92CBCF /* Pods_safesafe_Stage.framework */,
			);
			name = Frameworks;
			sourceTree = "<group>";
		};
		3E3234D8FD23F7FC22AAC103 /* Pods */ = {
			isa = PBXGroup;
			children = (
				2077862E72E6D28EA0BD5C8B /* Pods-safesafe Dev.debug.xcconfig */,
				02EE6C6CFBEC3BACD392443E /* Pods-safesafe Dev.release.xcconfig */,
				110EBE6E50AFC7C0FB224836 /* Pods-safesafe Live.debug.xcconfig */,
				E8510F6BEFC1627FDD12E1D5 /* Pods-safesafe Live.release.xcconfig */,
				6F42163875A2A303FD6F3C11 /* Pods-safesafe Stage.debug.xcconfig */,
				30280387A8852BC6F543C1A8 /* Pods-safesafe Stage.release.xcconfig */,
			);
			path = Pods;
			sourceTree = "<group>";
		};
		82ED89332448443700305D4B /* resources */ = {
			isa = PBXGroup;
			children = (
				D5A3808024519B8D005E5E72 /* Stage */,
				D5B207F924499A830083FCEC /* Dev */,
				D5B207F724499A830083FCEC /* Live */,
			);
			path = resources;
			sourceTree = "<group>";
		};
		9D2E22FC244F90AB00E224C4 /* authentication */ = {
			isa = PBXGroup;
			children = (
			);
			path = authentication;
			sourceTree = "<group>";
		};
		B35B5FD6244CAA3E007B913B /* OpenTrace */ = {
			isa = PBXGroup;
			children = (
				B35B5FDA244CAA3E007B913B /* Constants */,
				B35B5FDD244CAA3E007B913B /* Utils */,
				B35B5FE6244CAA3E007B913B /* Bluetrace */,
				B35B6022244CAA3E007B913B /* Power saver */,
			);
			name = OpenTrace;
			path = "Submodules/opentrace-ios/OpenTrace";
			sourceTree = "<group>";
		};
		B35B5FDA244CAA3E007B913B /* Constants */ = {
			isa = PBXGroup;
			children = (
				D549714F2451C6D1009F0AF1 /* PushNotificationConstants.swift */,
			);
			path = Constants;
			sourceTree = "<group>";
		};
		B35B5FDD244CAA3E007B913B /* Utils */ = {
			isa = PBXGroup;
			children = (
				D54971542451C6F1009F0AF1 /* FirebaseAPIs.swift */,
				D54971532451C6F1009F0AF1 /* PlistHelper.swift */,
			);
			path = Utils;
			sourceTree = "<group>";
		};
		B35B5FE6244CAA3E007B913B /* Bluetrace */ = {
			isa = PBXGroup;
			children = (
				D54971652451C705009F0AF1 /* BluetraceConfig.swift */,
				D54971602451C705009F0AF1 /* BlueTraceLocalNotifications.swift */,
				D54971612451C705009F0AF1 /* BluetraceManager.swift */,
				D54971632451C705009F0AF1 /* BluetraceUtils.swift */,
				D549715F2451C705009F0AF1 /* CentralController.swift */,
				D54971642451C705009F0AF1 /* DeviceInfo.swift */,
				D54971662451C705009F0AF1 /* EncounterMessageManager.swift */,
				D54971622451C705009F0AF1 /* PeripheralController.swift */,
				B35B5FEA244CAA3E007B913B /* Models */,
				B35B5FF0244CAA3E007B913B /* Protocol */,
				B35B5FF7244CAA3E007B913B /* Structs */,
			);
			path = Bluetrace;
			sourceTree = "<group>";
		};
		B35B5FEA244CAA3E007B913B /* Models */ = {
			isa = PBXGroup;
			children = (
				D54971842451C727009F0AF1 /* Encounter+CoreDataClass.swift */,
				D54971862451C727009F0AF1 /* Encounter+CoreDataProperties.swift */,
				D54971852451C727009F0AF1 /* Encounter+Event.swift */,
				D54971822451C727009F0AF1 /* tracer.xcdatamodeld */,
			);
			path = Models;
			sourceTree = "<group>";
		};
		B35B5FF0244CAA3E007B913B /* Protocol */ = {
			isa = PBXGroup;
			children = (
				D54971972451C73D009F0AF1 /* Bluetrace.swift */,
				D54971982451C73D009F0AF1 /* BluetraceProtocol.swift */,
				B35B5FF2244CAA3E007B913B /* v2 */,
			);
			path = Protocol;
			sourceTree = "<group>";
		};
		B35B5FF2244CAA3E007B913B /* v2 */ = {
			isa = PBXGroup;
			children = (
				D54971932451C736009F0AF1 /* BluetraceV2.swift */,
			);
			path = v2;
			sourceTree = "<group>";
		};
		B35B5FF7244CAA3E007B913B /* Structs */ = {
			isa = PBXGroup;
			children = (
				D549719F2451C754009F0AF1 /* Encounter+EncounterRecord.swift */,
				D54971A02451C755009F0AF1 /* EncounterRecord.swift */,
			);
			path = Structs;
			sourceTree = "<group>";
		};
		B35B6022244CAA3E007B913B /* Power saver */ = {
			isa = PBXGroup;
			children = (
				D54971A82451C75F009F0AF1 /* PogoInstructionsViewController.swift */,
				D54971A72451C75F009F0AF1 /* PogoManager.swift */,
			);
			path = "Power saver";
			sourceTree = "<group>";
		};
		D530862B243EF86E00FCA5DD = {
			isa = PBXGroup;
			children = (
				D5FA09BB244EF8FB0042A702 /* multipleSimulatorsStartup.sh */,
				D5FA09B8244EF82D0042A702 /* SimulatorsList.txt */,
				82ED89322448432200305D4B /* safesafe Live.entitlements */,
				82ED89312448431C00305D4B /* safesafe Dev.entitlements */,
				B35B5FD6244CAA3E007B913B /* OpenTrace */,
				D5308636243EF86E00FCA5DD /* safesafe */,
				D5308635243EF86E00FCA5DD /* Products */,
				3E3234D8FD23F7FC22AAC103 /* Pods */,
				1F9D03ABF3CC00097B7831B1 /* Frameworks */,
			);
			sourceTree = "<group>";
		};
		D5308635243EF86E00FCA5DD /* Products */ = {
			isa = PBXGroup;
			children = (
				D5308634243EF86E00FCA5DD /* safesafe Live.app */,
				D5B207C224471AA90083FCEC /* safesafe Dev.app */,
				D5A3807E24519A7E005E5E72 /* safesafe Stage.app */,
			);
			name = Products;
			sourceTree = "<group>";
		};
		D5308636243EF86E00FCA5DD /* safesafe */ = {
			isa = PBXGroup;
			children = (
				9D2E22FC244F90AB00E224C4 /* authentication */,
				D5308668243F0FA100FCA5DD /* pwa */,
				D530865F243F00E600FCA5DD /* main */,
				D5308652243EF91B00FCA5DD /* common */,
				D530864B243EF89600FCA5DD /* poll */,
				82ED89332448443700305D4B /* resources */,
				D5308637243EF86E00FCA5DD /* AppDelegate.swift */,
				D5308639243EF86E00FCA5DD /* SceneDelegate.swift */,
				D5308640243EF87000FCA5DD /* Assets.xcassets */,
				D5308642243EF87000FCA5DD /* LaunchScreen.storyboard */,
				D5308645243EF87000FCA5DD /* Info-live.plist */,
				D5B207C324471AAA0083FCEC /* Info-dev.plist */,
				D5A3807F24519A7E005E5E72 /* Info-stage.plist */,
			);
			path = safesafe;
			sourceTree = "<group>";
		};
		D530864B243EF89600FCA5DD /* poll */ = {
			isa = PBXGroup;
			children = (
				D530864C243EF8B600FCA5DD /* PollCoordinator.swift */,
				D530864E243EF8BF00FCA5DD /* PollViewController.swift */,
				D5308650243EF8C900FCA5DD /* PollViewModel.swift */,
			);
			path = poll;
			sourceTree = "<group>";
		};
		D5308652243EF91B00FCA5DD /* common */ = {
			isa = PBXGroup;
			children = (
				D534839B2451E3C50019C577 /* error */,
				D5B207F32448B5CB0083FCEC /* extensions */,
				D5B207C9244838DA0083FCEC /* constants */,
				D5308662243F03CE00FCA5DD /* helpers */,
				D530865A243EFB2300FCA5DD /* base */,
				D5308653243EF92100FCA5DD /* protocols */,
			);
			path = common;
			sourceTree = "<group>";
		};
		D5308653243EF92100FCA5DD /* protocols */ = {
			isa = PBXGroup;
			children = (
				D5308654243EF92D00FCA5DD /* ViewModelType.swift */,
				D5308656243EF94C00FCA5DD /* ViewControllerType.swift */,
				D5308658243EF99500FCA5DD /* CoordinatorType.swift */,
			);
			path = protocols;
			sourceTree = "<group>";
		};
		D530865A243EFB2300FCA5DD /* base */ = {
			isa = PBXGroup;
			children = (
				D530865B243EFB3200FCA5DD /* ViewController.swift */,
				D5FA09BF244EFE4B0042A702 /* NavigationController.swift */,
			);
			path = base;
			sourceTree = "<group>";
		};
		D530865F243F00E600FCA5DD /* main */ = {
			isa = PBXGroup;
			children = (
				D5308660243F00F300FCA5DD /* AppCoordinator.swift */,
			);
			path = main;
			sourceTree = "<group>";
		};
		D5308662243F03CE00FCA5DD /* helpers */ = {
			isa = PBXGroup;
			children = (
				D54971AF2451CCDD009F0AF1 /* JavaScript Bridge */,
				82ED892E2448431500305D4B /* NotificationManager.swift */,
				D5791CE5244DB826000039C5 /* URLAction.swift */,
				D5308663243F03DF00FCA5DD /* AppManager.swift */,
				D5308665243F048C00FCA5DD /* StoredDefaults.swift */,
				D5B207C6244822890083FCEC /* Logger.swift */,
				D53483942451E37C0019C577 /* AppStatus.swift */,
				D53483932451E37C0019C577 /* AppStatusManager.swift */,
			);
			path = helpers;
			sourceTree = "<group>";
		};
		D5308668243F0FA100FCA5DD /* pwa */ = {
			isa = PBXGroup;
			children = (
				D5308669243F0FB600FCA5DD /* PWAViewController.swift */,
				D530866B243F0FBF00FCA5DD /* PWAViewModel.swift */,
			);
			path = pwa;
			sourceTree = "<group>";
		};
		D534839B2451E3C50019C577 /* error */ = {
			isa = PBXGroup;
			children = (
				D534839C2451E3D70019C577 /* InternalError.swift */,
			);
			path = error;
			sourceTree = "<group>";
		};
		D54971AF2451CCDD009F0AF1 /* JavaScript Bridge */ = {
			isa = PBXGroup;
			children = (
				D54971B02451CCFF009F0AF1 /* Models */,
				D5B207C4244822280083FCEC /* JSBridge.swift */,
			);
			path = "JavaScript Bridge";
			sourceTree = "<group>";
		};
		D54971B02451CCFF009F0AF1 /* Models */ = {
			isa = PBXGroup;
			children = (
				D54971B12451CD23009F0AF1 /* SurveyFinishedResponse.swift */,
				D534838B2451DEDB0019C577 /* OpentraceToggleResponse.swift */,
			);
			path = Models;
			sourceTree = "<group>";
		};
		D5A3808024519B8D005E5E72 /* Stage */ = {
			isa = PBXGroup;
			children = (
				D5A3808124519F29005E5E72 /* GoogleService-Info.plist */,
			);
			path = Stage;
			sourceTree = "<group>";
		};
		D5B207C9244838DA0083FCEC /* constants */ = {
			isa = PBXGroup;
			children = (
				D5B207CA244838EA0083FCEC /* URLConstants.swift */,
			);
			path = constants;
			sourceTree = "<group>";
		};
		D5B207F32448B5CB0083FCEC /* extensions */ = {
			isa = PBXGroup;
			children = (
				D5FA09C5244F03560042A702 /* UINavigationController+statusBar.swift */,
				D568B4472450416E00F8E864 /* URL+utils.swift */,
				D534838F2451DF250019C577 /* String+json.swift */,
				9DD136542452193900A9AC2F /* BluetraceManager+CurrentState.swift */,
			);
			path = extensions;
			sourceTree = "<group>";
		};
		D5B207F724499A830083FCEC /* Live */ = {
			isa = PBXGroup;
			children = (
				D5B207F824499A830083FCEC /* GoogleService-Info.plist */,
			);
			path = Live;
			sourceTree = "<group>";
		};
		D5B207F924499A830083FCEC /* Dev */ = {
			isa = PBXGroup;
			children = (
				D5B207FA24499A830083FCEC /* GoogleService-Info.plist */,
			);
			path = Dev;
			sourceTree = "<group>";
		};
/* End PBXGroup section */

/* Begin PBXNativeTarget section */
		D5308633243EF86E00FCA5DD /* safesafe Live */ = {
			isa = PBXNativeTarget;
			buildConfigurationList = D5308648243EF87000FCA5DD /* Build configuration list for PBXNativeTarget "safesafe Live" */;
			buildPhases = (
				F89107CB3EAE222D3732C980 /* [CP] Check Pods Manifest.lock */,
				D5308630243EF86E00FCA5DD /* Sources */,
				D5308631243EF86E00FCA5DD /* Frameworks */,
				D5308632243EF86E00FCA5DD /* Resources */,
				D5B207E224486E5C0083FCEC /* Embed App Extensions */,
				D5FA09BE244EF9220042A702 /* ShellScript */,
				5F7907AF8667776B11F003F1 /* [CP] Embed Pods Frameworks */,
			);
			buildRules = (
			);
			dependencies = (
			);
			name = "safesafe Live";
			productName = safesafe;
			productReference = D5308634243EF86E00FCA5DD /* safesafe Live.app */;
			productType = "com.apple.product-type.application";
		};
		D5A3805924519A7E005E5E72 /* safesafe Stage */ = {
			isa = PBXNativeTarget;
			buildConfigurationList = D5A3807B24519A7E005E5E72 /* Build configuration list for PBXNativeTarget "safesafe Stage" */;
			buildPhases = (
				DC5187ABA9CF4A67C242B6CF /* [CP] Check Pods Manifest.lock */,
				D5A3805B24519A7E005E5E72 /* Sources */,
				D5A3807224519A7E005E5E72 /* Frameworks */,
				D5A3807424519A7E005E5E72 /* Resources */,
				9CC80AE7F77D38E7B92D7693 /* [CP] Embed Pods Frameworks */,
			);
			buildRules = (
			);
			dependencies = (
			);
			name = "safesafe Stage";
			productName = safesafe;
			productReference = D5A3807E24519A7E005E5E72 /* safesafe Stage.app */;
			productType = "com.apple.product-type.application";
		};
		D5B207A824471AA90083FCEC /* safesafe Dev */ = {
			isa = PBXNativeTarget;
			buildConfigurationList = D5B207BF24471AA90083FCEC /* Build configuration list for PBXNativeTarget "safesafe Dev" */;
			buildPhases = (
				E3A95F95FE04E99A5A7E2CE4 /* [CP] Check Pods Manifest.lock */,
				D5B207AA24471AA90083FCEC /* Sources */,
				D5B207B924471AA90083FCEC /* Frameworks */,
				D5B207BB24471AA90083FCEC /* Resources */,
				119A8BF5BACB245836A9C597 /* [CP] Embed Pods Frameworks */,
			);
			buildRules = (
			);
			dependencies = (
			);
			name = "safesafe Dev";
			productName = safesafe;
			productReference = D5B207C224471AA90083FCEC /* safesafe Dev.app */;
			productType = "com.apple.product-type.application";
		};
/* End PBXNativeTarget section */

/* Begin PBXProject section */
		D530862C243EF86E00FCA5DD /* Project object */ = {
			isa = PBXProject;
			attributes = {
				LastSwiftUpdateCheck = 1140;
				LastUpgradeCheck = 1120;
				ORGANIZATIONNAME = "Lukasz szyszkowski";
				TargetAttributes = {
					D5308633243EF86E00FCA5DD = {
						CreatedOnToolsVersion = 11.2.1;
					};
				};
			};
			buildConfigurationList = D530862F243EF86E00FCA5DD /* Build configuration list for PBXProject "safesafe" */;
			compatibilityVersion = "Xcode 9.3";
			developmentRegion = en;
			hasScannedForEncodings = 0;
			knownRegions = (
				en,
				Base,
			);
			mainGroup = D530862B243EF86E00FCA5DD;
			productRefGroup = D5308635243EF86E00FCA5DD /* Products */;
			projectDirPath = "";
			projectRoot = "";
			targets = (
				D5308633243EF86E00FCA5DD /* safesafe Live */,
				D5B207A824471AA90083FCEC /* safesafe Dev */,
				D5A3805924519A7E005E5E72 /* safesafe Stage */,
			);
		};
/* End PBXProject section */

/* Begin PBXResourcesBuildPhase section */
		D5308632243EF86E00FCA5DD /* Resources */ = {
			isa = PBXResourcesBuildPhase;
			buildActionMask = 2147483647;
			files = (
				D5FA09BC244EF8FB0042A702 /* multipleSimulatorsStartup.sh in Resources */,
				D5308644243EF87000FCA5DD /* LaunchScreen.storyboard in Resources */,
				D5B207FB24499A830083FCEC /* GoogleService-Info.plist in Resources */,
				D5FA09B9244EF82E0042A702 /* SimulatorsList.txt in Resources */,
				D5A380862451A1CA005E5E72 /* Assets.xcassets in Resources */,
			);
			runOnlyForDeploymentPostprocessing = 0;
		};
		D5A3807424519A7E005E5E72 /* Resources */ = {
			isa = PBXResourcesBuildPhase;
			buildActionMask = 2147483647;
			files = (
				D5A3807524519A7E005E5E72 /* multipleSimulatorsStartup.sh in Resources */,
				D5A3807624519A7E005E5E72 /* LaunchScreen.storyboard in Resources */,
				D5A3807924519A7E005E5E72 /* SimulatorsList.txt in Resources */,
				D5A3808224519F29005E5E72 /* GoogleService-Info.plist in Resources */,
				D5A380842451A1C0005E5E72 /* Assets.xcassets in Resources */,
			);
			runOnlyForDeploymentPostprocessing = 0;
		};
		D5B207BB24471AA90083FCEC /* Resources */ = {
			isa = PBXResourcesBuildPhase;
			buildActionMask = 2147483647;
			files = (
				D5FA09BD244EF8FB0042A702 /* multipleSimulatorsStartup.sh in Resources */,
				D5B207BC24471AA90083FCEC /* LaunchScreen.storyboard in Resources */,
				D5B207FE24499A830083FCEC /* GoogleService-Info.plist in Resources */,
				D5FA09BA244EF82E0042A702 /* SimulatorsList.txt in Resources */,
				D5A380852451A1CA005E5E72 /* Assets.xcassets in Resources */,
			);
			runOnlyForDeploymentPostprocessing = 0;
		};
/* End PBXResourcesBuildPhase section */

/* Begin PBXShellScriptBuildPhase section */
		119A8BF5BACB245836A9C597 /* [CP] Embed Pods Frameworks */ = {
			isa = PBXShellScriptBuildPhase;
			buildActionMask = 2147483647;
			files = (
			);
			inputFileListPaths = (
				"${PODS_ROOT}/Target Support Files/Pods-safesafe Dev/Pods-safesafe Dev-frameworks-${CONFIGURATION}-input-files.xcfilelist",
			);
			name = "[CP] Embed Pods Frameworks";
			outputFileListPaths = (
				"${PODS_ROOT}/Target Support Files/Pods-safesafe Dev/Pods-safesafe Dev-frameworks-${CONFIGURATION}-output-files.xcfilelist",
			);
			runOnlyForDeploymentPostprocessing = 0;
			shellPath = /bin/sh;
			shellScript = "\"${PODS_ROOT}/Target Support Files/Pods-safesafe Dev/Pods-safesafe Dev-frameworks.sh\"\n";
			showEnvVarsInLog = 0;
		};
		5F7907AF8667776B11F003F1 /* [CP] Embed Pods Frameworks */ = {
			isa = PBXShellScriptBuildPhase;
			buildActionMask = 2147483647;
			files = (
			);
			inputFileListPaths = (
				"${PODS_ROOT}/Target Support Files/Pods-safesafe Live/Pods-safesafe Live-frameworks-${CONFIGURATION}-input-files.xcfilelist",
			);
			name = "[CP] Embed Pods Frameworks";
			outputFileListPaths = (
				"${PODS_ROOT}/Target Support Files/Pods-safesafe Live/Pods-safesafe Live-frameworks-${CONFIGURATION}-output-files.xcfilelist",
			);
			runOnlyForDeploymentPostprocessing = 0;
			shellPath = /bin/sh;
			shellScript = "\"${PODS_ROOT}/Target Support Files/Pods-safesafe Live/Pods-safesafe Live-frameworks.sh\"\n";
			showEnvVarsInLog = 0;
		};
		9CC80AE7F77D38E7B92D7693 /* [CP] Embed Pods Frameworks */ = {
			isa = PBXShellScriptBuildPhase;
			buildActionMask = 2147483647;
			files = (
			);
			inputFileListPaths = (
				"${PODS_ROOT}/Target Support Files/Pods-safesafe Stage/Pods-safesafe Stage-frameworks-${CONFIGURATION}-input-files.xcfilelist",
			);
			name = "[CP] Embed Pods Frameworks";
			outputFileListPaths = (
				"${PODS_ROOT}/Target Support Files/Pods-safesafe Stage/Pods-safesafe Stage-frameworks-${CONFIGURATION}-output-files.xcfilelist",
			);
			runOnlyForDeploymentPostprocessing = 0;
			shellPath = /bin/sh;
			shellScript = "\"${PODS_ROOT}/Target Support Files/Pods-safesafe Stage/Pods-safesafe Stage-frameworks.sh\"\n";
			showEnvVarsInLog = 0;
		};
		D5FA09BE244EF9220042A702 /* ShellScript */ = {
			isa = PBXShellScriptBuildPhase;
			buildActionMask = 2147483647;
			files = (
			);
			inputFileListPaths = (
			);
			inputPaths = (
			);
			outputFileListPaths = (
			);
			outputPaths = (
			);
			runOnlyForDeploymentPostprocessing = 0;
			shellPath = /bin/sh;
			shellScript = "custom_sim=`xcrun simctl list | grep 'Custom Simulators' | awk -F'[()]' '{print $2}'`\nif [ ! -z \"${custom_sim}\" ] && [ \"${TARGET_DEVICE_IDENTIFIER}\" = \"${custom_sim}\" ]; then\n/bin/sh multipleSimulatorsStartup.sh\nfi\n";
		};
		DC5187ABA9CF4A67C242B6CF /* [CP] Check Pods Manifest.lock */ = {
			isa = PBXShellScriptBuildPhase;
			buildActionMask = 2147483647;
			files = (
			);
			inputFileListPaths = (
			);
			inputPaths = (
				"${PODS_PODFILE_DIR_PATH}/Podfile.lock",
				"${PODS_ROOT}/Manifest.lock",
			);
			name = "[CP] Check Pods Manifest.lock";
			outputFileListPaths = (
			);
			outputPaths = (
				"$(DERIVED_FILE_DIR)/Pods-safesafe Stage-checkManifestLockResult.txt",
			);
			runOnlyForDeploymentPostprocessing = 0;
			shellPath = /bin/sh;
			shellScript = "diff \"${PODS_PODFILE_DIR_PATH}/Podfile.lock\" \"${PODS_ROOT}/Manifest.lock\" > /dev/null\nif [ $? != 0 ] ; then\n    # print error to STDERR\n    echo \"error: The sandbox is not in sync with the Podfile.lock. Run 'pod install' or update your CocoaPods installation.\" >&2\n    exit 1\nfi\n# This output is used by Xcode 'outputs' to avoid re-running this script phase.\necho \"SUCCESS\" > \"${SCRIPT_OUTPUT_FILE_0}\"\n";
			showEnvVarsInLog = 0;
		};
		E3A95F95FE04E99A5A7E2CE4 /* [CP] Check Pods Manifest.lock */ = {
			isa = PBXShellScriptBuildPhase;
			buildActionMask = 2147483647;
			files = (
			);
			inputFileListPaths = (
			);
			inputPaths = (
				"${PODS_PODFILE_DIR_PATH}/Podfile.lock",
				"${PODS_ROOT}/Manifest.lock",
			);
			name = "[CP] Check Pods Manifest.lock";
			outputFileListPaths = (
			);
			outputPaths = (
				"$(DERIVED_FILE_DIR)/Pods-safesafe Dev-checkManifestLockResult.txt",
			);
			runOnlyForDeploymentPostprocessing = 0;
			shellPath = /bin/sh;
			shellScript = "diff \"${PODS_PODFILE_DIR_PATH}/Podfile.lock\" \"${PODS_ROOT}/Manifest.lock\" > /dev/null\nif [ $? != 0 ] ; then\n    # print error to STDERR\n    echo \"error: The sandbox is not in sync with the Podfile.lock. Run 'pod install' or update your CocoaPods installation.\" >&2\n    exit 1\nfi\n# This output is used by Xcode 'outputs' to avoid re-running this script phase.\necho \"SUCCESS\" > \"${SCRIPT_OUTPUT_FILE_0}\"\n";
			showEnvVarsInLog = 0;
		};
		F89107CB3EAE222D3732C980 /* [CP] Check Pods Manifest.lock */ = {
			isa = PBXShellScriptBuildPhase;
			buildActionMask = 2147483647;
			files = (
			);
			inputFileListPaths = (
			);
			inputPaths = (
				"${PODS_PODFILE_DIR_PATH}/Podfile.lock",
				"${PODS_ROOT}/Manifest.lock",
			);
			name = "[CP] Check Pods Manifest.lock";
			outputFileListPaths = (
			);
			outputPaths = (
				"$(DERIVED_FILE_DIR)/Pods-safesafe Live-checkManifestLockResult.txt",
			);
			runOnlyForDeploymentPostprocessing = 0;
			shellPath = /bin/sh;
			shellScript = "diff \"${PODS_PODFILE_DIR_PATH}/Podfile.lock\" \"${PODS_ROOT}/Manifest.lock\" > /dev/null\nif [ $? != 0 ] ; then\n    # print error to STDERR\n    echo \"error: The sandbox is not in sync with the Podfile.lock. Run 'pod install' or update your CocoaPods installation.\" >&2\n    exit 1\nfi\n# This output is used by Xcode 'outputs' to avoid re-running this script phase.\necho \"SUCCESS\" > \"${SCRIPT_OUTPUT_FILE_0}\"\n";
			showEnvVarsInLog = 0;
		};
/* End PBXShellScriptBuildPhase section */

/* Begin PBXSourcesBuildPhase section */
		D5308630243EF86E00FCA5DD /* Sources */ = {
			isa = PBXSourcesBuildPhase;
			buildActionMask = 2147483647;
			files = (
				D5308661243F00F300FCA5DD /* AppCoordinator.swift in Sources */,
				D54971592451C6F1009F0AF1 /* FirebaseAPIs.swift in Sources */,
				D5308638243EF86E00FCA5DD /* AppDelegate.swift in Sources */,
				D530863A243EF86E00FCA5DD /* SceneDelegate.swift in Sources */,
				D54971A92451C75F009F0AF1 /* PogoManager.swift in Sources */,
				D5B207CB244838EA0083FCEC /* URLConstants.swift in Sources */,
				D530864D243EF8B600FCA5DD /* PollCoordinator.swift in Sources */,
				D54971732451C705009F0AF1 /* BluetraceUtils.swift in Sources */,
				D54971762451C705009F0AF1 /* DeviceInfo.swift in Sources */,
				D5B207C5244822280083FCEC /* JSBridge.swift in Sources */,
				D54971992451C73D009F0AF1 /* Bluetrace.swift in Sources */,
				D54971672451C705009F0AF1 /* CentralController.swift in Sources */,
				D549716A2451C705009F0AF1 /* BlueTraceLocalNotifications.swift in Sources */,
				D530865C243EFB3200FCA5DD /* ViewController.swift in Sources */,
				D5308657243EF94C00FCA5DD /* ViewControllerType.swift in Sources */,
				D5B207C7244822890083FCEC /* Logger.swift in Sources */,
				D54971702451C705009F0AF1 /* PeripheralController.swift in Sources */,
				D5FA09C6244F03570042A702 /* UINavigationController+statusBar.swift in Sources */,
				D54971502451C6D1009F0AF1 /* PushNotificationConstants.swift in Sources */,
				D54971A42451C755009F0AF1 /* EncounterRecord.swift in Sources */,
				D549716D2451C705009F0AF1 /* BluetraceManager.swift in Sources */,
				D549718A2451C727009F0AF1 /* Encounter+CoreDataClass.swift in Sources */,
				D530866A243F0FB600FCA5DD /* PWAViewController.swift in Sources */,
				D530864F243EF8BF00FCA5DD /* PollViewController.swift in Sources */,
				D5791CE6244DB826000039C5 /* URLAction.swift in Sources */,
				D534839D2451E3D70019C577 /* InternalError.swift in Sources */,
				D54971B22451CD23009F0AF1 /* SurveyFinishedResponse.swift in Sources */,
				D54971A12451C755009F0AF1 /* Encounter+EncounterRecord.swift in Sources */,
				D53483982451E37C0019C577 /* AppStatus.swift in Sources */,
				D54971942451C736009F0AF1 /* BluetraceV2.swift in Sources */,
				D53483902451DF250019C577 /* String+json.swift in Sources */,
				D568B4482450416E00F8E864 /* URL+utils.swift in Sources */,
				D5308664243F03DF00FCA5DD /* AppManager.swift in Sources */,
				D54971562451C6F1009F0AF1 /* PlistHelper.swift in Sources */,
				82ED892F2448431500305D4B /* NotificationManager.swift in Sources */,
				9DD136552452193900A9AC2F /* BluetraceManager+CurrentState.swift in Sources */,
				D53483952451E37C0019C577 /* AppStatusManager.swift in Sources */,
				D54971AC2451C75F009F0AF1 /* PogoInstructionsViewController.swift in Sources */,
				D54971792451C705009F0AF1 /* BluetraceConfig.swift in Sources */,
				D5308666243F048C00FCA5DD /* StoredDefaults.swift in Sources */,
				D5308651243EF8C900FCA5DD /* PollViewModel.swift in Sources */,
				D530866C243F0FBF00FCA5DD /* PWAViewModel.swift in Sources */,
				D54971872451C727009F0AF1 /* tracer.xcdatamodeld in Sources */,
				D5308659243EF99500FCA5DD /* CoordinatorType.swift in Sources */,
				D5FA09C0244EFE4B0042A702 /* NavigationController.swift in Sources */,
				D534838C2451DEDB0019C577 /* OpentraceToggleResponse.swift in Sources */,
				D549718D2451C727009F0AF1 /* Encounter+Event.swift in Sources */,
				D54971902451C727009F0AF1 /* Encounter+CoreDataProperties.swift in Sources */,
				D5308655243EF92D00FCA5DD /* ViewModelType.swift in Sources */,
				D549719C2451C73D009F0AF1 /* BluetraceProtocol.swift in Sources */,
				D549717C2451C705009F0AF1 /* EncounterMessageManager.swift in Sources */,
			);
			runOnlyForDeploymentPostprocessing = 0;
		};
		D5A3805B24519A7E005E5E72 /* Sources */ = {
			isa = PBXSourcesBuildPhase;
			buildActionMask = 2147483647;
			files = (
				D5A3805C24519A7E005E5E72 /* AppCoordinator.swift in Sources */,
				D549715B2451C6F1009F0AF1 /* FirebaseAPIs.swift in Sources */,
				D5A3805D24519A7E005E5E72 /* AppDelegate.swift in Sources */,
				D5A3805E24519A7E005E5E72 /* SceneDelegate.swift in Sources */,
				D54971AB2451C75F009F0AF1 /* PogoManager.swift in Sources */,
				D5A3805F24519A7E005E5E72 /* PollCoordinator.swift in Sources */,
				D5A3806024519A7E005E5E72 /* ViewController.swift in Sources */,
				D54971752451C705009F0AF1 /* BluetraceUtils.swift in Sources */,
				D54971782451C705009F0AF1 /* DeviceInfo.swift in Sources */,
				D5A3806124519A7E005E5E72 /* ViewControllerType.swift in Sources */,
				D549719B2451C73D009F0AF1 /* Bluetrace.swift in Sources */,
				D54971692451C705009F0AF1 /* CentralController.swift in Sources */,
				D549716C2451C705009F0AF1 /* BlueTraceLocalNotifications.swift in Sources */,
				D5A3806224519A7E005E5E72 /* PWAViewController.swift in Sources */,
				D5A3806324519A7E005E5E72 /* JSBridge.swift in Sources */,
				D5A3806424519A7E005E5E72 /* PollViewController.swift in Sources */,
				D54971722451C705009F0AF1 /* PeripheralController.swift in Sources */,
				D5A3806524519A7E005E5E72 /* UINavigationController+statusBar.swift in Sources */,
				D54971522451C6D1009F0AF1 /* PushNotificationConstants.swift in Sources */,
				D54971A62451C755009F0AF1 /* EncounterRecord.swift in Sources */,
				D549716F2451C705009F0AF1 /* BluetraceManager.swift in Sources */,
				D549718C2451C727009F0AF1 /* Encounter+CoreDataClass.swift in Sources */,
				D5A3806624519A7E005E5E72 /* AppManager.swift in Sources */,
				D5A3806724519A7E005E5E72 /* StoredDefaults.swift in Sources */,
				D5A3806824519A7E005E5E72 /* URLAction.swift in Sources */,
				D534839F2451E3D70019C577 /* InternalError.swift in Sources */,
				D54971B42451CD23009F0AF1 /* SurveyFinishedResponse.swift in Sources */,
				D54971A32451C755009F0AF1 /* Encounter+EncounterRecord.swift in Sources */,
				D534839A2451E37C0019C577 /* AppStatus.swift in Sources */,
				D54971962451C736009F0AF1 /* BluetraceV2.swift in Sources */,
				D53483922451DF250019C577 /* String+json.swift in Sources */,
				D5A3806924519A7E005E5E72 /* URL+utils.swift in Sources */,
				D5A3806A24519A7E005E5E72 /* Logger.swift in Sources */,
				D54971582451C6F1009F0AF1 /* PlistHelper.swift in Sources */,
				D5A3806B24519A7E005E5E72 /* NotificationManager.swift in Sources */,
				9DD13657245219AA00A9AC2F /* BluetraceManager+CurrentState.swift in Sources */,
				D53483972451E37C0019C577 /* AppStatusManager.swift in Sources */,
				D54971AE2451C75F009F0AF1 /* PogoInstructionsViewController.swift in Sources */,
				D549717B2451C705009F0AF1 /* BluetraceConfig.swift in Sources */,
				D5A3806C24519A7E005E5E72 /* PollViewModel.swift in Sources */,
				D5A3806D24519A7E005E5E72 /* PWAViewModel.swift in Sources */,
				D5A3806E24519A7E005E5E72 /* URLConstants.swift in Sources */,
				D54971892451C727009F0AF1 /* tracer.xcdatamodeld in Sources */,
				D5A3806F24519A7E005E5E72 /* CoordinatorType.swift in Sources */,
				D5A3807024519A7E005E5E72 /* NavigationController.swift in Sources */,
				D534838E2451DEDB0019C577 /* OpentraceToggleResponse.swift in Sources */,
				D549718F2451C727009F0AF1 /* Encounter+Event.swift in Sources */,
				D54971922451C727009F0AF1 /* Encounter+CoreDataProperties.swift in Sources */,
				D5A3807124519A7E005E5E72 /* ViewModelType.swift in Sources */,
				D549719E2451C73D009F0AF1 /* BluetraceProtocol.swift in Sources */,
				D549717E2451C705009F0AF1 /* EncounterMessageManager.swift in Sources */,
			);
			runOnlyForDeploymentPostprocessing = 0;
		};
		D5B207AA24471AA90083FCEC /* Sources */ = {
			isa = PBXSourcesBuildPhase;
			buildActionMask = 2147483647;
			files = (
				D5B207AB24471AA90083FCEC /* AppCoordinator.swift in Sources */,
				D549715A2451C6F1009F0AF1 /* FirebaseAPIs.swift in Sources */,
				D5B207AC24471AA90083FCEC /* AppDelegate.swift in Sources */,
				D5B207AD24471AA90083FCEC /* SceneDelegate.swift in Sources */,
				D54971AA2451C75F009F0AF1 /* PogoManager.swift in Sources */,
				D5B207AE24471AA90083FCEC /* PollCoordinator.swift in Sources */,
				D5B207AF24471AA90083FCEC /* ViewController.swift in Sources */,
				D54971742451C705009F0AF1 /* BluetraceUtils.swift in Sources */,
				D54971772451C705009F0AF1 /* DeviceInfo.swift in Sources */,
				D5B207B024471AA90083FCEC /* ViewControllerType.swift in Sources */,
				D549719A2451C73D009F0AF1 /* Bluetrace.swift in Sources */,
				D54971682451C705009F0AF1 /* CentralController.swift in Sources */,
				D549716B2451C705009F0AF1 /* BlueTraceLocalNotifications.swift in Sources */,
				D5B207B124471AA90083FCEC /* PWAViewController.swift in Sources */,
				824DCE1B2448400B00C1EADC /* JSBridge.swift in Sources */,
				D5B207B224471AA90083FCEC /* PollViewController.swift in Sources */,
				D54971712451C705009F0AF1 /* PeripheralController.swift in Sources */,
				D5FA09C7244F03570042A702 /* UINavigationController+statusBar.swift in Sources */,
				D54971512451C6D1009F0AF1 /* PushNotificationConstants.swift in Sources */,
				D54971A52451C755009F0AF1 /* EncounterRecord.swift in Sources */,
				D549716E2451C705009F0AF1 /* BluetraceManager.swift in Sources */,
				D549718B2451C727009F0AF1 /* Encounter+CoreDataClass.swift in Sources */,
				D5B207B324471AA90083FCEC /* AppManager.swift in Sources */,
				D5B207B424471AA90083FCEC /* StoredDefaults.swift in Sources */,
				D5791CE7244DB826000039C5 /* URLAction.swift in Sources */,
				D534839E2451E3D70019C577 /* InternalError.swift in Sources */,
				D54971B32451CD23009F0AF1 /* SurveyFinishedResponse.swift in Sources */,
				D54971A22451C755009F0AF1 /* Encounter+EncounterRecord.swift in Sources */,
				D53483992451E37C0019C577 /* AppStatus.swift in Sources */,
				D54971952451C736009F0AF1 /* BluetraceV2.swift in Sources */,
				D53483912451DF250019C577 /* String+json.swift in Sources */,
				D568B4492450416E00F8E864 /* URL+utils.swift in Sources */,
				D5B207C8244822890083FCEC /* Logger.swift in Sources */,
				D54971572451C6F1009F0AF1 /* PlistHelper.swift in Sources */,
				82ED89302448431500305D4B /* NotificationManager.swift in Sources */,
				9DD13656245219A100A9AC2F /* BluetraceManager+CurrentState.swift in Sources */,
				D53483962451E37C0019C577 /* AppStatusManager.swift in Sources */,
				D54971AD2451C75F009F0AF1 /* PogoInstructionsViewController.swift in Sources */,
				D549717A2451C705009F0AF1 /* BluetraceConfig.swift in Sources */,
				D5B207B524471AA90083FCEC /* PollViewModel.swift in Sources */,
				D5B207B624471AA90083FCEC /* PWAViewModel.swift in Sources */,
				824DCE1A24483FF800C1EADC /* URLConstants.swift in Sources */,
				D54971882451C727009F0AF1 /* tracer.xcdatamodeld in Sources */,
				D5B207B724471AA90083FCEC /* CoordinatorType.swift in Sources */,
				D5FA09C1244EFE4B0042A702 /* NavigationController.swift in Sources */,
				D534838D2451DEDB0019C577 /* OpentraceToggleResponse.swift in Sources */,
				D549718E2451C727009F0AF1 /* Encounter+Event.swift in Sources */,
				D54971912451C727009F0AF1 /* Encounter+CoreDataProperties.swift in Sources */,
				D5B207B824471AA90083FCEC /* ViewModelType.swift in Sources */,
				D549719D2451C73D009F0AF1 /* BluetraceProtocol.swift in Sources */,
				D549717D2451C705009F0AF1 /* EncounterMessageManager.swift in Sources */,
			);
			runOnlyForDeploymentPostprocessing = 0;
		};
/* End PBXSourcesBuildPhase section */

/* Begin PBXVariantGroup section */
		D5308642243EF87000FCA5DD /* LaunchScreen.storyboard */ = {
			isa = PBXVariantGroup;
			children = (
				D5308643243EF87000FCA5DD /* Base */,
			);
			name = LaunchScreen.storyboard;
			sourceTree = "<group>";
		};
/* End PBXVariantGroup section */

/* Begin XCBuildConfiguration section */
		D5308646243EF87000FCA5DD /* Debug */ = {
			isa = XCBuildConfiguration;
			buildSettings = {
				ALWAYS_SEARCH_USER_PATHS = NO;
				CLANG_ANALYZER_NONNULL = YES;
				CLANG_ANALYZER_NUMBER_OBJECT_CONVERSION = YES_AGGRESSIVE;
				CLANG_CXX_LANGUAGE_STANDARD = "gnu++14";
				CLANG_CXX_LIBRARY = "libc++";
				CLANG_ENABLE_MODULES = YES;
				CLANG_ENABLE_OBJC_ARC = YES;
				CLANG_ENABLE_OBJC_WEAK = YES;
				CLANG_WARN_BLOCK_CAPTURE_AUTORELEASING = YES;
				CLANG_WARN_BOOL_CONVERSION = YES;
				CLANG_WARN_COMMA = YES;
				CLANG_WARN_CONSTANT_CONVERSION = YES;
				CLANG_WARN_DEPRECATED_OBJC_IMPLEMENTATIONS = YES;
				CLANG_WARN_DIRECT_OBJC_ISA_USAGE = YES_ERROR;
				CLANG_WARN_DOCUMENTATION_COMMENTS = YES;
				CLANG_WARN_EMPTY_BODY = YES;
				CLANG_WARN_ENUM_CONVERSION = YES;
				CLANG_WARN_INFINITE_RECURSION = YES;
				CLANG_WARN_INT_CONVERSION = YES;
				CLANG_WARN_NON_LITERAL_NULL_CONVERSION = YES;
				CLANG_WARN_OBJC_IMPLICIT_RETAIN_SELF = YES;
				CLANG_WARN_OBJC_LITERAL_CONVERSION = YES;
				CLANG_WARN_OBJC_ROOT_CLASS = YES_ERROR;
				CLANG_WARN_RANGE_LOOP_ANALYSIS = YES;
				CLANG_WARN_STRICT_PROTOTYPES = YES;
				CLANG_WARN_SUSPICIOUS_MOVE = YES;
				CLANG_WARN_UNGUARDED_AVAILABILITY = YES_AGGRESSIVE;
				CLANG_WARN_UNREACHABLE_CODE = YES;
				CLANG_WARN__DUPLICATE_METHOD_MATCH = YES;
				COPY_PHASE_STRIP = NO;
				DEBUG_INFORMATION_FORMAT = dwarf;
				ENABLE_STRICT_OBJC_MSGSEND = YES;
				ENABLE_TESTABILITY = YES;
				GCC_C_LANGUAGE_STANDARD = gnu11;
				GCC_DYNAMIC_NO_PIC = NO;
				GCC_NO_COMMON_BLOCKS = YES;
				GCC_OPTIMIZATION_LEVEL = 0;
				GCC_PREPROCESSOR_DEFINITIONS = (
					"DEBUG=1",
					"$(inherited)",
				);
				GCC_WARN_64_TO_32_BIT_CONVERSION = YES;
				GCC_WARN_ABOUT_RETURN_TYPE = YES_ERROR;
				GCC_WARN_UNDECLARED_SELECTOR = YES;
				GCC_WARN_UNINITIALIZED_AUTOS = YES_AGGRESSIVE;
				GCC_WARN_UNUSED_FUNCTION = YES;
				GCC_WARN_UNUSED_VARIABLE = YES;
				IPHONEOS_DEPLOYMENT_TARGET = 13.2;
				MTL_ENABLE_DEBUG_INFO = INCLUDE_SOURCE;
				MTL_FAST_MATH = YES;
				ONLY_ACTIVE_ARCH = YES;
				SDKROOT = iphoneos;
				SWIFT_ACTIVE_COMPILATION_CONDITIONS = DEBUG;
				SWIFT_OPTIMIZATION_LEVEL = "-Onone";
			};
			name = Debug;
		};
		D5308647243EF87000FCA5DD /* Release */ = {
			isa = XCBuildConfiguration;
			buildSettings = {
				ALWAYS_SEARCH_USER_PATHS = NO;
				CLANG_ANALYZER_NONNULL = YES;
				CLANG_ANALYZER_NUMBER_OBJECT_CONVERSION = YES_AGGRESSIVE;
				CLANG_CXX_LANGUAGE_STANDARD = "gnu++14";
				CLANG_CXX_LIBRARY = "libc++";
				CLANG_ENABLE_MODULES = YES;
				CLANG_ENABLE_OBJC_ARC = YES;
				CLANG_ENABLE_OBJC_WEAK = YES;
				CLANG_WARN_BLOCK_CAPTURE_AUTORELEASING = YES;
				CLANG_WARN_BOOL_CONVERSION = YES;
				CLANG_WARN_COMMA = YES;
				CLANG_WARN_CONSTANT_CONVERSION = YES;
				CLANG_WARN_DEPRECATED_OBJC_IMPLEMENTATIONS = YES;
				CLANG_WARN_DIRECT_OBJC_ISA_USAGE = YES_ERROR;
				CLANG_WARN_DOCUMENTATION_COMMENTS = YES;
				CLANG_WARN_EMPTY_BODY = YES;
				CLANG_WARN_ENUM_CONVERSION = YES;
				CLANG_WARN_INFINITE_RECURSION = YES;
				CLANG_WARN_INT_CONVERSION = YES;
				CLANG_WARN_NON_LITERAL_NULL_CONVERSION = YES;
				CLANG_WARN_OBJC_IMPLICIT_RETAIN_SELF = YES;
				CLANG_WARN_OBJC_LITERAL_CONVERSION = YES;
				CLANG_WARN_OBJC_ROOT_CLASS = YES_ERROR;
				CLANG_WARN_RANGE_LOOP_ANALYSIS = YES;
				CLANG_WARN_STRICT_PROTOTYPES = YES;
				CLANG_WARN_SUSPICIOUS_MOVE = YES;
				CLANG_WARN_UNGUARDED_AVAILABILITY = YES_AGGRESSIVE;
				CLANG_WARN_UNREACHABLE_CODE = YES;
				CLANG_WARN__DUPLICATE_METHOD_MATCH = YES;
				COPY_PHASE_STRIP = NO;
				DEBUG_INFORMATION_FORMAT = "dwarf-with-dsym";
				ENABLE_NS_ASSERTIONS = NO;
				ENABLE_STRICT_OBJC_MSGSEND = YES;
				GCC_C_LANGUAGE_STANDARD = gnu11;
				GCC_NO_COMMON_BLOCKS = YES;
				GCC_WARN_64_TO_32_BIT_CONVERSION = YES;
				GCC_WARN_ABOUT_RETURN_TYPE = YES_ERROR;
				GCC_WARN_UNDECLARED_SELECTOR = YES;
				GCC_WARN_UNINITIALIZED_AUTOS = YES_AGGRESSIVE;
				GCC_WARN_UNUSED_FUNCTION = YES;
				GCC_WARN_UNUSED_VARIABLE = YES;
				IPHONEOS_DEPLOYMENT_TARGET = 13.2;
				MTL_ENABLE_DEBUG_INFO = NO;
				MTL_FAST_MATH = YES;
				SDKROOT = iphoneos;
				SWIFT_COMPILATION_MODE = wholemodule;
				SWIFT_OPTIMIZATION_LEVEL = "-O";
				VALIDATE_PRODUCT = YES;
			};
			name = Release;
		};
		D5308649243EF87000FCA5DD /* Debug */ = {
			isa = XCBuildConfiguration;
			baseConfigurationReference = 110EBE6E50AFC7C0FB224836 /* Pods-safesafe Live.debug.xcconfig */;
			buildSettings = {
				ALWAYS_EMBED_SWIFT_STANDARD_LIBRARIES = YES;
				ASSETCATALOG_COMPILER_APPICON_NAME = AppIcon;
				CODE_SIGN_ENTITLEMENTS = "safesafe Live.entitlements";
				CODE_SIGN_IDENTITY = "iPhone Developer";
				CODE_SIGN_STYLE = Manual;
				CURRENT_PROJECT_VERSION = 15;
				DEVELOPMENT_TEAM = QZ7GPNNM9G;
				INFOPLIST_FILE = "safesafe/Info-live.plist";
				IPHONEOS_DEPLOYMENT_TARGET = 12.1;
				LD_RUNPATH_SEARCH_PATHS = (
					"$(inherited)",
					"@executable_path/Frameworks",
				);
				MARKETING_VERSION = 2.0.0;
				OTHER_SWIFT_FLAGS = "$(inherited) -D COCOAPODS -D LIVE";
				PRODUCT_BUNDLE_IDENTIFIER = pl.gov.mc.protegosafe;
				PRODUCT_NAME = "$(TARGET_NAME)";
				PROVISIONING_PROFILE_SPECIFIER = "protegosafe-development";
				SWIFT_VERSION = 5.0;
				TARGETED_DEVICE_FAMILY = 1;
				VERSIONING_SYSTEM = "apple-generic";
			};
			name = Debug;
		};
		D530864A243EF87000FCA5DD /* Release */ = {
			isa = XCBuildConfiguration;
			baseConfigurationReference = E8510F6BEFC1627FDD12E1D5 /* Pods-safesafe Live.release.xcconfig */;
			buildSettings = {
				ALWAYS_EMBED_SWIFT_STANDARD_LIBRARIES = YES;
				ASSETCATALOG_COMPILER_APPICON_NAME = AppIcon;
				CODE_SIGN_ENTITLEMENTS = "safesafe Live.entitlements";
				CODE_SIGN_IDENTITY = "iPhone Distribution";
				CODE_SIGN_STYLE = Manual;
				CURRENT_PROJECT_VERSION = 15;
				DEVELOPMENT_TEAM = 85GAG994R5;
				INFOPLIST_FILE = "safesafe/Info-live.plist";
				IPHONEOS_DEPLOYMENT_TARGET = 12.1;
				LD_RUNPATH_SEARCH_PATHS = (
					"$(inherited)",
					"@executable_path/Frameworks",
				);
				MARKETING_VERSION = 2.0.0;
				OTHER_SWIFT_FLAGS = "$(inherited) -D COCOAPODS -D LIVE";
				PRODUCT_BUNDLE_IDENTIFIER = pl.gov.mc.protegosafe;
				PRODUCT_NAME = "$(TARGET_NAME)";
				PROVISIONING_PROFILE_SPECIFIER = "protegosafe-appstore";
				SWIFT_VERSION = 5.0;
				TARGETED_DEVICE_FAMILY = 1;
				VERSIONING_SYSTEM = "apple-generic";
			};
			name = Release;
		};
		D5A3807C24519A7E005E5E72 /* Debug */ = {
			isa = XCBuildConfiguration;
			baseConfigurationReference = 6F42163875A2A303FD6F3C11 /* Pods-safesafe Stage.debug.xcconfig */;
			buildSettings = {
				ASSETCATALOG_COMPILER_APPICON_NAME = "AppIcon-Stage";
				CODE_SIGN_ENTITLEMENTS = "safesafe Dev.entitlements";
				CODE_SIGN_IDENTITY = "Apple Development";
				CODE_SIGN_STYLE = Automatic;
				CURRENT_PROJECT_VERSION = 21;
				DEVELOPMENT_TEAM = 85GAG994R5;
				INFOPLIST_FILE = safesafe/Info.stage.plist;
				IPHONEOS_DEPLOYMENT_TARGET = 12.1;
				LD_RUNPATH_SEARCH_PATHS = (
					"$(inherited)",
					"@executable_path/Frameworks",
				);
				MARKETING_VERSION = 2.0.0;
				OTHER_SWIFT_FLAGS = "$(inherited) -D COCOAPODS -D STAGE";
				PRODUCT_BUNDLE_IDENTIFIER = "pl.gov.mc.protegosafe-staging";
				PRODUCT_NAME = "$(TARGET_NAME)";
				PROVISIONING_PROFILE_SPECIFIER = "";
				SWIFT_VERSION = 5.0;
				TARGETED_DEVICE_FAMILY = 1;
				VERSIONING_SYSTEM = "apple-generic";
			};
			name = Debug;
		};
		D5A3807D24519A7E005E5E72 /* Release */ = {
			isa = XCBuildConfiguration;
			baseConfigurationReference = 30280387A8852BC6F543C1A8 /* Pods-safesafe Stage.release.xcconfig */;
			buildSettings = {
				ASSETCATALOG_COMPILER_APPICON_NAME = "AppIcon-Stage";
				CODE_SIGN_ENTITLEMENTS = "safesafe Dev.entitlements";
				CODE_SIGN_IDENTITY = "Apple Development";
				CODE_SIGN_STYLE = Automatic;
				CURRENT_PROJECT_VERSION = 21;
				DEVELOPMENT_TEAM = 85GAG994R5;
				INFOPLIST_FILE = safesafe/Info.stage.plist;
				IPHONEOS_DEPLOYMENT_TARGET = 12.1;
				LD_RUNPATH_SEARCH_PATHS = (
					"$(inherited)",
					"@executable_path/Frameworks",
				);
				MARKETING_VERSION = 2.0.0;
				OTHER_SWIFT_FLAGS = "$(inherited) -D COCOAPODS -D STAGE";
				PRODUCT_BUNDLE_IDENTIFIER = "pl.gov.mc.protegosafe-staging";
				PRODUCT_NAME = "$(TARGET_NAME)";
				PROVISIONING_PROFILE_SPECIFIER = "";
				SWIFT_VERSION = 5.0;
				TARGETED_DEVICE_FAMILY = 1;
				VERSIONING_SYSTEM = "apple-generic";
			};
			name = Release;
		};
		D5B207C024471AA90083FCEC /* Debug */ = {
			isa = XCBuildConfiguration;
			baseConfigurationReference = 2077862E72E6D28EA0BD5C8B /* Pods-safesafe Dev.debug.xcconfig */;
			buildSettings = {
				ASSETCATALOG_COMPILER_APPICON_NAME = "AppIcon-Dev";
				CODE_SIGN_ENTITLEMENTS = "safesafe Dev.entitlements";
				CODE_SIGN_IDENTITY = "iPhone Developer";
				CODE_SIGN_STYLE = Manual;
				CURRENT_PROJECT_VERSION = 15;
				DEVELOPMENT_TEAM = HU9FKSEQXD;
				INFOPLIST_FILE = "safesafe/Info-dev.plist";
				IPHONEOS_DEPLOYMENT_TARGET = 12.1;
				LD_RUNPATH_SEARCH_PATHS = (
					"$(inherited)",
					"@executable_path/Frameworks",
				);
				MARKETING_VERSION = 2.0.0;
				OTHER_SWIFT_FLAGS = "$(inherited) -D COCOAPODS -D DEV";
				PRODUCT_BUNDLE_IDENTIFIER = se.sigmaconnectivity.protegosafe;
				PRODUCT_NAME = "$(TARGET_NAME)";
				PROVISIONING_PROFILE_SPECIFIER = "protegosafe-development";
				SWIFT_VERSION = 5.0;
				TARGETED_DEVICE_FAMILY = 1;
				VERSIONING_SYSTEM = "apple-generic";
			};
			name = Debug;
		};
		D5B207C124471AA90083FCEC /* Release */ = {
			isa = XCBuildConfiguration;
			baseConfigurationReference = 02EE6C6CFBEC3BACD392443E /* Pods-safesafe Dev.release.xcconfig */;
			buildSettings = {
				ASSETCATALOG_COMPILER_APPICON_NAME = "AppIcon-Dev";
				CODE_SIGN_ENTITLEMENTS = "safesafe Dev.entitlements";
				CODE_SIGN_IDENTITY = "iPhone Developer";
				CODE_SIGN_STYLE = Manual;
				CURRENT_PROJECT_VERSION = 15;
				DEVELOPMENT_TEAM = HU9FKSEQXD;
				INFOPLIST_FILE = "safesafe/Info-dev.plist";
				IPHONEOS_DEPLOYMENT_TARGET = 12.1;
				LD_RUNPATH_SEARCH_PATHS = (
					"$(inherited)",
					"@executable_path/Frameworks",
				);
				MARKETING_VERSION = 2.0.0;
				OTHER_SWIFT_FLAGS = "$(inherited) -D COCOAPODS -D DEV";
				PRODUCT_BUNDLE_IDENTIFIER = se.sigmaconnectivity.protegosafe;
				PRODUCT_NAME = "$(TARGET_NAME)";
				PROVISIONING_PROFILE_SPECIFIER = "protegosafe-development";
				SWIFT_VERSION = 5.0;
				TARGETED_DEVICE_FAMILY = 1;
				VERSIONING_SYSTEM = "apple-generic";
			};
			name = Release;
		};
/* End XCBuildConfiguration section */

/* Begin XCConfigurationList section */
		D530862F243EF86E00FCA5DD /* Build configuration list for PBXProject "safesafe" */ = {
			isa = XCConfigurationList;
			buildConfigurations = (
				D5308646243EF87000FCA5DD /* Debug */,
				D5308647243EF87000FCA5DD /* Release */,
			);
			defaultConfigurationIsVisible = 0;
			defaultConfigurationName = Release;
		};
		D5308648243EF87000FCA5DD /* Build configuration list for PBXNativeTarget "safesafe Live" */ = {
			isa = XCConfigurationList;
			buildConfigurations = (
				D5308649243EF87000FCA5DD /* Debug */,
				D530864A243EF87000FCA5DD /* Release */,
			);
			defaultConfigurationIsVisible = 0;
			defaultConfigurationName = Release;
		};
		D5A3807B24519A7E005E5E72 /* Build configuration list for PBXNativeTarget "safesafe Stage" */ = {
			isa = XCConfigurationList;
			buildConfigurations = (
				D5A3807C24519A7E005E5E72 /* Debug */,
				D5A3807D24519A7E005E5E72 /* Release */,
			);
			defaultConfigurationIsVisible = 0;
			defaultConfigurationName = Release;
		};
		D5B207BF24471AA90083FCEC /* Build configuration list for PBXNativeTarget "safesafe Dev" */ = {
			isa = XCConfigurationList;
			buildConfigurations = (
				D5B207C024471AA90083FCEC /* Debug */,
				D5B207C124471AA90083FCEC /* Release */,
			);
			defaultConfigurationIsVisible = 0;
			defaultConfigurationName = Release;
		};
/* End XCConfigurationList section */

/* Begin XCVersionGroup section */
		D54971822451C727009F0AF1 /* tracer.xcdatamodeld */ = {
			isa = XCVersionGroup;
			children = (
				D54971832451C727009F0AF1 /* Model.xcdatamodel */,
			);
			currentVersion = D54971832451C727009F0AF1 /* Model.xcdatamodel */;
			path = tracer.xcdatamodeld;
			sourceTree = "<group>";
			versionGroupType = wrapper.xcdatamodel;
		};
/* End XCVersionGroup section */
	};
	rootObject = D530862C243EF86E00FCA5DD /* Project object */;
}
