// !$*UTF8*$!
{
	archiveVersion = 1;
	classes = {
	};
	objectVersion = 51;
	objects = {

/* Begin PBXBuildFile section */
		51DB8DA887526625E7A37AD7 /* Pods_safesafe_Dev.framework in Frameworks */ = {isa = PBXBuildFile; fileRef = A702C66ED8F006C36EE3E9B8 /* Pods_safesafe_Dev.framework */; };
		5B88AB3C98B22101EF246184 /* Pods_safesafe_Live.framework in Frameworks */ = {isa = PBXBuildFile; fileRef = BDBD49B7154F4C3D1BAC143D /* Pods_safesafe_Live.framework */; };
		824DCE1A24483FF800C1EADC /* URLConstants.swift in Sources */ = {isa = PBXBuildFile; fileRef = D5B207CA244838EA0083FCEC /* URLConstants.swift */; };
		824DCE1B2448400B00C1EADC /* JSBridge.swift in Sources */ = {isa = PBXBuildFile; fileRef = D5B207C4244822280083FCEC /* JSBridge.swift */; };
		82ED892F2448431500305D4B /* NotificationManager.swift in Sources */ = {isa = PBXBuildFile; fileRef = 82ED892E2448431500305D4B /* NotificationManager.swift */; };
		82ED89302448431500305D4B /* NotificationManager.swift in Sources */ = {isa = PBXBuildFile; fileRef = 82ED892E2448431500305D4B /* NotificationManager.swift */; };
		9D2E22FE244F90BF00E224C4 /* LoginManager.swift in Sources */ = {isa = PBXBuildFile; fileRef = 9D2E22FD244F90BF00E224C4 /* LoginManager.swift */; };
		9D2E22FF244F924600E224C4 /* LoginManager.swift in Sources */ = {isa = PBXBuildFile; fileRef = 9D2E22FD244F90BF00E224C4 /* LoginManager.swift */; };
		9D2E230124504FD900E224C4 /* Result+Void.swift in Sources */ = {isa = PBXBuildFile; fileRef = 9D2E230024504FD900E224C4 /* Result+Void.swift */; };
		9D2E2302245050D300E224C4 /* Result+Void.swift in Sources */ = {isa = PBXBuildFile; fileRef = 9D2E230024504FD900E224C4 /* Result+Void.swift */; };
		9D5D2B382450DC770007C494 /* AppStateManager.swift in Sources */ = {isa = PBXBuildFile; fileRef = 9D5D2B372450DC770007C494 /* AppStateManager.swift */; };
		9D5D2B3A2450DD400007C494 /* AppStatus.swift in Sources */ = {isa = PBXBuildFile; fileRef = 9D5D2B392450DD400007C494 /* AppStatus.swift */; };
		9D5D2B3B2450DF2B0007C494 /* AppStatus.swift in Sources */ = {isa = PBXBuildFile; fileRef = 9D5D2B392450DD400007C494 /* AppStatus.swift */; };
		9DD6FF54244E36F400A6327C /* InternalError.swift in Sources */ = {isa = PBXBuildFile; fileRef = 9DD6FF53244E36F400A6327C /* InternalError.swift */; };
		9DD6FF55244E376200A6327C /* InternalError.swift in Sources */ = {isa = PBXBuildFile; fileRef = 9DD6FF53244E36F400A6327C /* InternalError.swift */; };
		B35B603A244CAA3E007B913B /* PushNotificationConstants.swift in Sources */ = {isa = PBXBuildFile; fileRef = B35B5FDB244CAA3E007B913B /* PushNotificationConstants.swift */; };
		B35B603B244CAA3E007B913B /* PushNotificationConstants.swift in Sources */ = {isa = PBXBuildFile; fileRef = B35B5FDB244CAA3E007B913B /* PushNotificationConstants.swift */; };
		B35B603E244CAA3E007B913B /* PlistHelper.swift in Sources */ = {isa = PBXBuildFile; fileRef = B35B5FDE244CAA3E007B913B /* PlistHelper.swift */; };
		B35B603F244CAA3E007B913B /* PlistHelper.swift in Sources */ = {isa = PBXBuildFile; fileRef = B35B5FDE244CAA3E007B913B /* PlistHelper.swift */; };
		B35B6040244CAA3E007B913B /* FirebaseAPIs.swift in Sources */ = {isa = PBXBuildFile; fileRef = B35B5FDF244CAA3E007B913B /* FirebaseAPIs.swift */; };
		B35B6041244CAA3E007B913B /* FirebaseAPIs.swift in Sources */ = {isa = PBXBuildFile; fileRef = B35B5FDF244CAA3E007B913B /* FirebaseAPIs.swift */; };
		B35B604A244CAA3E007B913B /* BluetraceUtils.swift in Sources */ = {isa = PBXBuildFile; fileRef = B35B5FE7244CAA3E007B913B /* BluetraceUtils.swift */; };
		B35B604B244CAA3E007B913B /* BluetraceUtils.swift in Sources */ = {isa = PBXBuildFile; fileRef = B35B5FE7244CAA3E007B913B /* BluetraceUtils.swift */; };
		B35B604C244CAA3E007B913B /* BluetraceConfig.swift in Sources */ = {isa = PBXBuildFile; fileRef = B35B5FE8244CAA3E007B913B /* BluetraceConfig.swift */; };
		B35B604D244CAA3E007B913B /* BluetraceConfig.swift in Sources */ = {isa = PBXBuildFile; fileRef = B35B5FE8244CAA3E007B913B /* BluetraceConfig.swift */; };
		B35B604E244CAA3E007B913B /* PeripheralController.swift in Sources */ = {isa = PBXBuildFile; fileRef = B35B5FE9244CAA3E007B913B /* PeripheralController.swift */; };
		B35B604F244CAA3E007B913B /* PeripheralController.swift in Sources */ = {isa = PBXBuildFile; fileRef = B35B5FE9244CAA3E007B913B /* PeripheralController.swift */; };
		B35B6050244CAA3E007B913B /* Encounter+Event.swift in Sources */ = {isa = PBXBuildFile; fileRef = B35B5FEB244CAA3E007B913B /* Encounter+Event.swift */; };
		B35B6051244CAA3E007B913B /* Encounter+Event.swift in Sources */ = {isa = PBXBuildFile; fileRef = B35B5FEB244CAA3E007B913B /* Encounter+Event.swift */; };
		B35B6052244CAA3E007B913B /* Encounter+CoreDataProperties.swift in Sources */ = {isa = PBXBuildFile; fileRef = B35B5FEC244CAA3E007B913B /* Encounter+CoreDataProperties.swift */; };
		B35B6053244CAA3E007B913B /* Encounter+CoreDataProperties.swift in Sources */ = {isa = PBXBuildFile; fileRef = B35B5FEC244CAA3E007B913B /* Encounter+CoreDataProperties.swift */; };
		B35B6054244CAA3E007B913B /* Encounter+CoreDataClass.swift in Sources */ = {isa = PBXBuildFile; fileRef = B35B5FED244CAA3E007B913B /* Encounter+CoreDataClass.swift */; };
		B35B6055244CAA3E007B913B /* Encounter+CoreDataClass.swift in Sources */ = {isa = PBXBuildFile; fileRef = B35B5FED244CAA3E007B913B /* Encounter+CoreDataClass.swift */; };
		B35B6056244CAA3E007B913B /* tracer.xcdatamodeld in Sources */ = {isa = PBXBuildFile; fileRef = B35B5FEE244CAA3E007B913B /* tracer.xcdatamodeld */; };
		B35B6057244CAA3E007B913B /* tracer.xcdatamodeld in Sources */ = {isa = PBXBuildFile; fileRef = B35B5FEE244CAA3E007B913B /* tracer.xcdatamodeld */; };
		B35B6059244CAA3E007B913B /* Bluetrace.swift in Sources */ = {isa = PBXBuildFile; fileRef = B35B5FF1244CAA3E007B913B /* Bluetrace.swift */; };
		B35B605A244CAA3E007B913B /* BluetraceV2.swift in Sources */ = {isa = PBXBuildFile; fileRef = B35B5FF3244CAA3E007B913B /* BluetraceV2.swift */; };
		B35B605B244CAA3E007B913B /* BluetraceV2.swift in Sources */ = {isa = PBXBuildFile; fileRef = B35B5FF3244CAA3E007B913B /* BluetraceV2.swift */; };
		B35B605D244CAA3E007B913B /* BluetraceProtocol.swift in Sources */ = {isa = PBXBuildFile; fileRef = B35B5FF4244CAA3E007B913B /* BluetraceProtocol.swift */; };
		B35B605E244CAA3E007B913B /* EncounterMessageManager.swift in Sources */ = {isa = PBXBuildFile; fileRef = B35B5FF5244CAA3E007B913B /* EncounterMessageManager.swift */; };
		B35B605F244CAA3E007B913B /* EncounterMessageManager.swift in Sources */ = {isa = PBXBuildFile; fileRef = B35B5FF5244CAA3E007B913B /* EncounterMessageManager.swift */; };
		B35B6060244CAA3E007B913B /* BluetraceManager.swift in Sources */ = {isa = PBXBuildFile; fileRef = B35B5FF6244CAA3E007B913B /* BluetraceManager.swift */; };
		B35B6061244CAA3E007B913B /* BluetraceManager.swift in Sources */ = {isa = PBXBuildFile; fileRef = B35B5FF6244CAA3E007B913B /* BluetraceManager.swift */; };
		B35B6062244CAA3E007B913B /* Encounter+EncounterRecord.swift in Sources */ = {isa = PBXBuildFile; fileRef = B35B5FF8244CAA3E007B913B /* Encounter+EncounterRecord.swift */; };
		B35B6063244CAA3E007B913B /* Encounter+EncounterRecord.swift in Sources */ = {isa = PBXBuildFile; fileRef = B35B5FF8244CAA3E007B913B /* Encounter+EncounterRecord.swift */; };
		B35B6064244CAA3E007B913B /* EncounterRecord.swift in Sources */ = {isa = PBXBuildFile; fileRef = B35B5FF9244CAA3E007B913B /* EncounterRecord.swift */; };
		B35B6065244CAA3E007B913B /* EncounterRecord.swift in Sources */ = {isa = PBXBuildFile; fileRef = B35B5FF9244CAA3E007B913B /* EncounterRecord.swift */; };
		B35B6066244CAA3E007B913B /* CentralController.swift in Sources */ = {isa = PBXBuildFile; fileRef = B35B5FFA244CAA3E007B913B /* CentralController.swift */; };
		B35B6067244CAA3E007B913B /* CentralController.swift in Sources */ = {isa = PBXBuildFile; fileRef = B35B5FFA244CAA3E007B913B /* CentralController.swift */; };
		B35B6068244CAA3E007B913B /* DeviceInfo.swift in Sources */ = {isa = PBXBuildFile; fileRef = B35B5FFB244CAA3E007B913B /* DeviceInfo.swift */; };
		B35B6069244CAA3E007B913B /* DeviceInfo.swift in Sources */ = {isa = PBXBuildFile; fileRef = B35B5FFB244CAA3E007B913B /* DeviceInfo.swift */; };
		B35B606A244CAA3E007B913B /* BlueTraceLocalNotifications.swift in Sources */ = {isa = PBXBuildFile; fileRef = B35B5FFC244CAA3E007B913B /* BlueTraceLocalNotifications.swift */; };
		B35B606B244CAA3E007B913B /* BlueTraceLocalNotifications.swift in Sources */ = {isa = PBXBuildFile; fileRef = B35B5FFC244CAA3E007B913B /* BlueTraceLocalNotifications.swift */; };
		B35B60A0244CAA3E007B913B /* PogoManager.swift in Sources */ = {isa = PBXBuildFile; fileRef = B35B6023244CAA3E007B913B /* PogoManager.swift */; };
		B35B60A1244CAA3E007B913B /* PogoManager.swift in Sources */ = {isa = PBXBuildFile; fileRef = B35B6023244CAA3E007B913B /* PogoManager.swift */; };
		D5308638243EF86E00FCA5DD /* AppDelegate.swift in Sources */ = {isa = PBXBuildFile; fileRef = D5308637243EF86E00FCA5DD /* AppDelegate.swift */; };
		D530863A243EF86E00FCA5DD /* SceneDelegate.swift in Sources */ = {isa = PBXBuildFile; fileRef = D5308639243EF86E00FCA5DD /* SceneDelegate.swift */; };
		D5308641243EF87000FCA5DD /* Assets.xcassets in Resources */ = {isa = PBXBuildFile; fileRef = D5308640243EF87000FCA5DD /* Assets.xcassets */; };
		D5308644243EF87000FCA5DD /* LaunchScreen.storyboard in Resources */ = {isa = PBXBuildFile; fileRef = D5308642243EF87000FCA5DD /* LaunchScreen.storyboard */; };
		D530864D243EF8B600FCA5DD /* PollCoordinator.swift in Sources */ = {isa = PBXBuildFile; fileRef = D530864C243EF8B600FCA5DD /* PollCoordinator.swift */; };
		D530864F243EF8BF00FCA5DD /* PollViewController.swift in Sources */ = {isa = PBXBuildFile; fileRef = D530864E243EF8BF00FCA5DD /* PollViewController.swift */; };
		D5308651243EF8C900FCA5DD /* PollViewModel.swift in Sources */ = {isa = PBXBuildFile; fileRef = D5308650243EF8C900FCA5DD /* PollViewModel.swift */; };
		D5308655243EF92D00FCA5DD /* ViewModelType.swift in Sources */ = {isa = PBXBuildFile; fileRef = D5308654243EF92D00FCA5DD /* ViewModelType.swift */; };
		D5308657243EF94C00FCA5DD /* ViewControllerType.swift in Sources */ = {isa = PBXBuildFile; fileRef = D5308656243EF94C00FCA5DD /* ViewControllerType.swift */; };
		D5308659243EF99500FCA5DD /* CoordinatorType.swift in Sources */ = {isa = PBXBuildFile; fileRef = D5308658243EF99500FCA5DD /* CoordinatorType.swift */; };
		D530865C243EFB3200FCA5DD /* ViewController.swift in Sources */ = {isa = PBXBuildFile; fileRef = D530865B243EFB3200FCA5DD /* ViewController.swift */; };
		D5308661243F00F300FCA5DD /* AppCoordinator.swift in Sources */ = {isa = PBXBuildFile; fileRef = D5308660243F00F300FCA5DD /* AppCoordinator.swift */; };
		D5308664243F03DF00FCA5DD /* AppManager.swift in Sources */ = {isa = PBXBuildFile; fileRef = D5308663243F03DF00FCA5DD /* AppManager.swift */; };
		D5308666243F048C00FCA5DD /* StoredDefaults.swift in Sources */ = {isa = PBXBuildFile; fileRef = D5308665243F048C00FCA5DD /* StoredDefaults.swift */; };
		D530866A243F0FB600FCA5DD /* PWAViewController.swift in Sources */ = {isa = PBXBuildFile; fileRef = D5308669243F0FB600FCA5DD /* PWAViewController.swift */; };
		D530866C243F0FBF00FCA5DD /* PWAViewModel.swift in Sources */ = {isa = PBXBuildFile; fileRef = D530866B243F0FBF00FCA5DD /* PWAViewModel.swift */; };
		D568B4482450416E00F8E864 /* URL+utils.swift in Sources */ = {isa = PBXBuildFile; fileRef = D568B4472450416E00F8E864 /* URL+utils.swift */; };
		D568B4492450416E00F8E864 /* URL+utils.swift in Sources */ = {isa = PBXBuildFile; fileRef = D568B4472450416E00F8E864 /* URL+utils.swift */; };
		D5791CE6244DB826000039C5 /* URLAction.swift in Sources */ = {isa = PBXBuildFile; fileRef = D5791CE5244DB826000039C5 /* URLAction.swift */; };
		D5791CE7244DB826000039C5 /* URLAction.swift in Sources */ = {isa = PBXBuildFile; fileRef = D5791CE5244DB826000039C5 /* URLAction.swift */; };
		D5B207AB24471AA90083FCEC /* AppCoordinator.swift in Sources */ = {isa = PBXBuildFile; fileRef = D5308660243F00F300FCA5DD /* AppCoordinator.swift */; };
		D5B207AC24471AA90083FCEC /* AppDelegate.swift in Sources */ = {isa = PBXBuildFile; fileRef = D5308637243EF86E00FCA5DD /* AppDelegate.swift */; };
		D5B207AD24471AA90083FCEC /* SceneDelegate.swift in Sources */ = {isa = PBXBuildFile; fileRef = D5308639243EF86E00FCA5DD /* SceneDelegate.swift */; };
		D5B207AE24471AA90083FCEC /* PollCoordinator.swift in Sources */ = {isa = PBXBuildFile; fileRef = D530864C243EF8B600FCA5DD /* PollCoordinator.swift */; };
		D5B207AF24471AA90083FCEC /* ViewController.swift in Sources */ = {isa = PBXBuildFile; fileRef = D530865B243EFB3200FCA5DD /* ViewController.swift */; };
		D5B207B024471AA90083FCEC /* ViewControllerType.swift in Sources */ = {isa = PBXBuildFile; fileRef = D5308656243EF94C00FCA5DD /* ViewControllerType.swift */; };
		D5B207B124471AA90083FCEC /* PWAViewController.swift in Sources */ = {isa = PBXBuildFile; fileRef = D5308669243F0FB600FCA5DD /* PWAViewController.swift */; };
		D5B207B224471AA90083FCEC /* PollViewController.swift in Sources */ = {isa = PBXBuildFile; fileRef = D530864E243EF8BF00FCA5DD /* PollViewController.swift */; };
		D5B207B324471AA90083FCEC /* AppManager.swift in Sources */ = {isa = PBXBuildFile; fileRef = D5308663243F03DF00FCA5DD /* AppManager.swift */; };
		D5B207B424471AA90083FCEC /* StoredDefaults.swift in Sources */ = {isa = PBXBuildFile; fileRef = D5308665243F048C00FCA5DD /* StoredDefaults.swift */; };
		D5B207B524471AA90083FCEC /* PollViewModel.swift in Sources */ = {isa = PBXBuildFile; fileRef = D5308650243EF8C900FCA5DD /* PollViewModel.swift */; };
		D5B207B624471AA90083FCEC /* PWAViewModel.swift in Sources */ = {isa = PBXBuildFile; fileRef = D530866B243F0FBF00FCA5DD /* PWAViewModel.swift */; };
		D5B207B724471AA90083FCEC /* CoordinatorType.swift in Sources */ = {isa = PBXBuildFile; fileRef = D5308658243EF99500FCA5DD /* CoordinatorType.swift */; };
		D5B207B824471AA90083FCEC /* ViewModelType.swift in Sources */ = {isa = PBXBuildFile; fileRef = D5308654243EF92D00FCA5DD /* ViewModelType.swift */; };
		D5B207BC24471AA90083FCEC /* LaunchScreen.storyboard in Resources */ = {isa = PBXBuildFile; fileRef = D5308642243EF87000FCA5DD /* LaunchScreen.storyboard */; };
		D5B207BD24471AA90083FCEC /* Assets.xcassets in Resources */ = {isa = PBXBuildFile; fileRef = D5308640243EF87000FCA5DD /* Assets.xcassets */; };
		D5B207C5244822280083FCEC /* JSBridge.swift in Sources */ = {isa = PBXBuildFile; fileRef = D5B207C4244822280083FCEC /* JSBridge.swift */; };
		D5B207C7244822890083FCEC /* Logger.swift in Sources */ = {isa = PBXBuildFile; fileRef = D5B207C6244822890083FCEC /* Logger.swift */; };
		D5B207C8244822890083FCEC /* Logger.swift in Sources */ = {isa = PBXBuildFile; fileRef = D5B207C6244822890083FCEC /* Logger.swift */; };
		D5B207CB244838EA0083FCEC /* URLConstants.swift in Sources */ = {isa = PBXBuildFile; fileRef = D5B207CA244838EA0083FCEC /* URLConstants.swift */; };
		D5B207FB24499A830083FCEC /* GoogleService-Info.plist in Resources */ = {isa = PBXBuildFile; fileRef = D5B207F824499A830083FCEC /* GoogleService-Info.plist */; };
		D5B207FE24499A830083FCEC /* GoogleService-Info.plist in Resources */ = {isa = PBXBuildFile; fileRef = D5B207FA24499A830083FCEC /* GoogleService-Info.plist */; };
		D5FA09B9244EF82E0042A702 /* SimulatorsList.txt in Resources */ = {isa = PBXBuildFile; fileRef = D5FA09B8244EF82D0042A702 /* SimulatorsList.txt */; };
		D5FA09BA244EF82E0042A702 /* SimulatorsList.txt in Resources */ = {isa = PBXBuildFile; fileRef = D5FA09B8244EF82D0042A702 /* SimulatorsList.txt */; };
		D5FA09BC244EF8FB0042A702 /* multipleSimulatorsStartup.sh in Resources */ = {isa = PBXBuildFile; fileRef = D5FA09BB244EF8FB0042A702 /* multipleSimulatorsStartup.sh */; };
		D5FA09BD244EF8FB0042A702 /* multipleSimulatorsStartup.sh in Resources */ = {isa = PBXBuildFile; fileRef = D5FA09BB244EF8FB0042A702 /* multipleSimulatorsStartup.sh */; };
		D5FA09C0244EFE4B0042A702 /* NavigationController.swift in Sources */ = {isa = PBXBuildFile; fileRef = D5FA09BF244EFE4B0042A702 /* NavigationController.swift */; };
		D5FA09C1244EFE4B0042A702 /* NavigationController.swift in Sources */ = {isa = PBXBuildFile; fileRef = D5FA09BF244EFE4B0042A702 /* NavigationController.swift */; };
		D5FA09C6244F03570042A702 /* UINavigationController+statusBar.swift in Sources */ = {isa = PBXBuildFile; fileRef = D5FA09C5244F03560042A702 /* UINavigationController+statusBar.swift */; };
		D5FA09C7244F03570042A702 /* UINavigationController+statusBar.swift in Sources */ = {isa = PBXBuildFile; fileRef = D5FA09C5244F03560042A702 /* UINavigationController+statusBar.swift */; };
/* End PBXBuildFile section */

/* Begin PBXCopyFilesBuildPhase section */
		D5B207E224486E5C0083FCEC /* Embed App Extensions */ = {
			isa = PBXCopyFilesBuildPhase;
			buildActionMask = 2147483647;
			dstPath = "";
			dstSubfolderSpec = 13;
			files = (
			);
			name = "Embed App Extensions";
			runOnlyForDeploymentPostprocessing = 0;
		};
/* End PBXCopyFilesBuildPhase section */

/* Begin PBXFileReference section */
		1E45E3EA570C1E7887C80782 /* Pods-safesafe Dev.release.xcconfig */ = {isa = PBXFileReference; includeInIndex = 1; lastKnownFileType = text.xcconfig; name = "Pods-safesafe Dev.release.xcconfig"; path = "Target Support Files/Pods-safesafe Dev/Pods-safesafe Dev.release.xcconfig"; sourceTree = "<group>"; };
		82ED892E2448431500305D4B /* NotificationManager.swift */ = {isa = PBXFileReference; fileEncoding = 4; lastKnownFileType = sourcecode.swift; path = NotificationManager.swift; sourceTree = "<group>"; };
		82ED89312448431C00305D4B /* safesafe Dev.entitlements */ = {isa = PBXFileReference; lastKnownFileType = text.plist.entitlements; path = "safesafe Dev.entitlements"; sourceTree = "<group>"; };
		82ED89322448432200305D4B /* safesafe Live.entitlements */ = {isa = PBXFileReference; lastKnownFileType = text.plist.entitlements; path = "safesafe Live.entitlements"; sourceTree = "<group>"; };
		82EE5EAE7895754583144D33 /* Pods-safesafe Live.debug.xcconfig */ = {isa = PBXFileReference; includeInIndex = 1; lastKnownFileType = text.xcconfig; name = "Pods-safesafe Live.debug.xcconfig"; path = "Target Support Files/Pods-safesafe Live/Pods-safesafe Live.debug.xcconfig"; sourceTree = "<group>"; };
		9D2E22FD244F90BF00E224C4 /* LoginManager.swift */ = {isa = PBXFileReference; lastKnownFileType = sourcecode.swift; path = LoginManager.swift; sourceTree = "<group>"; };
		9D2E230024504FD900E224C4 /* Result+Void.swift */ = {isa = PBXFileReference; lastKnownFileType = sourcecode.swift; name = "Result+Void.swift"; path = "safesafe/authentication/Result+Void.swift"; sourceTree = SOURCE_ROOT; };
		9D5D2B372450DC770007C494 /* AppStateManager.swift */ = {isa = PBXFileReference; lastKnownFileType = sourcecode.swift; path = AppStateManager.swift; sourceTree = "<group>"; };
		9D5D2B392450DD400007C494 /* AppStatus.swift */ = {isa = PBXFileReference; lastKnownFileType = sourcecode.swift; path = AppStatus.swift; sourceTree = "<group>"; };
		9DD6FF53244E36F400A6327C /* InternalError.swift */ = {isa = PBXFileReference; lastKnownFileType = sourcecode.swift; path = InternalError.swift; sourceTree = "<group>"; };
		A702C66ED8F006C36EE3E9B8 /* Pods_safesafe_Dev.framework */ = {isa = PBXFileReference; explicitFileType = wrapper.framework; includeInIndex = 0; path = Pods_safesafe_Dev.framework; sourceTree = BUILT_PRODUCTS_DIR; };
		B35B5FDB244CAA3E007B913B /* PushNotificationConstants.swift */ = {isa = PBXFileReference; fileEncoding = 4; lastKnownFileType = sourcecode.swift; path = PushNotificationConstants.swift; sourceTree = "<group>"; };
		B35B5FDE244CAA3E007B913B /* PlistHelper.swift */ = {isa = PBXFileReference; fileEncoding = 4; lastKnownFileType = sourcecode.swift; path = PlistHelper.swift; sourceTree = "<group>"; };
		B35B5FDF244CAA3E007B913B /* FirebaseAPIs.swift */ = {isa = PBXFileReference; fileEncoding = 4; lastKnownFileType = sourcecode.swift; path = FirebaseAPIs.swift; sourceTree = "<group>"; };
		B35B5FE7244CAA3E007B913B /* BluetraceUtils.swift */ = {isa = PBXFileReference; fileEncoding = 4; lastKnownFileType = sourcecode.swift; path = BluetraceUtils.swift; sourceTree = "<group>"; };
		B35B5FE8244CAA3E007B913B /* BluetraceConfig.swift */ = {isa = PBXFileReference; fileEncoding = 4; lastKnownFileType = sourcecode.swift; path = BluetraceConfig.swift; sourceTree = "<group>"; };
		B35B5FE9244CAA3E007B913B /* PeripheralController.swift */ = {isa = PBXFileReference; fileEncoding = 4; lastKnownFileType = sourcecode.swift; path = PeripheralController.swift; sourceTree = "<group>"; };
		B35B5FEB244CAA3E007B913B /* Encounter+Event.swift */ = {isa = PBXFileReference; fileEncoding = 4; lastKnownFileType = sourcecode.swift; path = "Encounter+Event.swift"; sourceTree = "<group>"; };
		B35B5FEC244CAA3E007B913B /* Encounter+CoreDataProperties.swift */ = {isa = PBXFileReference; fileEncoding = 4; lastKnownFileType = sourcecode.swift; path = "Encounter+CoreDataProperties.swift"; sourceTree = "<group>"; };
		B35B5FED244CAA3E007B913B /* Encounter+CoreDataClass.swift */ = {isa = PBXFileReference; fileEncoding = 4; lastKnownFileType = sourcecode.swift; path = "Encounter+CoreDataClass.swift"; sourceTree = "<group>"; };
		B35B5FEF244CAA3E007B913B /* Model.xcdatamodel */ = {isa = PBXFileReference; lastKnownFileType = wrapper.xcdatamodel; path = Model.xcdatamodel; sourceTree = "<group>"; };
		B35B5FF1244CAA3E007B913B /* Bluetrace.swift */ = {isa = PBXFileReference; fileEncoding = 4; lastKnownFileType = sourcecode.swift; path = Bluetrace.swift; sourceTree = "<group>"; };
		B35B5FF3244CAA3E007B913B /* BluetraceV2.swift */ = {isa = PBXFileReference; fileEncoding = 4; lastKnownFileType = sourcecode.swift; path = BluetraceV2.swift; sourceTree = "<group>"; };
		B35B5FF4244CAA3E007B913B /* BluetraceProtocol.swift */ = {isa = PBXFileReference; fileEncoding = 4; lastKnownFileType = sourcecode.swift; path = BluetraceProtocol.swift; sourceTree = "<group>"; };
		B35B5FF5244CAA3E007B913B /* EncounterMessageManager.swift */ = {isa = PBXFileReference; fileEncoding = 4; lastKnownFileType = sourcecode.swift; path = EncounterMessageManager.swift; sourceTree = "<group>"; };
		B35B5FF6244CAA3E007B913B /* BluetraceManager.swift */ = {isa = PBXFileReference; fileEncoding = 4; lastKnownFileType = sourcecode.swift; path = BluetraceManager.swift; sourceTree = "<group>"; };
		B35B5FF8244CAA3E007B913B /* Encounter+EncounterRecord.swift */ = {isa = PBXFileReference; fileEncoding = 4; lastKnownFileType = sourcecode.swift; path = "Encounter+EncounterRecord.swift"; sourceTree = "<group>"; };
		B35B5FF9244CAA3E007B913B /* EncounterRecord.swift */ = {isa = PBXFileReference; fileEncoding = 4; lastKnownFileType = sourcecode.swift; path = EncounterRecord.swift; sourceTree = "<group>"; };
		B35B5FFA244CAA3E007B913B /* CentralController.swift */ = {isa = PBXFileReference; fileEncoding = 4; lastKnownFileType = sourcecode.swift; path = CentralController.swift; sourceTree = "<group>"; };
		B35B5FFB244CAA3E007B913B /* DeviceInfo.swift */ = {isa = PBXFileReference; fileEncoding = 4; lastKnownFileType = sourcecode.swift; path = DeviceInfo.swift; sourceTree = "<group>"; };
		B35B5FFC244CAA3E007B913B /* BlueTraceLocalNotifications.swift */ = {isa = PBXFileReference; fileEncoding = 4; lastKnownFileType = sourcecode.swift; path = BlueTraceLocalNotifications.swift; sourceTree = "<group>"; };
		B35B6023244CAA3E007B913B /* PogoManager.swift */ = {isa = PBXFileReference; fileEncoding = 4; lastKnownFileType = sourcecode.swift; path = PogoManager.swift; sourceTree = "<group>"; };
		BDBD49B7154F4C3D1BAC143D /* Pods_safesafe_Live.framework */ = {isa = PBXFileReference; explicitFileType = wrapper.framework; includeInIndex = 0; path = Pods_safesafe_Live.framework; sourceTree = BUILT_PRODUCTS_DIR; };
		CF04C7610CB5C3FA51E42CD1 /* Pods-safesafe Dev.debug.xcconfig */ = {isa = PBXFileReference; includeInIndex = 1; lastKnownFileType = text.xcconfig; name = "Pods-safesafe Dev.debug.xcconfig"; path = "Target Support Files/Pods-safesafe Dev/Pods-safesafe Dev.debug.xcconfig"; sourceTree = "<group>"; };
		D5308634243EF86E00FCA5DD /* safesafe Live.app */ = {isa = PBXFileReference; explicitFileType = wrapper.application; includeInIndex = 0; path = "safesafe Live.app"; sourceTree = BUILT_PRODUCTS_DIR; };
		D5308637243EF86E00FCA5DD /* AppDelegate.swift */ = {isa = PBXFileReference; lastKnownFileType = sourcecode.swift; path = AppDelegate.swift; sourceTree = "<group>"; };
		D5308639243EF86E00FCA5DD /* SceneDelegate.swift */ = {isa = PBXFileReference; lastKnownFileType = sourcecode.swift; path = SceneDelegate.swift; sourceTree = "<group>"; };
		D5308640243EF87000FCA5DD /* Assets.xcassets */ = {isa = PBXFileReference; lastKnownFileType = folder.assetcatalog; path = Assets.xcassets; sourceTree = "<group>"; };
		D5308643243EF87000FCA5DD /* Base */ = {isa = PBXFileReference; lastKnownFileType = file.storyboard; name = Base; path = Base.lproj/LaunchScreen.storyboard; sourceTree = "<group>"; };
		D5308645243EF87000FCA5DD /* Info-live.plist */ = {isa = PBXFileReference; lastKnownFileType = text.plist.xml; path = "Info-live.plist"; sourceTree = "<group>"; };
		D530864C243EF8B600FCA5DD /* PollCoordinator.swift */ = {isa = PBXFileReference; lastKnownFileType = sourcecode.swift; path = PollCoordinator.swift; sourceTree = "<group>"; };
		D530864E243EF8BF00FCA5DD /* PollViewController.swift */ = {isa = PBXFileReference; lastKnownFileType = sourcecode.swift; path = PollViewController.swift; sourceTree = "<group>"; };
		D5308650243EF8C900FCA5DD /* PollViewModel.swift */ = {isa = PBXFileReference; lastKnownFileType = sourcecode.swift; path = PollViewModel.swift; sourceTree = "<group>"; };
		D5308654243EF92D00FCA5DD /* ViewModelType.swift */ = {isa = PBXFileReference; lastKnownFileType = sourcecode.swift; path = ViewModelType.swift; sourceTree = "<group>"; };
		D5308656243EF94C00FCA5DD /* ViewControllerType.swift */ = {isa = PBXFileReference; lastKnownFileType = sourcecode.swift; path = ViewControllerType.swift; sourceTree = "<group>"; };
		D5308658243EF99500FCA5DD /* CoordinatorType.swift */ = {isa = PBXFileReference; lastKnownFileType = sourcecode.swift; path = CoordinatorType.swift; sourceTree = "<group>"; };
		D530865B243EFB3200FCA5DD /* ViewController.swift */ = {isa = PBXFileReference; lastKnownFileType = sourcecode.swift; path = ViewController.swift; sourceTree = "<group>"; };
		D5308660243F00F300FCA5DD /* AppCoordinator.swift */ = {isa = PBXFileReference; lastKnownFileType = sourcecode.swift; path = AppCoordinator.swift; sourceTree = "<group>"; };
		D5308663243F03DF00FCA5DD /* AppManager.swift */ = {isa = PBXFileReference; lastKnownFileType = sourcecode.swift; path = AppManager.swift; sourceTree = "<group>"; };
		D5308665243F048C00FCA5DD /* StoredDefaults.swift */ = {isa = PBXFileReference; lastKnownFileType = sourcecode.swift; path = StoredDefaults.swift; sourceTree = "<group>"; };
		D5308669243F0FB600FCA5DD /* PWAViewController.swift */ = {isa = PBXFileReference; lastKnownFileType = sourcecode.swift; path = PWAViewController.swift; sourceTree = "<group>"; };
		D530866B243F0FBF00FCA5DD /* PWAViewModel.swift */ = {isa = PBXFileReference; lastKnownFileType = sourcecode.swift; path = PWAViewModel.swift; sourceTree = "<group>"; };
		D568B4472450416E00F8E864 /* URL+utils.swift */ = {isa = PBXFileReference; lastKnownFileType = sourcecode.swift; path = "URL+utils.swift"; sourceTree = "<group>"; };
		D5791CE5244DB826000039C5 /* URLAction.swift */ = {isa = PBXFileReference; lastKnownFileType = sourcecode.swift; path = URLAction.swift; sourceTree = "<group>"; };
		D5B207C224471AA90083FCEC /* safesafe Dev.app */ = {isa = PBXFileReference; explicitFileType = wrapper.application; includeInIndex = 0; path = "safesafe Dev.app"; sourceTree = BUILT_PRODUCTS_DIR; };
		D5B207C324471AAA0083FCEC /* Info-dev.plist */ = {isa = PBXFileReference; lastKnownFileType = text.plist.xml; name = "Info-dev.plist"; path = "../../safesafe-ios/safesafe/Info-dev.plist"; sourceTree = "<group>"; };
		D5B207C4244822280083FCEC /* JSBridge.swift */ = {isa = PBXFileReference; lastKnownFileType = sourcecode.swift; path = JSBridge.swift; sourceTree = "<group>"; };
		D5B207C6244822890083FCEC /* Logger.swift */ = {isa = PBXFileReference; lastKnownFileType = sourcecode.swift; path = Logger.swift; sourceTree = "<group>"; };
		D5B207CA244838EA0083FCEC /* URLConstants.swift */ = {isa = PBXFileReference; lastKnownFileType = sourcecode.swift; path = URLConstants.swift; sourceTree = "<group>"; };
		D5B207D124486E5C0083FCEC /* UserNotifications.framework */ = {isa = PBXFileReference; lastKnownFileType = wrapper.framework; name = UserNotifications.framework; path = System/Library/Frameworks/UserNotifications.framework; sourceTree = SDKROOT; };
		D5B207D324486E5C0083FCEC /* UserNotificationsUI.framework */ = {isa = PBXFileReference; lastKnownFileType = wrapper.framework; name = UserNotificationsUI.framework; path = System/Library/Frameworks/UserNotificationsUI.framework; sourceTree = SDKROOT; };
		D5B207F824499A830083FCEC /* GoogleService-Info.plist */ = {isa = PBXFileReference; fileEncoding = 4; lastKnownFileType = text.plist.xml; path = "GoogleService-Info.plist"; sourceTree = "<group>"; };
		D5B207FA24499A830083FCEC /* GoogleService-Info.plist */ = {isa = PBXFileReference; fileEncoding = 4; lastKnownFileType = text.plist.xml; path = "GoogleService-Info.plist"; sourceTree = "<group>"; };
		D5FA09B8244EF82D0042A702 /* SimulatorsList.txt */ = {isa = PBXFileReference; fileEncoding = 4; lastKnownFileType = text; path = SimulatorsList.txt; sourceTree = "<group>"; };
		D5FA09BB244EF8FB0042A702 /* multipleSimulatorsStartup.sh */ = {isa = PBXFileReference; fileEncoding = 4; lastKnownFileType = text.script.sh; path = multipleSimulatorsStartup.sh; sourceTree = "<group>"; };
		D5FA09BF244EFE4B0042A702 /* NavigationController.swift */ = {isa = PBXFileReference; lastKnownFileType = sourcecode.swift; path = NavigationController.swift; sourceTree = "<group>"; };
		D5FA09C5244F03560042A702 /* UINavigationController+statusBar.swift */ = {isa = PBXFileReference; fileEncoding = 4; lastKnownFileType = sourcecode.swift; path = "UINavigationController+statusBar.swift"; sourceTree = "<group>"; };
		D6EAD9CCE2366F2C4623217D /* Pods-safesafe Live.release.xcconfig */ = {isa = PBXFileReference; includeInIndex = 1; lastKnownFileType = text.xcconfig; name = "Pods-safesafe Live.release.xcconfig"; path = "Target Support Files/Pods-safesafe Live/Pods-safesafe Live.release.xcconfig"; sourceTree = "<group>"; };
/* End PBXFileReference section */

/* Begin PBXFrameworksBuildPhase section */
		D5308631243EF86E00FCA5DD /* Frameworks */ = {
			isa = PBXFrameworksBuildPhase;
			buildActionMask = 2147483647;
			files = (
				5B88AB3C98B22101EF246184 /* Pods_safesafe_Live.framework in Frameworks */,
			);
			runOnlyForDeploymentPostprocessing = 0;
		};
		D5B207B924471AA90083FCEC /* Frameworks */ = {
			isa = PBXFrameworksBuildPhase;
			buildActionMask = 2147483647;
			files = (
				51DB8DA887526625E7A37AD7 /* Pods_safesafe_Dev.framework in Frameworks */,
			);
			runOnlyForDeploymentPostprocessing = 0;
		};
/* End PBXFrameworksBuildPhase section */

/* Begin PBXGroup section */
		1F9D03ABF3CC00097B7831B1 /* Frameworks */ = {
			isa = PBXGroup;
			children = (
				D5B207D124486E5C0083FCEC /* UserNotifications.framework */,
				D5B207D324486E5C0083FCEC /* UserNotificationsUI.framework */,
				A702C66ED8F006C36EE3E9B8 /* Pods_safesafe_Dev.framework */,
				BDBD49B7154F4C3D1BAC143D /* Pods_safesafe_Live.framework */,
			);
			name = Frameworks;
			sourceTree = "<group>";
		};
		3E3234D8FD23F7FC22AAC103 /* Pods */ = {
			isa = PBXGroup;
			children = (
				CF04C7610CB5C3FA51E42CD1 /* Pods-safesafe Dev.debug.xcconfig */,
				1E45E3EA570C1E7887C80782 /* Pods-safesafe Dev.release.xcconfig */,
				82EE5EAE7895754583144D33 /* Pods-safesafe Live.debug.xcconfig */,
				D6EAD9CCE2366F2C4623217D /* Pods-safesafe Live.release.xcconfig */,
			);
			path = Pods;
			sourceTree = "<group>";
		};
		82ED89332448443700305D4B /* resources */ = {
			isa = PBXGroup;
			children = (
				D5B207F924499A830083FCEC /* Dev */,
				D5B207F724499A830083FCEC /* Live */,
			);
			path = resources;
			sourceTree = "<group>";
		};
		9D2E22FC244F90AB00E224C4 /* authentication */ = {
			isa = PBXGroup;
			children = (
				9D2E22FD244F90BF00E224C4 /* LoginManager.swift */,
			);
			path = authentication;
			sourceTree = "<group>";
		};
		B35B5FD6244CAA3E007B913B /* OpenTrace */ = {
			isa = PBXGroup;
			children = (
				B35B5FDA244CAA3E007B913B /* Constants */,
				B35B5FDD244CAA3E007B913B /* Utils */,
				B35B5FE6244CAA3E007B913B /* Bluetrace */,
				B35B6022244CAA3E007B913B /* Power saver */,
			);
			name = OpenTrace;
			path = "Submodules/opentrace-ios/OpenTrace";
			sourceTree = "<group>";
		};
		B35B5FDA244CAA3E007B913B /* Constants */ = {
			isa = PBXGroup;
			children = (
				B35B5FDB244CAA3E007B913B /* PushNotificationConstants.swift */,
			);
			path = Constants;
			sourceTree = "<group>";
		};
		B35B5FDD244CAA3E007B913B /* Utils */ = {
			isa = PBXGroup;
			children = (
				B35B5FDE244CAA3E007B913B /* PlistHelper.swift */,
				B35B5FDF244CAA3E007B913B /* FirebaseAPIs.swift */,
			);
			path = Utils;
			sourceTree = "<group>";
		};
		B35B5FE6244CAA3E007B913B /* Bluetrace */ = {
			isa = PBXGroup;
			children = (
				B35B5FE7244CAA3E007B913B /* BluetraceUtils.swift */,
				B35B5FE8244CAA3E007B913B /* BluetraceConfig.swift */,
				B35B5FE9244CAA3E007B913B /* PeripheralController.swift */,
				B35B5FEA244CAA3E007B913B /* Models */,
				B35B5FF0244CAA3E007B913B /* Protocol */,
				B35B5FF5244CAA3E007B913B /* EncounterMessageManager.swift */,
				B35B5FF6244CAA3E007B913B /* BluetraceManager.swift */,
				B35B5FF7244CAA3E007B913B /* Structs */,
				B35B5FFA244CAA3E007B913B /* CentralController.swift */,
				B35B5FFB244CAA3E007B913B /* DeviceInfo.swift */,
				B35B5FFC244CAA3E007B913B /* BlueTraceLocalNotifications.swift */,
			);
			path = Bluetrace;
			sourceTree = "<group>";
		};
		B35B5FEA244CAA3E007B913B /* Models */ = {
			isa = PBXGroup;
			children = (
				B35B5FEB244CAA3E007B913B /* Encounter+Event.swift */,
				B35B5FEC244CAA3E007B913B /* Encounter+CoreDataProperties.swift */,
				B35B5FED244CAA3E007B913B /* Encounter+CoreDataClass.swift */,
				B35B5FEE244CAA3E007B913B /* tracer.xcdatamodeld */,
			);
			path = Models;
			sourceTree = "<group>";
		};
		B35B5FF0244CAA3E007B913B /* Protocol */ = {
			isa = PBXGroup;
			children = (
				B35B5FF1244CAA3E007B913B /* Bluetrace.swift */,
				B35B5FF2244CAA3E007B913B /* v2 */,
				B35B5FF4244CAA3E007B913B /* BluetraceProtocol.swift */,
			);
			path = Protocol;
			sourceTree = "<group>";
		};
		B35B5FF2244CAA3E007B913B /* v2 */ = {
			isa = PBXGroup;
			children = (
				B35B5FF3244CAA3E007B913B /* BluetraceV2.swift */,
			);
			path = v2;
			sourceTree = "<group>";
		};
		B35B5FF7244CAA3E007B913B /* Structs */ = {
			isa = PBXGroup;
			children = (
				B35B5FF8244CAA3E007B913B /* Encounter+EncounterRecord.swift */,
				B35B5FF9244CAA3E007B913B /* EncounterRecord.swift */,
			);
			path = Structs;
			sourceTree = "<group>";
		};
		B35B6022244CAA3E007B913B /* Power saver */ = {
			isa = PBXGroup;
			children = (
				B35B6023244CAA3E007B913B /* PogoManager.swift */,
			);
			path = "Power saver";
			sourceTree = "<group>";
		};
		D530862B243EF86E00FCA5DD = {
			isa = PBXGroup;
			children = (
				D5FA09BB244EF8FB0042A702 /* multipleSimulatorsStartup.sh */,
				D5FA09B8244EF82D0042A702 /* SimulatorsList.txt */,
				82ED89322448432200305D4B /* safesafe Live.entitlements */,
				82ED89312448431C00305D4B /* safesafe Dev.entitlements */,
				B35B5FD6244CAA3E007B913B /* OpenTrace */,
				D5308636243EF86E00FCA5DD /* safesafe */,
				D5308635243EF86E00FCA5DD /* Products */,
				3E3234D8FD23F7FC22AAC103 /* Pods */,
				1F9D03ABF3CC00097B7831B1 /* Frameworks */,
			);
			sourceTree = "<group>";
		};
		D5308635243EF86E00FCA5DD /* Products */ = {
			isa = PBXGroup;
			children = (
				D5308634243EF86E00FCA5DD /* safesafe Live.app */,
				D5B207C224471AA90083FCEC /* safesafe Dev.app */,
			);
			name = Products;
			sourceTree = "<group>";
		};
		D5308636243EF86E00FCA5DD /* safesafe */ = {
			isa = PBXGroup;
			children = (
				9D2E22FC244F90AB00E224C4 /* authentication */,
				D5308668243F0FA100FCA5DD /* pwa */,
				D530865F243F00E600FCA5DD /* main */,
				D5308652243EF91B00FCA5DD /* common */,
				D530864B243EF89600FCA5DD /* poll */,
				82ED89332448443700305D4B /* resources */,
				D5308637243EF86E00FCA5DD /* AppDelegate.swift */,
				D5308639243EF86E00FCA5DD /* SceneDelegate.swift */,
				D5308640243EF87000FCA5DD /* Assets.xcassets */,
				D5308642243EF87000FCA5DD /* LaunchScreen.storyboard */,
				D5308645243EF87000FCA5DD /* Info-live.plist */,
				D5B207C324471AAA0083FCEC /* Info-dev.plist */,
			);
			path = safesafe;
			sourceTree = "<group>";
		};
		D530864B243EF89600FCA5DD /* poll */ = {
			isa = PBXGroup;
			children = (
				D530864C243EF8B600FCA5DD /* PollCoordinator.swift */,
				D530864E243EF8BF00FCA5DD /* PollViewController.swift */,
				D5308650243EF8C900FCA5DD /* PollViewModel.swift */,
			);
			path = poll;
			sourceTree = "<group>";
		};
		D5308652243EF91B00FCA5DD /* common */ = {
			isa = PBXGroup;
			children = (
				D5B207F32448B5CB0083FCEC /* extensions */,
				D5B207C9244838DA0083FCEC /* constants */,
				D5308662243F03CE00FCA5DD /* helpers */,
				D530865A243EFB2300FCA5DD /* base */,
				D5308653243EF92100FCA5DD /* protocols */,
				9DD6FF53244E36F400A6327C /* InternalError.swift */,
			);
			path = common;
			sourceTree = "<group>";
		};
		D5308653243EF92100FCA5DD /* protocols */ = {
			isa = PBXGroup;
			children = (
				D5308654243EF92D00FCA5DD /* ViewModelType.swift */,
				D5308656243EF94C00FCA5DD /* ViewControllerType.swift */,
				D5308658243EF99500FCA5DD /* CoordinatorType.swift */,
			);
			path = protocols;
			sourceTree = "<group>";
		};
		D530865A243EFB2300FCA5DD /* base */ = {
			isa = PBXGroup;
			children = (
				D530865B243EFB3200FCA5DD /* ViewController.swift */,
				D5FA09BF244EFE4B0042A702 /* NavigationController.swift */,
			);
			path = base;
			sourceTree = "<group>";
		};
		D530865F243F00E600FCA5DD /* main */ = {
			isa = PBXGroup;
			children = (
				D5308660243F00F300FCA5DD /* AppCoordinator.swift */,
			);
			path = main;
			sourceTree = "<group>";
		};
		D5308662243F03CE00FCA5DD /* helpers */ = {
			isa = PBXGroup;
			children = (
				82ED892E2448431500305D4B /* NotificationManager.swift */,
				D5791CE5244DB826000039C5 /* URLAction.swift */,
				D5308663243F03DF00FCA5DD /* AppManager.swift */,
				D5308665243F048C00FCA5DD /* StoredDefaults.swift */,
				D5B207C4244822280083FCEC /* JSBridge.swift */,
				D5B207C6244822890083FCEC /* Logger.swift */,
				9D5D2B372450DC770007C494 /* AppStateManager.swift */,
				9D5D2B392450DD400007C494 /* AppStatus.swift */,
			);
			path = helpers;
			sourceTree = "<group>";
		};
		D5308668243F0FA100FCA5DD /* pwa */ = {
			isa = PBXGroup;
			children = (
				D5308669243F0FB600FCA5DD /* PWAViewController.swift */,
				D530866B243F0FBF00FCA5DD /* PWAViewModel.swift */,
			);
			path = pwa;
			sourceTree = "<group>";
		};
		D5B207C9244838DA0083FCEC /* constants */ = {
			isa = PBXGroup;
			children = (
				D5B207CA244838EA0083FCEC /* URLConstants.swift */,
			);
			path = constants;
			sourceTree = "<group>";
		};
		D5B207F32448B5CB0083FCEC /* extensions */ = {
			isa = PBXGroup;
			children = (
				9D2E230024504FD900E224C4 /* Result+Void.swift */,
				D5FA09C5244F03560042A702 /* UINavigationController+statusBar.swift */,
				D568B4472450416E00F8E864 /* URL+utils.swift */,
			);
			path = extensions;
			sourceTree = "<group>";
		};
		D5B207F724499A830083FCEC /* Live */ = {
			isa = PBXGroup;
			children = (
				D5B207F824499A830083FCEC /* GoogleService-Info.plist */,
			);
			path = Live;
			sourceTree = "<group>";
		};
		D5B207F924499A830083FCEC /* Dev */ = {
			isa = PBXGroup;
			children = (
				D5B207FA24499A830083FCEC /* GoogleService-Info.plist */,
			);
			path = Dev;
			sourceTree = "<group>";
		};
/* End PBXGroup section */

/* Begin PBXNativeTarget section */
		D5308633243EF86E00FCA5DD /* safesafe Live */ = {
			isa = PBXNativeTarget;
			buildConfigurationList = D5308648243EF87000FCA5DD /* Build configuration list for PBXNativeTarget "safesafe Live" */;
			buildPhases = (
				63B680BDABBC9649D947A6CD /* [CP] Check Pods Manifest.lock */,
				D5308630243EF86E00FCA5DD /* Sources */,
				D5308631243EF86E00FCA5DD /* Frameworks */,
				D5308632243EF86E00FCA5DD /* Resources */,
				D5B207E224486E5C0083FCEC /* Embed App Extensions */,
				D5FA09BE244EF9220042A702 /* ShellScript */,
				32117A255DC86DCEA5BF5EDA /* [CP] Embed Pods Frameworks */,
			);
			buildRules = (
			);
			dependencies = (
			);
			name = "safesafe Live";
			productName = safesafe;
			productReference = D5308634243EF86E00FCA5DD /* safesafe Live.app */;
			productType = "com.apple.product-type.application";
		};
		D5B207A824471AA90083FCEC /* safesafe Dev */ = {
			isa = PBXNativeTarget;
			buildConfigurationList = D5B207BF24471AA90083FCEC /* Build configuration list for PBXNativeTarget "safesafe Dev" */;
			buildPhases = (
				D4B43F14F89F0E6D60ACC480 /* [CP] Check Pods Manifest.lock */,
				D5B207AA24471AA90083FCEC /* Sources */,
				D5B207B924471AA90083FCEC /* Frameworks */,
				D5B207BB24471AA90083FCEC /* Resources */,
				C132AFD5F68BD2CDD427CD11 /* [CP] Embed Pods Frameworks */,
			);
			buildRules = (
			);
			dependencies = (
			);
			name = "safesafe Dev";
			productName = safesafe;
			productReference = D5B207C224471AA90083FCEC /* safesafe Dev.app */;
			productType = "com.apple.product-type.application";
		};
/* End PBXNativeTarget section */

/* Begin PBXProject section */
		D530862C243EF86E00FCA5DD /* Project object */ = {
			isa = PBXProject;
			attributes = {
				LastSwiftUpdateCheck = 1140;
				LastUpgradeCheck = 1120;
				ORGANIZATIONNAME = "Lukasz szyszkowski";
				TargetAttributes = {
					D5308633243EF86E00FCA5DD = {
						CreatedOnToolsVersion = 11.2.1;
					};
				};
			};
			buildConfigurationList = D530862F243EF86E00FCA5DD /* Build configuration list for PBXProject "safesafe" */;
			compatibilityVersion = "Xcode 9.3";
			developmentRegion = en;
			hasScannedForEncodings = 0;
			knownRegions = (
				en,
				Base,
			);
			mainGroup = D530862B243EF86E00FCA5DD;
			productRefGroup = D5308635243EF86E00FCA5DD /* Products */;
			projectDirPath = "";
			projectRoot = "";
			targets = (
				D5308633243EF86E00FCA5DD /* safesafe Live */,
				D5B207A824471AA90083FCEC /* safesafe Dev */,
			);
		};
/* End PBXProject section */

/* Begin PBXResourcesBuildPhase section */
		D5308632243EF86E00FCA5DD /* Resources */ = {
			isa = PBXResourcesBuildPhase;
			buildActionMask = 2147483647;
			files = (
				D5FA09BC244EF8FB0042A702 /* multipleSimulatorsStartup.sh in Resources */,
				D5308644243EF87000FCA5DD /* LaunchScreen.storyboard in Resources */,
				D5308641243EF87000FCA5DD /* Assets.xcassets in Resources */,
				D5B207FB24499A830083FCEC /* GoogleService-Info.plist in Resources */,
				D5FA09B9244EF82E0042A702 /* SimulatorsList.txt in Resources */,
			);
			runOnlyForDeploymentPostprocessing = 0;
		};
		D5B207BB24471AA90083FCEC /* Resources */ = {
			isa = PBXResourcesBuildPhase;
			buildActionMask = 2147483647;
			files = (
				D5FA09BD244EF8FB0042A702 /* multipleSimulatorsStartup.sh in Resources */,
				D5B207BC24471AA90083FCEC /* LaunchScreen.storyboard in Resources */,
				D5B207FE24499A830083FCEC /* GoogleService-Info.plist in Resources */,
				D5B207BD24471AA90083FCEC /* Assets.xcassets in Resources */,
				D5FA09BA244EF82E0042A702 /* SimulatorsList.txt in Resources */,
			);
			runOnlyForDeploymentPostprocessing = 0;
		};
/* End PBXResourcesBuildPhase section */

/* Begin PBXShellScriptBuildPhase section */
		32117A255DC86DCEA5BF5EDA /* [CP] Embed Pods Frameworks */ = {
			isa = PBXShellScriptBuildPhase;
			buildActionMask = 2147483647;
			files = (
			);
			inputFileListPaths = (
				"${PODS_ROOT}/Target Support Files/Pods-safesafe Live/Pods-safesafe Live-frameworks-${CONFIGURATION}-input-files.xcfilelist",
			);
			name = "[CP] Embed Pods Frameworks";
			outputFileListPaths = (
				"${PODS_ROOT}/Target Support Files/Pods-safesafe Live/Pods-safesafe Live-frameworks-${CONFIGURATION}-output-files.xcfilelist",
			);
			runOnlyForDeploymentPostprocessing = 0;
			shellPath = /bin/sh;
			shellScript = "\"${PODS_ROOT}/Target Support Files/Pods-safesafe Live/Pods-safesafe Live-frameworks.sh\"\n";
			showEnvVarsInLog = 0;
		};
		63B680BDABBC9649D947A6CD /* [CP] Check Pods Manifest.lock */ = {
			isa = PBXShellScriptBuildPhase;
			buildActionMask = 2147483647;
			files = (
			);
			inputFileListPaths = (
			);
			inputPaths = (
				"${PODS_PODFILE_DIR_PATH}/Podfile.lock",
				"${PODS_ROOT}/Manifest.lock",
			);
			name = "[CP] Check Pods Manifest.lock";
			outputFileListPaths = (
			);
			outputPaths = (
				"$(DERIVED_FILE_DIR)/Pods-safesafe Live-checkManifestLockResult.txt",
			);
			runOnlyForDeploymentPostprocessing = 0;
			shellPath = /bin/sh;
			shellScript = "diff \"${PODS_PODFILE_DIR_PATH}/Podfile.lock\" \"${PODS_ROOT}/Manifest.lock\" > /dev/null\nif [ $? != 0 ] ; then\n    # print error to STDERR\n    echo \"error: The sandbox is not in sync with the Podfile.lock. Run 'pod install' or update your CocoaPods installation.\" >&2\n    exit 1\nfi\n# This output is used by Xcode 'outputs' to avoid re-running this script phase.\necho \"SUCCESS\" > \"${SCRIPT_OUTPUT_FILE_0}\"\n";
			showEnvVarsInLog = 0;
		};
		C132AFD5F68BD2CDD427CD11 /* [CP] Embed Pods Frameworks */ = {
			isa = PBXShellScriptBuildPhase;
			buildActionMask = 2147483647;
			files = (
			);
			inputFileListPaths = (
				"${PODS_ROOT}/Target Support Files/Pods-safesafe Dev/Pods-safesafe Dev-frameworks-${CONFIGURATION}-input-files.xcfilelist",
			);
			name = "[CP] Embed Pods Frameworks";
			outputFileListPaths = (
				"${PODS_ROOT}/Target Support Files/Pods-safesafe Dev/Pods-safesafe Dev-frameworks-${CONFIGURATION}-output-files.xcfilelist",
			);
			runOnlyForDeploymentPostprocessing = 0;
			shellPath = /bin/sh;
			shellScript = "\"${PODS_ROOT}/Target Support Files/Pods-safesafe Dev/Pods-safesafe Dev-frameworks.sh\"\n";
			showEnvVarsInLog = 0;
		};
		D4B43F14F89F0E6D60ACC480 /* [CP] Check Pods Manifest.lock */ = {
			isa = PBXShellScriptBuildPhase;
			buildActionMask = 2147483647;
			files = (
			);
			inputFileListPaths = (
			);
			inputPaths = (
				"${PODS_PODFILE_DIR_PATH}/Podfile.lock",
				"${PODS_ROOT}/Manifest.lock",
			);
			name = "[CP] Check Pods Manifest.lock";
			outputFileListPaths = (
			);
			outputPaths = (
				"$(DERIVED_FILE_DIR)/Pods-safesafe Dev-checkManifestLockResult.txt",
			);
			runOnlyForDeploymentPostprocessing = 0;
			shellPath = /bin/sh;
			shellScript = "diff \"${PODS_PODFILE_DIR_PATH}/Podfile.lock\" \"${PODS_ROOT}/Manifest.lock\" > /dev/null\nif [ $? != 0 ] ; then\n    # print error to STDERR\n    echo \"error: The sandbox is not in sync with the Podfile.lock. Run 'pod install' or update your CocoaPods installation.\" >&2\n    exit 1\nfi\n# This output is used by Xcode 'outputs' to avoid re-running this script phase.\necho \"SUCCESS\" > \"${SCRIPT_OUTPUT_FILE_0}\"\n";
			showEnvVarsInLog = 0;
		};
		D5FA09BE244EF9220042A702 /* ShellScript */ = {
			isa = PBXShellScriptBuildPhase;
			buildActionMask = 2147483647;
			files = (
			);
			inputFileListPaths = (
			);
			inputPaths = (
			);
			outputFileListPaths = (
			);
			outputPaths = (
			);
			runOnlyForDeploymentPostprocessing = 0;
			shellPath = /bin/sh;
			shellScript = "custom_sim=`xcrun simctl list | grep 'Custom Simulators' | awk -F'[()]' '{print $2}'`\nif [ ! -z \"${custom_sim}\" ] && [ \"${TARGET_DEVICE_IDENTIFIER}\" = \"${custom_sim}\" ]; then\n/bin/sh multipleSimulatorsStartup.sh\nfi\n";
		};
/* End PBXShellScriptBuildPhase section */

/* Begin PBXSourcesBuildPhase section */
		D5308630243EF86E00FCA5DD /* Sources */ = {
			isa = PBXSourcesBuildPhase;
			buildActionMask = 2147483647;
			files = (
				D5308661243F00F300FCA5DD /* AppCoordinator.swift in Sources */,
				B35B6054244CAA3E007B913B /* Encounter+CoreDataClass.swift in Sources */,
				D5308638243EF86E00FCA5DD /* AppDelegate.swift in Sources */,
				9D2E230124504FD900E224C4 /* Result+Void.swift in Sources */,
				B35B603A244CAA3E007B913B /* PushNotificationConstants.swift in Sources */,
				B35B604E244CAA3E007B913B /* PeripheralController.swift in Sources */,
				B35B6050244CAA3E007B913B /* Encounter+Event.swift in Sources */,
				B35B6060244CAA3E007B913B /* BluetraceManager.swift in Sources */,
				D530863A243EF86E00FCA5DD /* SceneDelegate.swift in Sources */,
				D5B207CB244838EA0083FCEC /* URLConstants.swift in Sources */,
				D530864D243EF8B600FCA5DD /* PollCoordinator.swift in Sources */,
				9DD6FF54244E36F400A6327C /* InternalError.swift in Sources */,
				D5B207C5244822280083FCEC /* JSBridge.swift in Sources */,
				9D2E22FE244F90BF00E224C4 /* LoginManager.swift in Sources */,
				B35B6064244CAA3E007B913B /* EncounterRecord.swift in Sources */,
				B35B6040244CAA3E007B913B /* FirebaseAPIs.swift in Sources */,
				B35B60A0244CAA3E007B913B /* PogoManager.swift in Sources */,
				B35B605A244CAA3E007B913B /* BluetraceV2.swift in Sources */,
				D530865C243EFB3200FCA5DD /* ViewController.swift in Sources */,
				B35B604C244CAA3E007B913B /* BluetraceConfig.swift in Sources */,
				D5308657243EF94C00FCA5DD /* ViewControllerType.swift in Sources */,
				D5B207C7244822890083FCEC /* Logger.swift in Sources */,
				D5FA09C6244F03570042A702 /* UINavigationController+statusBar.swift in Sources */,
				B35B6052244CAA3E007B913B /* Encounter+CoreDataProperties.swift in Sources */,
				D530866A243F0FB600FCA5DD /* PWAViewController.swift in Sources */,
				D530864F243EF8BF00FCA5DD /* PollViewController.swift in Sources */,
				D5791CE6244DB826000039C5 /* URLAction.swift in Sources */,
				D568B4482450416E00F8E864 /* URL+utils.swift in Sources */,
				D5308664243F03DF00FCA5DD /* AppManager.swift in Sources */,
				9D5D2B3A2450DD400007C494 /* AppStatus.swift in Sources */,
				B35B6056244CAA3E007B913B /* tracer.xcdatamodeld in Sources */,
				82ED892F2448431500305D4B /* NotificationManager.swift in Sources */,
				D5308666243F048C00FCA5DD /* StoredDefaults.swift in Sources */,
				B35B6068244CAA3E007B913B /* DeviceInfo.swift in Sources */,
				D5308651243EF8C900FCA5DD /* PollViewModel.swift in Sources */,
				9D5D2B382450DC770007C494 /* AppStateManager.swift in Sources */,
				D530866C243F0FBF00FCA5DD /* PWAViewModel.swift in Sources */,
				B35B606A244CAA3E007B913B /* BlueTraceLocalNotifications.swift in Sources */,
				B35B6062244CAA3E007B913B /* Encounter+EncounterRecord.swift in Sources */,
				D5308659243EF99500FCA5DD /* CoordinatorType.swift in Sources */,
				D5FA09C0244EFE4B0042A702 /* NavigationController.swift in Sources */,
				B35B6066244CAA3E007B913B /* CentralController.swift in Sources */,
				B35B603E244CAA3E007B913B /* PlistHelper.swift in Sources */,
				D5308655243EF92D00FCA5DD /* ViewModelType.swift in Sources */,
				B35B604A244CAA3E007B913B /* BluetraceUtils.swift in Sources */,
				B35B605E244CAA3E007B913B /* EncounterMessageManager.swift in Sources */,
			);
			runOnlyForDeploymentPostprocessing = 0;
		};
		D5B207AA24471AA90083FCEC /* Sources */ = {
			isa = PBXSourcesBuildPhase;
			buildActionMask = 2147483647;
			files = (
				D5B207AB24471AA90083FCEC /* AppCoordinator.swift in Sources */,
				B35B6055244CAA3E007B913B /* Encounter+CoreDataClass.swift in Sources */,
				D5B207AC24471AA90083FCEC /* AppDelegate.swift in Sources */,
				B35B603B244CAA3E007B913B /* PushNotificationConstants.swift in Sources */,
				B35B604F244CAA3E007B913B /* PeripheralController.swift in Sources */,
				B35B6051244CAA3E007B913B /* Encounter+Event.swift in Sources */,
				B35B6061244CAA3E007B913B /* BluetraceManager.swift in Sources */,
				9D2E2302245050D300E224C4 /* Result+Void.swift in Sources */,
				D5B207AD24471AA90083FCEC /* SceneDelegate.swift in Sources */,
				D5B207AE24471AA90083FCEC /* PollCoordinator.swift in Sources */,
				D5B207AF24471AA90083FCEC /* ViewController.swift in Sources */,
				9DD6FF55244E376200A6327C /* InternalError.swift in Sources */,
				D5B207B024471AA90083FCEC /* ViewControllerType.swift in Sources */,
				9D2E22FF244F924600E224C4 /* LoginManager.swift in Sources */,
				B35B6065244CAA3E007B913B /* EncounterRecord.swift in Sources */,
				B35B6041244CAA3E007B913B /* FirebaseAPIs.swift in Sources */,
				B35B60A1244CAA3E007B913B /* PogoManager.swift in Sources */,
				B35B605B244CAA3E007B913B /* BluetraceV2.swift in Sources */,
				D5B207B124471AA90083FCEC /* PWAViewController.swift in Sources */,
				B35B604D244CAA3E007B913B /* BluetraceConfig.swift in Sources */,
				824DCE1B2448400B00C1EADC /* JSBridge.swift in Sources */,
				D5B207B224471AA90083FCEC /* PollViewController.swift in Sources */,
				B35B6053244CAA3E007B913B /* Encounter+CoreDataProperties.swift in Sources */,
				D5FA09C7244F03570042A702 /* UINavigationController+statusBar.swift in Sources */,
				D5B207B324471AA90083FCEC /* AppManager.swift in Sources */,
				D5B207B424471AA90083FCEC /* StoredDefaults.swift in Sources */,
				B35B6059244CAA3E007B913B /* Bluetrace.swift in Sources */,
				B35B605D244CAA3E007B913B /* BluetraceProtocol.swift in Sources */,
				D5791CE7244DB826000039C5 /* URLAction.swift in Sources */,
				D568B4492450416E00F8E864 /* URL+utils.swift in Sources */,
				D5B207C8244822890083FCEC /* Logger.swift in Sources */,
				B35B6057244CAA3E007B913B /* tracer.xcdatamodeld in Sources */,
				9D5D2B3B2450DF2B0007C494 /* AppStatus.swift in Sources */,
				82ED89302448431500305D4B /* NotificationManager.swift in Sources */,
				D5B207B524471AA90083FCEC /* PollViewModel.swift in Sources */,
				B35B6069244CAA3E007B913B /* DeviceInfo.swift in Sources */,
				D5B207B624471AA90083FCEC /* PWAViewModel.swift in Sources */,
				824DCE1A24483FF800C1EADC /* URLConstants.swift in Sources */,
				B35B606B244CAA3E007B913B /* BlueTraceLocalNotifications.swift in Sources */,
				B35B6063244CAA3E007B913B /* Encounter+EncounterRecord.swift in Sources */,
				D5B207B724471AA90083FCEC /* CoordinatorType.swift in Sources */,
				D5FA09C1244EFE4B0042A702 /* NavigationController.swift in Sources */,
				B35B6067244CAA3E007B913B /* CentralController.swift in Sources */,
				B35B603F244CAA3E007B913B /* PlistHelper.swift in Sources */,
				D5B207B824471AA90083FCEC /* ViewModelType.swift in Sources */,
				B35B604B244CAA3E007B913B /* BluetraceUtils.swift in Sources */,
				B35B605F244CAA3E007B913B /* EncounterMessageManager.swift in Sources */,
			);
			runOnlyForDeploymentPostprocessing = 0;
		};
/* End PBXSourcesBuildPhase section */

/* Begin PBXVariantGroup section */
		D5308642243EF87000FCA5DD /* LaunchScreen.storyboard */ = {
			isa = PBXVariantGroup;
			children = (
				D5308643243EF87000FCA5DD /* Base */,
			);
			name = LaunchScreen.storyboard;
			sourceTree = "<group>";
		};
/* End PBXVariantGroup section */

/* Begin XCBuildConfiguration section */
		D5308646243EF87000FCA5DD /* Debug */ = {
			isa = XCBuildConfiguration;
			buildSettings = {
				ALWAYS_SEARCH_USER_PATHS = NO;
				CLANG_ANALYZER_NONNULL = YES;
				CLANG_ANALYZER_NUMBER_OBJECT_CONVERSION = YES_AGGRESSIVE;
				CLANG_CXX_LANGUAGE_STANDARD = "gnu++14";
				CLANG_CXX_LIBRARY = "libc++";
				CLANG_ENABLE_MODULES = YES;
				CLANG_ENABLE_OBJC_ARC = YES;
				CLANG_ENABLE_OBJC_WEAK = YES;
				CLANG_WARN_BLOCK_CAPTURE_AUTORELEASING = YES;
				CLANG_WARN_BOOL_CONVERSION = YES;
				CLANG_WARN_COMMA = YES;
				CLANG_WARN_CONSTANT_CONVERSION = YES;
				CLANG_WARN_DEPRECATED_OBJC_IMPLEMENTATIONS = YES;
				CLANG_WARN_DIRECT_OBJC_ISA_USAGE = YES_ERROR;
				CLANG_WARN_DOCUMENTATION_COMMENTS = YES;
				CLANG_WARN_EMPTY_BODY = YES;
				CLANG_WARN_ENUM_CONVERSION = YES;
				CLANG_WARN_INFINITE_RECURSION = YES;
				CLANG_WARN_INT_CONVERSION = YES;
				CLANG_WARN_NON_LITERAL_NULL_CONVERSION = YES;
				CLANG_WARN_OBJC_IMPLICIT_RETAIN_SELF = YES;
				CLANG_WARN_OBJC_LITERAL_CONVERSION = YES;
				CLANG_WARN_OBJC_ROOT_CLASS = YES_ERROR;
				CLANG_WARN_RANGE_LOOP_ANALYSIS = YES;
				CLANG_WARN_STRICT_PROTOTYPES = YES;
				CLANG_WARN_SUSPICIOUS_MOVE = YES;
				CLANG_WARN_UNGUARDED_AVAILABILITY = YES_AGGRESSIVE;
				CLANG_WARN_UNREACHABLE_CODE = YES;
				CLANG_WARN__DUPLICATE_METHOD_MATCH = YES;
				COPY_PHASE_STRIP = NO;
				DEBUG_INFORMATION_FORMAT = dwarf;
				ENABLE_STRICT_OBJC_MSGSEND = YES;
				ENABLE_TESTABILITY = YES;
				GCC_C_LANGUAGE_STANDARD = gnu11;
				GCC_DYNAMIC_NO_PIC = NO;
				GCC_NO_COMMON_BLOCKS = YES;
				GCC_OPTIMIZATION_LEVEL = 0;
				GCC_PREPROCESSOR_DEFINITIONS = (
					"DEBUG=1",
					"$(inherited)",
				);
				GCC_WARN_64_TO_32_BIT_CONVERSION = YES;
				GCC_WARN_ABOUT_RETURN_TYPE = YES_ERROR;
				GCC_WARN_UNDECLARED_SELECTOR = YES;
				GCC_WARN_UNINITIALIZED_AUTOS = YES_AGGRESSIVE;
				GCC_WARN_UNUSED_FUNCTION = YES;
				GCC_WARN_UNUSED_VARIABLE = YES;
				IPHONEOS_DEPLOYMENT_TARGET = 13.2;
				MTL_ENABLE_DEBUG_INFO = INCLUDE_SOURCE;
				MTL_FAST_MATH = YES;
				ONLY_ACTIVE_ARCH = YES;
				SDKROOT = iphoneos;
				SWIFT_ACTIVE_COMPILATION_CONDITIONS = DEBUG;
				SWIFT_OPTIMIZATION_LEVEL = "-Onone";
			};
			name = Debug;
		};
		D5308647243EF87000FCA5DD /* Release */ = {
			isa = XCBuildConfiguration;
			buildSettings = {
				ALWAYS_SEARCH_USER_PATHS = NO;
				CLANG_ANALYZER_NONNULL = YES;
				CLANG_ANALYZER_NUMBER_OBJECT_CONVERSION = YES_AGGRESSIVE;
				CLANG_CXX_LANGUAGE_STANDARD = "gnu++14";
				CLANG_CXX_LIBRARY = "libc++";
				CLANG_ENABLE_MODULES = YES;
				CLANG_ENABLE_OBJC_ARC = YES;
				CLANG_ENABLE_OBJC_WEAK = YES;
				CLANG_WARN_BLOCK_CAPTURE_AUTORELEASING = YES;
				CLANG_WARN_BOOL_CONVERSION = YES;
				CLANG_WARN_COMMA = YES;
				CLANG_WARN_CONSTANT_CONVERSION = YES;
				CLANG_WARN_DEPRECATED_OBJC_IMPLEMENTATIONS = YES;
				CLANG_WARN_DIRECT_OBJC_ISA_USAGE = YES_ERROR;
				CLANG_WARN_DOCUMENTATION_COMMENTS = YES;
				CLANG_WARN_EMPTY_BODY = YES;
				CLANG_WARN_ENUM_CONVERSION = YES;
				CLANG_WARN_INFINITE_RECURSION = YES;
				CLANG_WARN_INT_CONVERSION = YES;
				CLANG_WARN_NON_LITERAL_NULL_CONVERSION = YES;
				CLANG_WARN_OBJC_IMPLICIT_RETAIN_SELF = YES;
				CLANG_WARN_OBJC_LITERAL_CONVERSION = YES;
				CLANG_WARN_OBJC_ROOT_CLASS = YES_ERROR;
				CLANG_WARN_RANGE_LOOP_ANALYSIS = YES;
				CLANG_WARN_STRICT_PROTOTYPES = YES;
				CLANG_WARN_SUSPICIOUS_MOVE = YES;
				CLANG_WARN_UNGUARDED_AVAILABILITY = YES_AGGRESSIVE;
				CLANG_WARN_UNREACHABLE_CODE = YES;
				CLANG_WARN__DUPLICATE_METHOD_MATCH = YES;
				COPY_PHASE_STRIP = NO;
				DEBUG_INFORMATION_FORMAT = "dwarf-with-dsym";
				ENABLE_NS_ASSERTIONS = NO;
				ENABLE_STRICT_OBJC_MSGSEND = YES;
				GCC_C_LANGUAGE_STANDARD = gnu11;
				GCC_NO_COMMON_BLOCKS = YES;
				GCC_WARN_64_TO_32_BIT_CONVERSION = YES;
				GCC_WARN_ABOUT_RETURN_TYPE = YES_ERROR;
				GCC_WARN_UNDECLARED_SELECTOR = YES;
				GCC_WARN_UNINITIALIZED_AUTOS = YES_AGGRESSIVE;
				GCC_WARN_UNUSED_FUNCTION = YES;
				GCC_WARN_UNUSED_VARIABLE = YES;
				IPHONEOS_DEPLOYMENT_TARGET = 13.2;
				MTL_ENABLE_DEBUG_INFO = NO;
				MTL_FAST_MATH = YES;
				SDKROOT = iphoneos;
				SWIFT_COMPILATION_MODE = wholemodule;
				SWIFT_OPTIMIZATION_LEVEL = "-O";
				VALIDATE_PRODUCT = YES;
			};
			name = Release;
		};
		D5308649243EF87000FCA5DD /* Debug */ = {
			isa = XCBuildConfiguration;
			baseConfigurationReference = 82EE5EAE7895754583144D33 /* Pods-safesafe Live.debug.xcconfig */;
			buildSettings = {
				ALWAYS_EMBED_SWIFT_STANDARD_LIBRARIES = YES;
				ASSETCATALOG_COMPILER_APPICON_NAME = AppIcon;
				CODE_SIGN_ENTITLEMENTS = "safesafe Live.entitlements";
				CODE_SIGN_IDENTITY = "iPhone Developer";
				CODE_SIGN_STYLE = Manual;
				CURRENT_PROJECT_VERSION = 15;
				DEVELOPMENT_TEAM = QZ7GPNNM9G;
				INFOPLIST_FILE = "safesafe/Info-live.plist";
				IPHONEOS_DEPLOYMENT_TARGET = 10.0;
				LD_RUNPATH_SEARCH_PATHS = (
					"$(inherited)",
					"@executable_path/Frameworks",
				);
				MARKETING_VERSION = 2.0.0;
				OTHER_SWIFT_FLAGS = "$(inherited) -D COCOAPODS -D LIVE";
				PRODUCT_BUNDLE_IDENTIFIER = pl.gov.mc.protegosafe;
				PRODUCT_NAME = "$(TARGET_NAME)";
				PROVISIONING_PROFILE_SPECIFIER = "protegosafe-development";
				SWIFT_VERSION = 5.0;
				TARGETED_DEVICE_FAMILY = 1;
				VERSIONING_SYSTEM = "apple-generic";
			};
			name = Debug;
		};
		D530864A243EF87000FCA5DD /* Release */ = {
			isa = XCBuildConfiguration;
			baseConfigurationReference = D6EAD9CCE2366F2C4623217D /* Pods-safesafe Live.release.xcconfig */;
			buildSettings = {
				ALWAYS_EMBED_SWIFT_STANDARD_LIBRARIES = YES;
				ASSETCATALOG_COMPILER_APPICON_NAME = AppIcon;
				CODE_SIGN_ENTITLEMENTS = "safesafe Live.entitlements";
				CODE_SIGN_IDENTITY = "iPhone Distribution";
				CODE_SIGN_STYLE = Manual;
				CURRENT_PROJECT_VERSION = 15;
				DEVELOPMENT_TEAM = 85GAG994R5;
				INFOPLIST_FILE = "safesafe/Info-live.plist";
				IPHONEOS_DEPLOYMENT_TARGET = 10.0;
				LD_RUNPATH_SEARCH_PATHS = (
					"$(inherited)",
					"@executable_path/Frameworks",
				);
				MARKETING_VERSION = 2.0.0;
				OTHER_SWIFT_FLAGS = "$(inherited) -D COCOAPODS -D LIVE";
				PRODUCT_BUNDLE_IDENTIFIER = pl.gov.mc.protegosafe;
				PRODUCT_NAME = "$(TARGET_NAME)";
				PROVISIONING_PROFILE_SPECIFIER = "protegosafe-appstore";
				SWIFT_VERSION = 5.0;
				TARGETED_DEVICE_FAMILY = 1;
				VERSIONING_SYSTEM = "apple-generic";
			};
			name = Release;
		};
		D5B207C024471AA90083FCEC /* Debug */ = {
			isa = XCBuildConfiguration;
			baseConfigurationReference = CF04C7610CB5C3FA51E42CD1 /* Pods-safesafe Dev.debug.xcconfig */;
			buildSettings = {
				ASSETCATALOG_COMPILER_APPICON_NAME = AppIcon;
				CODE_SIGN_ENTITLEMENTS = "safesafe Dev.entitlements";
				CODE_SIGN_IDENTITY = "iPhone Developer";
				CODE_SIGN_STYLE = Manual;
				CURRENT_PROJECT_VERSION = 15;
				DEVELOPMENT_TEAM = HU9FKSEQXD;
				INFOPLIST_FILE = "safesafe/Info-dev.plist";
				IPHONEOS_DEPLOYMENT_TARGET = 10.0;
				LD_RUNPATH_SEARCH_PATHS = (
					"$(inherited)",
					"@executable_path/Frameworks",
				);
				MARKETING_VERSION = 2.0.0;
				OTHER_SWIFT_FLAGS = "$(inherited) -D COCOAPODS -D DEV";
				PRODUCT_BUNDLE_IDENTIFIER = se.sigmaconnectivity.protegosafe;
				PRODUCT_NAME = "$(TARGET_NAME)";
				PROVISIONING_PROFILE_SPECIFIER = "protegosafe-development";
				SWIFT_VERSION = 5.0;
				TARGETED_DEVICE_FAMILY = 1;
				VERSIONING_SYSTEM = "apple-generic";
			};
			name = Debug;
		};
		D5B207C124471AA90083FCEC /* Release */ = {
			isa = XCBuildConfiguration;
			baseConfigurationReference = 1E45E3EA570C1E7887C80782 /* Pods-safesafe Dev.release.xcconfig */;
			buildSettings = {
				ASSETCATALOG_COMPILER_APPICON_NAME = AppIcon;
				CODE_SIGN_ENTITLEMENTS = "safesafe Dev.entitlements";
				CODE_SIGN_IDENTITY = "iPhone Developer";
				CODE_SIGN_STYLE = Manual;
				CURRENT_PROJECT_VERSION = 15;
				DEVELOPMENT_TEAM = HU9FKSEQXD;
				INFOPLIST_FILE = "safesafe/Info-dev.plist";
				IPHONEOS_DEPLOYMENT_TARGET = 10.0;
				LD_RUNPATH_SEARCH_PATHS = (
					"$(inherited)",
					"@executable_path/Frameworks",
				);
				MARKETING_VERSION = 2.0.0;
				OTHER_SWIFT_FLAGS = "$(inherited) -D COCOAPODS -D DEV";
				PRODUCT_BUNDLE_IDENTIFIER = se.sigmaconnectivity.protegosafe;
				PRODUCT_NAME = "$(TARGET_NAME)";
				PROVISIONING_PROFILE_SPECIFIER = "protegosafe-development";
				SWIFT_VERSION = 5.0;
				TARGETED_DEVICE_FAMILY = 1;
				VERSIONING_SYSTEM = "apple-generic";
			};
			name = Release;
		};
/* End XCBuildConfiguration section */

/* Begin XCConfigurationList section */
		D530862F243EF86E00FCA5DD /* Build configuration list for PBXProject "safesafe" */ = {
			isa = XCConfigurationList;
			buildConfigurations = (
				D5308646243EF87000FCA5DD /* Debug */,
				D5308647243EF87000FCA5DD /* Release */,
			);
			defaultConfigurationIsVisible = 0;
			defaultConfigurationName = Release;
		};
		D5308648243EF87000FCA5DD /* Build configuration list for PBXNativeTarget "safesafe Live" */ = {
			isa = XCConfigurationList;
			buildConfigurations = (
				D5308649243EF87000FCA5DD /* Debug */,
				D530864A243EF87000FCA5DD /* Release */,
			);
			defaultConfigurationIsVisible = 0;
			defaultConfigurationName = Release;
		};
		D5B207BF24471AA90083FCEC /* Build configuration list for PBXNativeTarget "safesafe Dev" */ = {
			isa = XCConfigurationList;
			buildConfigurations = (
				D5B207C024471AA90083FCEC /* Debug */,
				D5B207C124471AA90083FCEC /* Release */,
			);
			defaultConfigurationIsVisible = 0;
			defaultConfigurationName = Release;
		};
/* End XCConfigurationList section */

/* Begin XCVersionGroup section */
		B35B5FEE244CAA3E007B913B /* tracer.xcdatamodeld */ = {
			isa = XCVersionGroup;
			children = (
				B35B5FEF244CAA3E007B913B /* Model.xcdatamodel */,
			);
			currentVersion = B35B5FEF244CAA3E007B913B /* Model.xcdatamodel */;
			path = tracer.xcdatamodeld;
			sourceTree = "<group>";
			versionGroupType = wrapper.xcdatamodel;
		};
/* End XCVersionGroup section */
	};
	rootObject = D530862C243EF86E00FCA5DD /* Project object */;
}
